// !$*UTF8*$!
{
	archiveVersion = 1;
	classes = {
	};
	objectVersion = 46;
	objects = {

/* Begin PBXBuildFile section */
		E910177314B911340087CD46 /* PassingSpecTest.m in Sources */ = {isa = PBXBuildFile; fileRef = E910177214B911340087CD46 /* PassingSpecTest.m */; };
		E910177514B9114A0087CD46 /* FailingSpecTest.m in Sources */ = {isa = PBXBuildFile; fileRef = E910177414B9114A0087CD46 /* FailingSpecTest.m */; };
		E944CA2914C4B5E300821DED /* SPTSenTestInvocation.h in Headers */ = {isa = PBXBuildFile; fileRef = E944CA2814C4B5E300821DED /* SPTSenTestInvocation.h */; settings = {ATTRIBUTES = (Public, ); }; };
		E944CA2A14C4B5E300821DED /* SPTSenTestInvocation.h in Headers */ = {isa = PBXBuildFile; fileRef = E944CA2814C4B5E300821DED /* SPTSenTestInvocation.h */; settings = {ATTRIBUTES = (Public, ); }; };
		E944CA2C14C4B5F600821DED /* SPTSenTestInvocation.m in Sources */ = {isa = PBXBuildFile; fileRef = E944CA2B14C4B5F600821DED /* SPTSenTestInvocation.m */; };
		E944CA2D14C4B5F600821DED /* SPTSenTestInvocation.m in Sources */ = {isa = PBXBuildFile; fileRef = E944CA2B14C4B5F600821DED /* SPTSenTestInvocation.m */; };
		E944CA2F14C4B70000821DED /* SpectaTypes.h in Headers */ = {isa = PBXBuildFile; fileRef = E944CA2E14C4B70000821DED /* SpectaTypes.h */; settings = {ATTRIBUTES = (Public, ); }; };
		E944CA3014C4B70000821DED /* SpectaTypes.h in Headers */ = {isa = PBXBuildFile; fileRef = E944CA2E14C4B70000821DED /* SpectaTypes.h */; settings = {ATTRIBUTES = (Public, ); }; };
		E96187B214C4AC690021D7CE /* UnexpectedExceptionTest.m in Sources */ = {isa = PBXBuildFile; fileRef = E96187B114C4AC690021D7CE /* UnexpectedExceptionTest.m */; };
		E96187B414C4AFA60021D7CE /* TestHelper.m in Sources */ = {isa = PBXBuildFile; fileRef = E9B7778714BA24EC00D8DC76 /* TestHelper.m */; };
		E96187B514C4AFA60021D7CE /* CompilationTest1.m in Sources */ = {isa = PBXBuildFile; fileRef = E9D9421914B8B43200CD833A /* CompilationTest1.m */; };
		E96187B614C4AFA60021D7CE /* CompilationTest2.m in Sources */ = {isa = PBXBuildFile; fileRef = E9D9421A14B8B43200CD833A /* CompilationTest2.m */; };
		E96187B714C4AFA60021D7CE /* CompilationTest3.m in Sources */ = {isa = PBXBuildFile; fileRef = E9D9421B14B8B43200CD833A /* CompilationTest3.m */; };
		E96187B814C4AFA60021D7CE /* CompilationTest4.m in Sources */ = {isa = PBXBuildFile; fileRef = E9D9421C14B8B43200CD833A /* CompilationTest4.m */; };
		E96187B914C4AFA60021D7CE /* CompilationTest5.m in Sources */ = {isa = PBXBuildFile; fileRef = E9D9421D14B8B43200CD833A /* CompilationTest5.m */; };
		E96187BA14C4AFA60021D7CE /* CompilationTest6.m in Sources */ = {isa = PBXBuildFile; fileRef = E9D9421E14B8B43200CD833A /* CompilationTest6.m */; };
		E96187BB14C4AFA60021D7CE /* CompilationTest7.m in Sources */ = {isa = PBXBuildFile; fileRef = E9D9421F14B8B43200CD833A /* CompilationTest7.m */; };
		E96187BC14C4AFA60021D7CE /* CompilationTest8.m in Sources */ = {isa = PBXBuildFile; fileRef = E96598D814C345F3003BC25B /* CompilationTest8.m */; };
		E96187BD14C4AFA60021D7CE /* DSLTest1.m in Sources */ = {isa = PBXBuildFile; fileRef = E9D9422014B8B43200CD833A /* DSLTest1.m */; };
		E96187BE14C4AFA60021D7CE /* DSLTest2.m in Sources */ = {isa = PBXBuildFile; fileRef = E9D9422114B8B43200CD833A /* DSLTest2.m */; };
		E96187BF14C4AFA60021D7CE /* DSLTest3.m in Sources */ = {isa = PBXBuildFile; fileRef = E9D9422214B8B43200CD833A /* DSLTest3.m */; };
		E96187C014C4AFA60021D7CE /* DSLTest4.m in Sources */ = {isa = PBXBuildFile; fileRef = E9D9422314B8B43200CD833A /* DSLTest4.m */; };
		E96187C114C4AFA60021D7CE /* DSLTest5.m in Sources */ = {isa = PBXBuildFile; fileRef = E9D9422414B8B43200CD833A /* DSLTest5.m */; };
		E96187C214C4AFA60021D7CE /* ReRunTest.m in Sources */ = {isa = PBXBuildFile; fileRef = E9D9422714B8B43200CD833A /* ReRunTest.m */; };
		E96187C314C4AFA70021D7CE /* SequenceTest.m in Sources */ = {isa = PBXBuildFile; fileRef = E9D9422814B8B43200CD833A /* SequenceTest.m */; };
		E96187C414C4AFA70021D7CE /* PassingSpecTest.m in Sources */ = {isa = PBXBuildFile; fileRef = E910177214B911340087CD46 /* PassingSpecTest.m */; };
		E96187C514C4AFA70021D7CE /* FailingSpecTest.m in Sources */ = {isa = PBXBuildFile; fileRef = E910177414B9114A0087CD46 /* FailingSpecTest.m */; };
		E96187C614C4AFA70021D7CE /* UnexpectedExceptionTest.m in Sources */ = {isa = PBXBuildFile; fileRef = E96187B114C4AC690021D7CE /* UnexpectedExceptionTest.m */; };
		E96187C714C4AFA70021D7CE /* MiscTest.m in Sources */ = {isa = PBXBuildFile; fileRef = E9BDBAB814BE2F3A00102FB5 /* MiscTest.m */; };
		E96187C814C4AFBD0021D7CE /* libExpecta-ios-universal.a in Frameworks */ = {isa = PBXBuildFile; fileRef = E9D9424214B8B43200CD833A /* libExpecta-ios-universal.a */; };
		E96598D914C345F3003BC25B /* CompilationTest8.m in Sources */ = {isa = PBXBuildFile; fileRef = E96598D814C345F3003BC25B /* CompilationTest8.m */; };
		E9A204C914C79F81006E4A66 /* PendingSpecTest1.m in Sources */ = {isa = PBXBuildFile; fileRef = E9A204C814C79F81006E4A66 /* PendingSpecTest1.m */; };
		E9A204CA14C79F81006E4A66 /* PendingSpecTest1.m in Sources */ = {isa = PBXBuildFile; fileRef = E9A204C814C79F81006E4A66 /* PendingSpecTest1.m */; };
		E9A204CD14C7A487006E4A66 /* PendingSpecTest2.m in Sources */ = {isa = PBXBuildFile; fileRef = E9A204CC14C7A487006E4A66 /* PendingSpecTest2.m */; };
		E9A204CE14C7A487006E4A66 /* PendingSpecTest2.m in Sources */ = {isa = PBXBuildFile; fileRef = E9A204CC14C7A487006E4A66 /* PendingSpecTest2.m */; };
		E9B7778014B9E15300D8DC76 /* SPTSenTestCase.h in Headers */ = {isa = PBXBuildFile; fileRef = E9B7777F14B9E15300D8DC76 /* SPTSenTestCase.h */; settings = {ATTRIBUTES = (Public, ); }; };
		E9B7778214B9E15A00D8DC76 /* SPTSenTestCase.m in Sources */ = {isa = PBXBuildFile; fileRef = E9B7778114B9E15A00D8DC76 /* SPTSenTestCase.m */; };
		E9B7778814BA24EC00D8DC76 /* TestHelper.m in Sources */ = {isa = PBXBuildFile; fileRef = E9B7778714BA24EC00D8DC76 /* TestHelper.m */; };
		E9B777BB14BA294C00D8DC76 /* libSpecta-iOS.a in Frameworks */ = {isa = PBXBuildFile; fileRef = E9B777A414BA294B00D8DC76 /* libSpecta-iOS.a */; };
		E9B777D414BA306F00D8DC76 /* Foundation.framework in Frameworks */ = {isa = PBXBuildFile; fileRef = E9D96A2E14B6B8AB007D9521 /* Foundation.framework */; };
		E9B777D514BA308B00D8DC76 /* Specta.m in Sources */ = {isa = PBXBuildFile; fileRef = E9D9420614B8B42A00CD833A /* Specta.m */; };
		E9B777D614BA308B00D8DC76 /* SPTSpec.m in Sources */ = {isa = PBXBuildFile; fileRef = E9D9420D14B8B42A00CD833A /* SPTSpec.m */; };
		E9B777D714BA308B00D8DC76 /* SPTExample.m in Sources */ = {isa = PBXBuildFile; fileRef = E9D9420814B8B42A00CD833A /* SPTExample.m */; };
		E9B777D814BA308B00D8DC76 /* SPTExampleGroup.m in Sources */ = {isa = PBXBuildFile; fileRef = E9D9420A14B8B42A00CD833A /* SPTExampleGroup.m */; };
		E9B777D914BA308B00D8DC76 /* SPTSenTestCase.m in Sources */ = {isa = PBXBuildFile; fileRef = E9B7778114B9E15A00D8DC76 /* SPTSenTestCase.m */; };
		E9B777E114BA312600D8DC76 /* SenTestingKit.framework in Frameworks */ = {isa = PBXBuildFile; fileRef = E9D96A3B14B6B8AB007D9521 /* SenTestingKit.framework */; };
		E9B777E314BA313A00D8DC76 /* Foundation.framework in Frameworks */ = {isa = PBXBuildFile; fileRef = E9B777DE14BA30F600D8DC76 /* Foundation.framework */; };
		E9B777F314BA31FC00D8DC76 /* SenTestingKit.framework in Frameworks */ = {isa = PBXBuildFile; fileRef = E9D96A3B14B6B8AB007D9521 /* SenTestingKit.framework */; };
		E9B777F514BA320400D8DC76 /* SenTestingKit.framework in Frameworks */ = {isa = PBXBuildFile; fileRef = E9D96A3B14B6B8AB007D9521 /* SenTestingKit.framework */; };
		E9B777F614BA320D00D8DC76 /* Foundation.framework in Frameworks */ = {isa = PBXBuildFile; fileRef = E9B777DE14BA30F600D8DC76 /* Foundation.framework */; };
		E9B777F714BA321400D8DC76 /* Foundation.framework in Frameworks */ = {isa = PBXBuildFile; fileRef = E9D96A2E14B6B8AB007D9521 /* Foundation.framework */; };
		E9B777F814BA329400D8DC76 /* Specta-Prefix.pch in Headers */ = {isa = PBXBuildFile; fileRef = E9D9420414B8B42A00CD833A /* Specta-Prefix.pch */; settings = {ATTRIBUTES = (Public, ); }; };
		E9B777F914BA329400D8DC76 /* Specta.h in Headers */ = {isa = PBXBuildFile; fileRef = E9D9420514B8B42A00CD833A /* Specta.h */; settings = {ATTRIBUTES = (Public, ); }; };
		E9B777FA14BA329400D8DC76 /* SpectaSupport.h in Headers */ = {isa = PBXBuildFile; fileRef = E9D9420B14B8B42A00CD833A /* SpectaSupport.h */; settings = {ATTRIBUTES = (Public, ); }; };
		E9B777FB14BA329400D8DC76 /* SPTSpec.h in Headers */ = {isa = PBXBuildFile; fileRef = E9D9420C14B8B42A00CD833A /* SPTSpec.h */; settings = {ATTRIBUTES = (Public, ); }; };
		E9B777FC14BA329400D8DC76 /* SPTExample.h in Headers */ = {isa = PBXBuildFile; fileRef = E9D9420714B8B42A00CD833A /* SPTExample.h */; settings = {ATTRIBUTES = (Public, ); }; };
		E9B777FD14BA329400D8DC76 /* SPTExampleGroup.h in Headers */ = {isa = PBXBuildFile; fileRef = E9D9420914B8B42A00CD833A /* SPTExampleGroup.h */; settings = {ATTRIBUTES = (Public, ); }; };
		E9B777FE14BA329400D8DC76 /* SPTSenTestCase.h in Headers */ = {isa = PBXBuildFile; fileRef = E9B7777F14B9E15300D8DC76 /* SPTSenTestCase.h */; settings = {ATTRIBUTES = (Public, ); }; };
		E9BDBAB914BE2F3A00102FB5 /* MiscTest.m in Sources */ = {isa = PBXBuildFile; fileRef = E9BDBAB814BE2F3A00102FB5 /* MiscTest.m */; };
		E9D3DED6157A385C0054978E /* SharedExamplesTest1.m in Sources */ = {isa = PBXBuildFile; fileRef = E9D3DED5157A385C0054978E /* SharedExamplesTest1.m */; };
		E9D3DED7157A385C0054978E /* SharedExamplesTest1.m in Sources */ = {isa = PBXBuildFile; fileRef = E9D3DED5157A385C0054978E /* SharedExamplesTest1.m */; };
		E9D3DEDA157A3F3D0054978E /* SPTSharedExampleGroups.h in Headers */ = {isa = PBXBuildFile; fileRef = E9D3DED9157A3F340054978E /* SPTSharedExampleGroups.h */; settings = {ATTRIBUTES = (Public, ); }; };
		E9D3DEDB157A3F3D0054978E /* SPTSharedExampleGroups.h in Headers */ = {isa = PBXBuildFile; fileRef = E9D3DED9157A3F340054978E /* SPTSharedExampleGroups.h */; settings = {ATTRIBUTES = (Public, ); }; };
		E9D3DEDD157A3F470054978E /* SPTSharedExampleGroups.m in Sources */ = {isa = PBXBuildFile; fileRef = E9D3DEDC157A3F470054978E /* SPTSharedExampleGroups.m */; };
		E9D3DEDE157A3F470054978E /* SPTSharedExampleGroups.m in Sources */ = {isa = PBXBuildFile; fileRef = E9D3DEDC157A3F470054978E /* SPTSharedExampleGroups.m */; };
		E9D3DEE0157A45550054978E /* SharedExamplesTest2.m in Sources */ = {isa = PBXBuildFile; fileRef = E9D3DEDF157A45540054978E /* SharedExamplesTest2.m */; };
		E9D3DEE1157A45550054978E /* SharedExamplesTest2.m in Sources */ = {isa = PBXBuildFile; fileRef = E9D3DEDF157A45540054978E /* SharedExamplesTest2.m */; };
		E9D3DEE3157A55F50054978E /* SharedExamplesTest3.m in Sources */ = {isa = PBXBuildFile; fileRef = E9D3DEE2157A55F40054978E /* SharedExamplesTest3.m */; };
		E9D3DEE4157A55F50054978E /* SharedExamplesTest3.m in Sources */ = {isa = PBXBuildFile; fileRef = E9D3DEE2157A55F40054978E /* SharedExamplesTest3.m */; };
		E9D9420E14B8B42A00CD833A /* Specta-Prefix.pch in Headers */ = {isa = PBXBuildFile; fileRef = E9D9420414B8B42A00CD833A /* Specta-Prefix.pch */; settings = {ATTRIBUTES = (Public, ); }; };
		E9D9420F14B8B42A00CD833A /* Specta.h in Headers */ = {isa = PBXBuildFile; fileRef = E9D9420514B8B42A00CD833A /* Specta.h */; settings = {ATTRIBUTES = (Public, ); }; };
		E9D9421014B8B42A00CD833A /* Specta.m in Sources */ = {isa = PBXBuildFile; fileRef = E9D9420614B8B42A00CD833A /* Specta.m */; };
		E9D9421114B8B42A00CD833A /* SPTExample.h in Headers */ = {isa = PBXBuildFile; fileRef = E9D9420714B8B42A00CD833A /* SPTExample.h */; settings = {ATTRIBUTES = (Public, ); }; };
		E9D9421214B8B42A00CD833A /* SPTExample.m in Sources */ = {isa = PBXBuildFile; fileRef = E9D9420814B8B42A00CD833A /* SPTExample.m */; };
		E9D9421314B8B42A00CD833A /* SPTExampleGroup.h in Headers */ = {isa = PBXBuildFile; fileRef = E9D9420914B8B42A00CD833A /* SPTExampleGroup.h */; settings = {ATTRIBUTES = (Public, ); }; };
		E9D9421414B8B42A00CD833A /* SPTExampleGroup.m in Sources */ = {isa = PBXBuildFile; fileRef = E9D9420A14B8B42A00CD833A /* SPTExampleGroup.m */; };
		E9D9421514B8B42A00CD833A /* SpectaSupport.h in Headers */ = {isa = PBXBuildFile; fileRef = E9D9420B14B8B42A00CD833A /* SpectaSupport.h */; settings = {ATTRIBUTES = (Public, ); }; };
		E9D9421614B8B42A00CD833A /* SPTSpec.h in Headers */ = {isa = PBXBuildFile; fileRef = E9D9420C14B8B42A00CD833A /* SPTSpec.h */; settings = {ATTRIBUTES = (Public, ); }; };
		E9D9421714B8B42A00CD833A /* SPTSpec.m in Sources */ = {isa = PBXBuildFile; fileRef = E9D9420D14B8B42A00CD833A /* SPTSpec.m */; };
		E9D9424814B8B43200CD833A /* CompilationTest1.m in Sources */ = {isa = PBXBuildFile; fileRef = E9D9421914B8B43200CD833A /* CompilationTest1.m */; };
		E9D9424914B8B43200CD833A /* CompilationTest2.m in Sources */ = {isa = PBXBuildFile; fileRef = E9D9421A14B8B43200CD833A /* CompilationTest2.m */; };
		E9D9424A14B8B43200CD833A /* CompilationTest3.m in Sources */ = {isa = PBXBuildFile; fileRef = E9D9421B14B8B43200CD833A /* CompilationTest3.m */; };
		E9D9424B14B8B43200CD833A /* CompilationTest4.m in Sources */ = {isa = PBXBuildFile; fileRef = E9D9421C14B8B43200CD833A /* CompilationTest4.m */; };
		E9D9424C14B8B43200CD833A /* CompilationTest5.m in Sources */ = {isa = PBXBuildFile; fileRef = E9D9421D14B8B43200CD833A /* CompilationTest5.m */; };
		E9D9424D14B8B43200CD833A /* CompilationTest6.m in Sources */ = {isa = PBXBuildFile; fileRef = E9D9421E14B8B43200CD833A /* CompilationTest6.m */; };
		E9D9424E14B8B43200CD833A /* CompilationTest7.m in Sources */ = {isa = PBXBuildFile; fileRef = E9D9421F14B8B43200CD833A /* CompilationTest7.m */; };
		E9D9424F14B8B43200CD833A /* DSLTest1.m in Sources */ = {isa = PBXBuildFile; fileRef = E9D9422014B8B43200CD833A /* DSLTest1.m */; };
		E9D9425014B8B43200CD833A /* DSLTest2.m in Sources */ = {isa = PBXBuildFile; fileRef = E9D9422114B8B43200CD833A /* DSLTest2.m */; };
		E9D9425114B8B43200CD833A /* DSLTest3.m in Sources */ = {isa = PBXBuildFile; fileRef = E9D9422214B8B43200CD833A /* DSLTest3.m */; };
		E9D9425214B8B43200CD833A /* DSLTest4.m in Sources */ = {isa = PBXBuildFile; fileRef = E9D9422314B8B43200CD833A /* DSLTest4.m */; };
		E9D9425314B8B43200CD833A /* DSLTest5.m in Sources */ = {isa = PBXBuildFile; fileRef = E9D9422414B8B43200CD833A /* DSLTest5.m */; };
		E9D9425414B8B43200CD833A /* ReRunTest.m in Sources */ = {isa = PBXBuildFile; fileRef = E9D9422714B8B43200CD833A /* ReRunTest.m */; };
		E9D9425514B8B43200CD833A /* SequenceTest.m in Sources */ = {isa = PBXBuildFile; fileRef = E9D9422814B8B43200CD833A /* SequenceTest.m */; };
		E9D9425814B8B43200CD833A /* libExpecta-macosx.a in Frameworks */ = {isa = PBXBuildFile; fileRef = E9D9424314B8B43200CD833A /* libExpecta-macosx.a */; };
		E9D9425914B8B43200CD833A /* LICENSE in Resources */ = {isa = PBXBuildFile; fileRef = E9D9424414B8B43200CD833A /* LICENSE */; };
		E9D9425A14B8B43200CD833A /* README.md in Resources */ = {isa = PBXBuildFile; fileRef = E9D9424714B8B43200CD833A /* README.md */; };
		E9D96A4014B6B8AB007D9521 /* libSpecta.a in Frameworks */ = {isa = PBXBuildFile; fileRef = E9D96A2614B6B8AB007D9521 /* libSpecta.a */; };
		E9D96A5614B6BF0A007D9521 /* SenTestingKit.framework in Frameworks */ = {isa = PBXBuildFile; fileRef = E9D96A3B14B6B8AB007D9521 /* SenTestingKit.framework */; };
/* End PBXBuildFile section */

/* Begin PBXContainerItemProxy section */
		E9B777B914BA294C00D8DC76 /* PBXContainerItemProxy */ = {
			isa = PBXContainerItemProxy;
			containerPortal = E9D96A1D14B6B8AA007D9521 /* Project object */;
			proxyType = 1;
			remoteGlobalIDString = E9B777A314BA294B00D8DC76;
			remoteInfo = "Specta-iOS";
		};
		E9D96A3E14B6B8AB007D9521 /* PBXContainerItemProxy */ = {
			isa = PBXContainerItemProxy;
			containerPortal = E9D96A1D14B6B8AA007D9521 /* Project object */;
			proxyType = 1;
			remoteGlobalIDString = E9D96A2514B6B8AB007D9521;
			remoteInfo = Specta;
		};
/* End PBXContainerItemProxy section */

/* Begin PBXFileReference section */
		E910177214B911340087CD46 /* PassingSpecTest.m */ = {isa = PBXFileReference; fileEncoding = 4; lastKnownFileType = sourcecode.c.objc; path = PassingSpecTest.m; sourceTree = "<group>"; };
		E910177414B9114A0087CD46 /* FailingSpecTest.m */ = {isa = PBXFileReference; fileEncoding = 4; lastKnownFileType = sourcecode.c.objc; path = FailingSpecTest.m; sourceTree = "<group>"; };
		E944CA2814C4B5E300821DED /* SPTSenTestInvocation.h */ = {isa = PBXFileReference; fileEncoding = 4; lastKnownFileType = sourcecode.c.h; path = SPTSenTestInvocation.h; sourceTree = "<group>"; };
		E944CA2B14C4B5F600821DED /* SPTSenTestInvocation.m */ = {isa = PBXFileReference; fileEncoding = 4; lastKnownFileType = sourcecode.c.objc; path = SPTSenTestInvocation.m; sourceTree = "<group>"; };
		E944CA2E14C4B70000821DED /* SpectaTypes.h */ = {isa = PBXFileReference; fileEncoding = 4; lastKnownFileType = sourcecode.c.h; path = SpectaTypes.h; sourceTree = "<group>"; };
		E96187B114C4AC690021D7CE /* UnexpectedExceptionTest.m */ = {isa = PBXFileReference; fileEncoding = 4; lastKnownFileType = sourcecode.c.objc; path = UnexpectedExceptionTest.m; sourceTree = "<group>"; };
		E9624B4514B8AE7C00E50DE5 /* LICENSE */ = {isa = PBXFileReference; lastKnownFileType = text; path = LICENSE; sourceTree = "<group>"; };
		E9624B4614B8AF2B00E50DE5 /* README.md */ = {isa = PBXFileReference; lastKnownFileType = text; path = README.md; sourceTree = "<group>"; };
		E96598D814C345F3003BC25B /* CompilationTest8.m */ = {isa = PBXFileReference; fileEncoding = 4; lastKnownFileType = sourcecode.c.objc; path = CompilationTest8.m; sourceTree = "<group>"; };
		E96598DF14C34CE9003BC25B /* Specta.podspec */ = {isa = PBXFileReference; lastKnownFileType = text; path = Specta.podspec; sourceTree = "<group>"; };
		E9A204C814C79F81006E4A66 /* PendingSpecTest1.m */ = {isa = PBXFileReference; fileEncoding = 4; lastKnownFileType = sourcecode.c.objc; path = PendingSpecTest1.m; sourceTree = "<group>"; };
		E9A204CC14C7A487006E4A66 /* PendingSpecTest2.m */ = {isa = PBXFileReference; fileEncoding = 4; lastKnownFileType = sourcecode.c.objc; path = PendingSpecTest2.m; sourceTree = "<group>"; };
		E9B7777F14B9E15300D8DC76 /* SPTSenTestCase.h */ = {isa = PBXFileReference; fileEncoding = 4; lastKnownFileType = sourcecode.c.h; path = SPTSenTestCase.h; sourceTree = "<group>"; };
		E9B7778114B9E15A00D8DC76 /* SPTSenTestCase.m */ = {isa = PBXFileReference; fileEncoding = 4; lastKnownFileType = sourcecode.c.objc; path = SPTSenTestCase.m; sourceTree = "<group>"; };
		E9B7778714BA24EC00D8DC76 /* TestHelper.m */ = {isa = PBXFileReference; fileEncoding = 4; lastKnownFileType = sourcecode.c.objc; path = TestHelper.m; sourceTree = "<group>"; };
		E9B777A414BA294B00D8DC76 /* libSpecta-iOS.a */ = {isa = PBXFileReference; explicitFileType = archive.ar; includeInIndex = 0; path = "libSpecta-iOS.a"; sourceTree = BUILT_PRODUCTS_DIR; };
		E9B777B314BA294C00D8DC76 /* Specta-iOSTests.octest */ = {isa = PBXFileReference; explicitFileType = wrapper.cfbundle; includeInIndex = 0; path = "Specta-iOSTests.octest"; sourceTree = BUILT_PRODUCTS_DIR; };
		E9B777DE14BA30F600D8DC76 /* Foundation.framework */ = {isa = PBXFileReference; lastKnownFileType = wrapper.framework; name = Foundation.framework; path = Platforms/iPhoneOS.platform/Developer/SDKs/iPhoneOS5.0.sdk/System/Library/Frameworks/Foundation.framework; sourceTree = DEVELOPER_DIR; };
		E9BDBAB814BE2F3A00102FB5 /* MiscTest.m */ = {isa = PBXFileReference; fileEncoding = 4; lastKnownFileType = sourcecode.c.objc; path = MiscTest.m; sourceTree = "<group>"; };
		E9D3DED5157A385C0054978E /* SharedExamplesTest1.m */ = {isa = PBXFileReference; fileEncoding = 4; lastKnownFileType = sourcecode.c.objc; path = SharedExamplesTest1.m; sourceTree = "<group>"; };
		E9D3DED9157A3F340054978E /* SPTSharedExampleGroups.h */ = {isa = PBXFileReference; fileEncoding = 4; lastKnownFileType = sourcecode.c.h; path = SPTSharedExampleGroups.h; sourceTree = "<group>"; };
		E9D3DEDC157A3F470054978E /* SPTSharedExampleGroups.m */ = {isa = PBXFileReference; fileEncoding = 4; lastKnownFileType = sourcecode.c.objc; path = SPTSharedExampleGroups.m; sourceTree = "<group>"; };
		E9D3DEDF157A45540054978E /* SharedExamplesTest2.m */ = {isa = PBXFileReference; fileEncoding = 4; lastKnownFileType = sourcecode.c.objc; path = SharedExamplesTest2.m; sourceTree = "<group>"; };
		E9D3DEE2157A55F40054978E /* SharedExamplesTest3.m */ = {isa = PBXFileReference; fileEncoding = 4; lastKnownFileType = sourcecode.c.objc; path = SharedExamplesTest3.m; sourceTree = "<group>"; };
		E9D9420414B8B42A00CD833A /* Specta-Prefix.pch */ = {isa = PBXFileReference; fileEncoding = 4; lastKnownFileType = sourcecode.c.h; path = "Specta-Prefix.pch"; sourceTree = "<group>"; };
		E9D9420514B8B42A00CD833A /* Specta.h */ = {isa = PBXFileReference; fileEncoding = 4; lastKnownFileType = sourcecode.c.h; path = Specta.h; sourceTree = "<group>"; };
		E9D9420614B8B42A00CD833A /* Specta.m */ = {isa = PBXFileReference; fileEncoding = 4; lastKnownFileType = sourcecode.c.objc; path = Specta.m; sourceTree = "<group>"; };
		E9D9420714B8B42A00CD833A /* SPTExample.h */ = {isa = PBXFileReference; fileEncoding = 4; lastKnownFileType = sourcecode.c.h; path = SPTExample.h; sourceTree = "<group>"; };
		E9D9420814B8B42A00CD833A /* SPTExample.m */ = {isa = PBXFileReference; fileEncoding = 4; lastKnownFileType = sourcecode.c.objc; path = SPTExample.m; sourceTree = "<group>"; };
		E9D9420914B8B42A00CD833A /* SPTExampleGroup.h */ = {isa = PBXFileReference; fileEncoding = 4; lastKnownFileType = sourcecode.c.h; path = SPTExampleGroup.h; sourceTree = "<group>"; };
		E9D9420A14B8B42A00CD833A /* SPTExampleGroup.m */ = {isa = PBXFileReference; fileEncoding = 4; lastKnownFileType = sourcecode.c.objc; path = SPTExampleGroup.m; sourceTree = "<group>"; };
		E9D9420B14B8B42A00CD833A /* SpectaSupport.h */ = {isa = PBXFileReference; fileEncoding = 4; lastKnownFileType = sourcecode.c.h; path = SpectaSupport.h; sourceTree = "<group>"; };
		E9D9420C14B8B42A00CD833A /* SPTSpec.h */ = {isa = PBXFileReference; fileEncoding = 4; lastKnownFileType = sourcecode.c.h; path = SPTSpec.h; sourceTree = "<group>"; };
		E9D9420D14B8B42A00CD833A /* SPTSpec.m */ = {isa = PBXFileReference; fileEncoding = 4; lastKnownFileType = sourcecode.c.objc; path = SPTSpec.m; sourceTree = "<group>"; };
		E9D9421914B8B43200CD833A /* CompilationTest1.m */ = {isa = PBXFileReference; fileEncoding = 4; lastKnownFileType = sourcecode.c.objc; path = CompilationTest1.m; sourceTree = "<group>"; };
		E9D9421A14B8B43200CD833A /* CompilationTest2.m */ = {isa = PBXFileReference; fileEncoding = 4; lastKnownFileType = sourcecode.c.objc; path = CompilationTest2.m; sourceTree = "<group>"; };
		E9D9421B14B8B43200CD833A /* CompilationTest3.m */ = {isa = PBXFileReference; fileEncoding = 4; lastKnownFileType = sourcecode.c.objc; path = CompilationTest3.m; sourceTree = "<group>"; };
		E9D9421C14B8B43200CD833A /* CompilationTest4.m */ = {isa = PBXFileReference; fileEncoding = 4; lastKnownFileType = sourcecode.c.objc; path = CompilationTest4.m; sourceTree = "<group>"; };
		E9D9421D14B8B43200CD833A /* CompilationTest5.m */ = {isa = PBXFileReference; fileEncoding = 4; lastKnownFileType = sourcecode.c.objc; path = CompilationTest5.m; sourceTree = "<group>"; };
		E9D9421E14B8B43200CD833A /* CompilationTest6.m */ = {isa = PBXFileReference; fileEncoding = 4; lastKnownFileType = sourcecode.c.objc; path = CompilationTest6.m; sourceTree = "<group>"; };
		E9D9421F14B8B43200CD833A /* CompilationTest7.m */ = {isa = PBXFileReference; fileEncoding = 4; lastKnownFileType = sourcecode.c.objc; path = CompilationTest7.m; sourceTree = "<group>"; };
		E9D9422014B8B43200CD833A /* DSLTest1.m */ = {isa = PBXFileReference; fileEncoding = 4; lastKnownFileType = sourcecode.c.objc; path = DSLTest1.m; sourceTree = "<group>"; };
		E9D9422114B8B43200CD833A /* DSLTest2.m */ = {isa = PBXFileReference; fileEncoding = 4; lastKnownFileType = sourcecode.c.objc; path = DSLTest2.m; sourceTree = "<group>"; };
		E9D9422214B8B43200CD833A /* DSLTest3.m */ = {isa = PBXFileReference; fileEncoding = 4; lastKnownFileType = sourcecode.c.objc; path = DSLTest3.m; sourceTree = "<group>"; };
		E9D9422314B8B43200CD833A /* DSLTest4.m */ = {isa = PBXFileReference; fileEncoding = 4; lastKnownFileType = sourcecode.c.objc; path = DSLTest4.m; sourceTree = "<group>"; };
		E9D9422414B8B43200CD833A /* DSLTest5.m */ = {isa = PBXFileReference; fileEncoding = 4; lastKnownFileType = sourcecode.c.objc; path = DSLTest5.m; sourceTree = "<group>"; };
		E9D9422614B8B43200CD833A /* TestHelper.h */ = {isa = PBXFileReference; fileEncoding = 4; lastKnownFileType = sourcecode.c.h; path = TestHelper.h; sourceTree = "<group>"; };
		E9D9422714B8B43200CD833A /* ReRunTest.m */ = {isa = PBXFileReference; fileEncoding = 4; lastKnownFileType = sourcecode.c.objc; path = ReRunTest.m; sourceTree = "<group>"; };
		E9D9422814B8B43200CD833A /* SequenceTest.m */ = {isa = PBXFileReference; fileEncoding = 4; lastKnownFileType = sourcecode.c.objc; path = SequenceTest.m; sourceTree = "<group>"; };
		E9D9422A14B8B43200CD833A /* Test-Info.plist */ = {isa = PBXFileReference; fileEncoding = 4; lastKnownFileType = text.plist.xml; path = "Test-Info.plist"; sourceTree = "<group>"; };
		E9D9422E14B8B43200CD833A /* Expecta.h */ = {isa = PBXFileReference; fileEncoding = 4; lastKnownFileType = sourcecode.c.h; path = Expecta.h; sourceTree = "<group>"; };
		E9D9422F14B8B43200CD833A /* ExpectaSupport.h */ = {isa = PBXFileReference; fileEncoding = 4; lastKnownFileType = sourcecode.c.h; path = ExpectaSupport.h; sourceTree = "<group>"; };
		E9D9423014B8B43200CD833A /* EXPExpect.h */ = {isa = PBXFileReference; fileEncoding = 4; lastKnownFileType = sourcecode.c.h; path = EXPExpect.h; sourceTree = "<group>"; };
		E9D9423114B8B43200CD833A /* EXPMatcherHelpers.h */ = {isa = PBXFileReference; fileEncoding = 4; lastKnownFileType = sourcecode.c.h; path = EXPMatcherHelpers.h; sourceTree = "<group>"; };
		E9D9423214B8B43200CD833A /* EXPMatchers+toBeFalsy.h */ = {isa = PBXFileReference; fileEncoding = 4; lastKnownFileType = sourcecode.c.h; path = "EXPMatchers+toBeFalsy.h"; sourceTree = "<group>"; };
		E9D9423314B8B43200CD833A /* EXPMatchers+toBeGreaterThan.h */ = {isa = PBXFileReference; fileEncoding = 4; lastKnownFileType = sourcecode.c.h; path = "EXPMatchers+toBeGreaterThan.h"; sourceTree = "<group>"; };
		E9D9423414B8B43200CD833A /* EXPMatchers+toBeGreaterThanOrEqualTo.h */ = {isa = PBXFileReference; fileEncoding = 4; lastKnownFileType = sourcecode.c.h; path = "EXPMatchers+toBeGreaterThanOrEqualTo.h"; sourceTree = "<group>"; };
		E9D9423514B8B43200CD833A /* EXPMatchers+toBeIdenticalTo.h */ = {isa = PBXFileReference; fileEncoding = 4; lastKnownFileType = sourcecode.c.h; path = "EXPMatchers+toBeIdenticalTo.h"; sourceTree = "<group>"; };
		E9D9423614B8B43200CD833A /* EXPMatchers+toBeInstanceOf.h */ = {isa = PBXFileReference; fileEncoding = 4; lastKnownFileType = sourcecode.c.h; path = "EXPMatchers+toBeInstanceOf.h"; sourceTree = "<group>"; };
		E9D9423714B8B43200CD833A /* EXPMatchers+toBeInTheRangeOf.h */ = {isa = PBXFileReference; fileEncoding = 4; lastKnownFileType = sourcecode.c.h; path = "EXPMatchers+toBeInTheRangeOf.h"; sourceTree = "<group>"; };
		E9D9423814B8B43200CD833A /* EXPMatchers+toBeKindOf.h */ = {isa = PBXFileReference; fileEncoding = 4; lastKnownFileType = sourcecode.c.h; path = "EXPMatchers+toBeKindOf.h"; sourceTree = "<group>"; };
		E9D9423914B8B43200CD833A /* EXPMatchers+toBeLessThan.h */ = {isa = PBXFileReference; fileEncoding = 4; lastKnownFileType = sourcecode.c.h; path = "EXPMatchers+toBeLessThan.h"; sourceTree = "<group>"; };
		E9D9423A14B8B43200CD833A /* EXPMatchers+toBeLessThanOrEqualTo.h */ = {isa = PBXFileReference; fileEncoding = 4; lastKnownFileType = sourcecode.c.h; path = "EXPMatchers+toBeLessThanOrEqualTo.h"; sourceTree = "<group>"; };
		E9D9423B14B8B43200CD833A /* EXPMatchers+toBeNil.h */ = {isa = PBXFileReference; fileEncoding = 4; lastKnownFileType = sourcecode.c.h; path = "EXPMatchers+toBeNil.h"; sourceTree = "<group>"; };
		E9D9423C14B8B43200CD833A /* EXPMatchers+toBeSubclassOf.h */ = {isa = PBXFileReference; fileEncoding = 4; lastKnownFileType = sourcecode.c.h; path = "EXPMatchers+toBeSubclassOf.h"; sourceTree = "<group>"; };
		E9D9423D14B8B43200CD833A /* EXPMatchers+toBeTruthy.h */ = {isa = PBXFileReference; fileEncoding = 4; lastKnownFileType = sourcecode.c.h; path = "EXPMatchers+toBeTruthy.h"; sourceTree = "<group>"; };
		E9D9423E14B8B43200CD833A /* EXPMatchers+toContain.h */ = {isa = PBXFileReference; fileEncoding = 4; lastKnownFileType = sourcecode.c.h; path = "EXPMatchers+toContain.h"; sourceTree = "<group>"; };
		E9D9423F14B8B43200CD833A /* EXPMatchers+toEqual.h */ = {isa = PBXFileReference; fileEncoding = 4; lastKnownFileType = sourcecode.c.h; path = "EXPMatchers+toEqual.h"; sourceTree = "<group>"; };
		E9D9424014B8B43200CD833A /* EXPMatchers.h */ = {isa = PBXFileReference; fileEncoding = 4; lastKnownFileType = sourcecode.c.h; path = EXPMatchers.h; sourceTree = "<group>"; };
		E9D9424114B8B43200CD833A /* EXPUnsupportedObject.h */ = {isa = PBXFileReference; fileEncoding = 4; lastKnownFileType = sourcecode.c.h; path = EXPUnsupportedObject.h; sourceTree = "<group>"; };
		E9D9424214B8B43200CD833A /* libExpecta-ios-universal.a */ = {isa = PBXFileReference; lastKnownFileType = archive.ar; path = "libExpecta-ios-universal.a"; sourceTree = "<group>"; };
		E9D9424314B8B43200CD833A /* libExpecta-macosx.a */ = {isa = PBXFileReference; lastKnownFileType = archive.ar; path = "libExpecta-macosx.a"; sourceTree = "<group>"; };
		E9D9424414B8B43200CD833A /* LICENSE */ = {isa = PBXFileReference; fileEncoding = 4; lastKnownFileType = text; path = LICENSE; sourceTree = "<group>"; };
		E9D9424514B8B43200CD833A /* NSObject+Expecta.h */ = {isa = PBXFileReference; fileEncoding = 4; lastKnownFileType = sourcecode.c.h; path = "NSObject+Expecta.h"; sourceTree = "<group>"; };
		E9D9424614B8B43200CD833A /* NSValue+Expecta.h */ = {isa = PBXFileReference; fileEncoding = 4; lastKnownFileType = sourcecode.c.h; path = "NSValue+Expecta.h"; sourceTree = "<group>"; };
		E9D9424714B8B43200CD833A /* README.md */ = {isa = PBXFileReference; fileEncoding = 4; lastKnownFileType = text; path = README.md; sourceTree = "<group>"; };
		E9D96A2614B6B8AB007D9521 /* libSpecta.a */ = {isa = PBXFileReference; explicitFileType = archive.ar; includeInIndex = 0; path = libSpecta.a; sourceTree = BUILT_PRODUCTS_DIR; };
		E9D96A2E14B6B8AB007D9521 /* Foundation.framework */ = {isa = PBXFileReference; lastKnownFileType = wrapper.framework; name = Foundation.framework; path = System/Library/Frameworks/Foundation.framework; sourceTree = SDKROOT; };
		E9D96A3A14B6B8AB007D9521 /* SpectaTests.octest */ = {isa = PBXFileReference; explicitFileType = wrapper.cfbundle; includeInIndex = 0; path = SpectaTests.octest; sourceTree = BUILT_PRODUCTS_DIR; };
		E9D96A3B14B6B8AB007D9521 /* SenTestingKit.framework */ = {isa = PBXFileReference; lastKnownFileType = wrapper.framework; name = SenTestingKit.framework; path = Library/Frameworks/SenTestingKit.framework; sourceTree = DEVELOPER_DIR; };
/* End PBXFileReference section */

/* Begin PBXFrameworksBuildPhase section */
		E9B777A114BA294B00D8DC76 /* Frameworks */ = {
			isa = PBXFrameworksBuildPhase;
			buildActionMask = 2147483647;
			files = (
				E9B777E314BA313A00D8DC76 /* Foundation.framework in Frameworks */,
				E9B777E114BA312600D8DC76 /* SenTestingKit.framework in Frameworks */,
			);
			runOnlyForDeploymentPostprocessing = 0;
		};
		E9B777AF14BA294B00D8DC76 /* Frameworks */ = {
			isa = PBXFrameworksBuildPhase;
			buildActionMask = 2147483647;
			files = (
				E9B777F614BA320D00D8DC76 /* Foundation.framework in Frameworks */,
				E9B777F514BA320400D8DC76 /* SenTestingKit.framework in Frameworks */,
				E9B777BB14BA294C00D8DC76 /* libSpecta-iOS.a in Frameworks */,
				E96187C814C4AFBD0021D7CE /* libExpecta-ios-universal.a in Frameworks */,
			);
			runOnlyForDeploymentPostprocessing = 0;
		};
		E9D96A2314B6B8AB007D9521 /* Frameworks */ = {
			isa = PBXFrameworksBuildPhase;
			buildActionMask = 2147483647;
			files = (
				E9B777D414BA306F00D8DC76 /* Foundation.framework in Frameworks */,
				E9D96A5614B6BF0A007D9521 /* SenTestingKit.framework in Frameworks */,
			);
			runOnlyForDeploymentPostprocessing = 0;
		};
		E9D96A3614B6B8AB007D9521 /* Frameworks */ = {
			isa = PBXFrameworksBuildPhase;
			buildActionMask = 2147483647;
			files = (
				E9B777F714BA321400D8DC76 /* Foundation.framework in Frameworks */,
				E9B777F314BA31FC00D8DC76 /* SenTestingKit.framework in Frameworks */,
				E9D96A4014B6B8AB007D9521 /* libSpecta.a in Frameworks */,
				E9D9425814B8B43200CD833A /* libExpecta-macosx.a in Frameworks */,
			);
			runOnlyForDeploymentPostprocessing = 0;
		};
/* End PBXFrameworksBuildPhase section */

/* Begin PBXGroup section */
		E9B777DC14BA30CE00D8DC76 /* macosx */ = {
			isa = PBXGroup;
			children = (
				E9D96A2E14B6B8AB007D9521 /* Foundation.framework */,
			);
			name = macosx;
			sourceTree = "<group>";
		};
		E9B777DD14BA30E100D8DC76 /* ios */ = {
			isa = PBXGroup;
			children = (
				E9B777DE14BA30F600D8DC76 /* Foundation.framework */,
			);
			name = ios;
			sourceTree = "<group>";
		};
		E9D9420314B8B42A00CD833A /* src */ = {
			isa = PBXGroup;
			children = (
				E9D9420414B8B42A00CD833A /* Specta-Prefix.pch */,
				E9D9420514B8B42A00CD833A /* Specta.h */,
				E9D9420614B8B42A00CD833A /* Specta.m */,
				E9D9420B14B8B42A00CD833A /* SpectaSupport.h */,
				E944CA2E14C4B70000821DED /* SpectaTypes.h */,
				E9D9420C14B8B42A00CD833A /* SPTSpec.h */,
				E9D9420D14B8B42A00CD833A /* SPTSpec.m */,
				E9D9420714B8B42A00CD833A /* SPTExample.h */,
				E9D9420814B8B42A00CD833A /* SPTExample.m */,
				E9D9420914B8B42A00CD833A /* SPTExampleGroup.h */,
				E9D9420A14B8B42A00CD833A /* SPTExampleGroup.m */,
				E9D3DED9157A3F340054978E /* SPTSharedExampleGroups.h */,
				E9D3DEDC157A3F470054978E /* SPTSharedExampleGroups.m */,
				E9B7777F14B9E15300D8DC76 /* SPTSenTestCase.h */,
				E9B7778114B9E15A00D8DC76 /* SPTSenTestCase.m */,
				E944CA2814C4B5E300821DED /* SPTSenTestInvocation.h */,
				E944CA2B14C4B5F600821DED /* SPTSenTestInvocation.m */,
			);
			path = src;
			sourceTree = "<group>";
		};
		E9D9421814B8B43200CD833A /* test */ = {
			isa = PBXGroup;
			children = (
				E9D9422914B8B43200CD833A /* support */,
				E9D9422C14B8B43200CD833A /* vendor */,
				E9D9422514B8B43200CD833A /* helpers */,
				E9D9421914B8B43200CD833A /* CompilationTest1.m */,
				E9D9421A14B8B43200CD833A /* CompilationTest2.m */,
				E9D9421B14B8B43200CD833A /* CompilationTest3.m */,
				E9D9421C14B8B43200CD833A /* CompilationTest4.m */,
				E9D9421D14B8B43200CD833A /* CompilationTest5.m */,
				E9D9421E14B8B43200CD833A /* CompilationTest6.m */,
				E9D9421F14B8B43200CD833A /* CompilationTest7.m */,
				E96598D814C345F3003BC25B /* CompilationTest8.m */,
				E9D9422014B8B43200CD833A /* DSLTest1.m */,
				E9D9422114B8B43200CD833A /* DSLTest2.m */,
				E9D9422214B8B43200CD833A /* DSLTest3.m */,
				E9D9422314B8B43200CD833A /* DSLTest4.m */,
				E9D9422414B8B43200CD833A /* DSLTest5.m */,
				E9D9422714B8B43200CD833A /* ReRunTest.m */,
				E9D9422814B8B43200CD833A /* SequenceTest.m */,
				E910177214B911340087CD46 /* PassingSpecTest.m */,
				E910177414B9114A0087CD46 /* FailingSpecTest.m */,
				E9A204C814C79F81006E4A66 /* PendingSpecTest1.m */,
				E9A204CC14C7A487006E4A66 /* PendingSpecTest2.m */,
				E9D3DED5157A385C0054978E /* SharedExamplesTest1.m */,
				E9D3DEDF157A45540054978E /* SharedExamplesTest2.m */,
				E9D3DEE2157A55F40054978E /* SharedExamplesTest3.m */,
				E96187B114C4AC690021D7CE /* UnexpectedExceptionTest.m */,
				E9BDBAB814BE2F3A00102FB5 /* MiscTest.m */,
				E9D96A2814B6B8AB007D9521 /* frameworks */,
			);
			path = test;
			sourceTree = "<group>";
		};
		E9D9422514B8B43200CD833A /* helpers */ = {
			isa = PBXGroup;
			children = (
				E9D9422614B8B43200CD833A /* TestHelper.h */,
				E9B7778714BA24EC00D8DC76 /* TestHelper.m */,
			);
			path = helpers;
			sourceTree = "<group>";
		};
		E9D9422914B8B43200CD833A /* support */ = {
			isa = PBXGroup;
			children = (
				E9D9422A14B8B43200CD833A /* Test-Info.plist */,
			);
			path = support;
			sourceTree = "<group>";
		};
		E9D9422C14B8B43200CD833A /* vendor */ = {
			isa = PBXGroup;
			children = (
				E9D9422D14B8B43200CD833A /* expecta */,
			);
			path = vendor;
			sourceTree = "<group>";
		};
		E9D9422D14B8B43200CD833A /* expecta */ = {
			isa = PBXGroup;
			children = (
				E9D9422E14B8B43200CD833A /* Expecta.h */,
				E9D9422F14B8B43200CD833A /* ExpectaSupport.h */,
				E9D9423014B8B43200CD833A /* EXPExpect.h */,
				E9D9423114B8B43200CD833A /* EXPMatcherHelpers.h */,
				E9D9423214B8B43200CD833A /* EXPMatchers+toBeFalsy.h */,
				E9D9423314B8B43200CD833A /* EXPMatchers+toBeGreaterThan.h */,
				E9D9423414B8B43200CD833A /* EXPMatchers+toBeGreaterThanOrEqualTo.h */,
				E9D9423514B8B43200CD833A /* EXPMatchers+toBeIdenticalTo.h */,
				E9D9423614B8B43200CD833A /* EXPMatchers+toBeInstanceOf.h */,
				E9D9423714B8B43200CD833A /* EXPMatchers+toBeInTheRangeOf.h */,
				E9D9423814B8B43200CD833A /* EXPMatchers+toBeKindOf.h */,
				E9D9423914B8B43200CD833A /* EXPMatchers+toBeLessThan.h */,
				E9D9423A14B8B43200CD833A /* EXPMatchers+toBeLessThanOrEqualTo.h */,
				E9D9423B14B8B43200CD833A /* EXPMatchers+toBeNil.h */,
				E9D9423C14B8B43200CD833A /* EXPMatchers+toBeSubclassOf.h */,
				E9D9423D14B8B43200CD833A /* EXPMatchers+toBeTruthy.h */,
				E9D9423E14B8B43200CD833A /* EXPMatchers+toContain.h */,
				E9D9423F14B8B43200CD833A /* EXPMatchers+toEqual.h */,
				E9D9424014B8B43200CD833A /* EXPMatchers.h */,
				E9D9424114B8B43200CD833A /* EXPUnsupportedObject.h */,
				E9D9424214B8B43200CD833A /* libExpecta-ios-universal.a */,
				E9D9424314B8B43200CD833A /* libExpecta-macosx.a */,
				E9D9424414B8B43200CD833A /* LICENSE */,
				E9D9424514B8B43200CD833A /* NSObject+Expecta.h */,
				E9D9424614B8B43200CD833A /* NSValue+Expecta.h */,
				E9D9424714B8B43200CD833A /* README.md */,
			);
			path = expecta;
			sourceTree = "<group>";
		};
		E9D96A1B14B6B8AA007D9521 = {
			isa = PBXGroup;
			children = (
				E9624B4514B8AE7C00E50DE5 /* LICENSE */,
				E9624B4614B8AF2B00E50DE5 /* README.md */,
				E96598DF14C34CE9003BC25B /* Specta.podspec */,
				E9D9420314B8B42A00CD833A /* src */,
				E9D9421814B8B43200CD833A /* test */,
				E9D96A2714B6B8AB007D9521 /* products */,
			);
			sourceTree = "<group>";
		};
		E9D96A2714B6B8AB007D9521 /* products */ = {
			isa = PBXGroup;
			children = (
				E9D96A2614B6B8AB007D9521 /* libSpecta.a */,
				E9D96A3A14B6B8AB007D9521 /* SpectaTests.octest */,
				E9B777A414BA294B00D8DC76 /* libSpecta-iOS.a */,
				E9B777B314BA294C00D8DC76 /* Specta-iOSTests.octest */,
			);
			name = products;
			sourceTree = "<group>";
		};
		E9D96A2814B6B8AB007D9521 /* frameworks */ = {
			isa = PBXGroup;
			children = (
				E9B777DC14BA30CE00D8DC76 /* macosx */,
				E9B777DD14BA30E100D8DC76 /* ios */,
				E9D96A3B14B6B8AB007D9521 /* SenTestingKit.framework */,
			);
			name = frameworks;
			path = ..;
			sourceTree = "<group>";
		};
/* End PBXGroup section */

/* Begin PBXHeadersBuildPhase section */
		E9B777A214BA294B00D8DC76 /* Headers */ = {
			isa = PBXHeadersBuildPhase;
			buildActionMask = 2147483647;
			files = (
				E9B777F914BA329400D8DC76 /* Specta.h in Headers */,
				E9B777FA14BA329400D8DC76 /* SpectaSupport.h in Headers */,
				E9B777F814BA329400D8DC76 /* Specta-Prefix.pch in Headers */,
				E9B777FB14BA329400D8DC76 /* SPTSpec.h in Headers */,
				E9B777FC14BA329400D8DC76 /* SPTExample.h in Headers */,
				E9B777FD14BA329400D8DC76 /* SPTExampleGroup.h in Headers */,
				E9D3DEDB157A3F3D0054978E /* SPTSharedExampleGroups.h in Headers */,
				E9B777FE14BA329400D8DC76 /* SPTSenTestCase.h in Headers */,
				E944CA2A14C4B5E300821DED /* SPTSenTestInvocation.h in Headers */,
				E944CA3014C4B70000821DED /* SpectaTypes.h in Headers */,
			);
			runOnlyForDeploymentPostprocessing = 0;
		};
		E9D96A2414B6B8AB007D9521 /* Headers */ = {
			isa = PBXHeadersBuildPhase;
			buildActionMask = 2147483647;
			files = (
				E9D9420F14B8B42A00CD833A /* Specta.h in Headers */,
				E9D9421514B8B42A00CD833A /* SpectaSupport.h in Headers */,
				E9D9420E14B8B42A00CD833A /* Specta-Prefix.pch in Headers */,
				E9D9421114B8B42A00CD833A /* SPTExample.h in Headers */,
				E9D9421314B8B42A00CD833A /* SPTExampleGroup.h in Headers */,
				E9D3DEDA157A3F3D0054978E /* SPTSharedExampleGroups.h in Headers */,
				E9D9421614B8B42A00CD833A /* SPTSpec.h in Headers */,
				E9B7778014B9E15300D8DC76 /* SPTSenTestCase.h in Headers */,
				E944CA2914C4B5E300821DED /* SPTSenTestInvocation.h in Headers */,
				E944CA2F14C4B70000821DED /* SpectaTypes.h in Headers */,
			);
			runOnlyForDeploymentPostprocessing = 0;
		};
/* End PBXHeadersBuildPhase section */

/* Begin PBXNativeTarget section */
		E9B777A314BA294B00D8DC76 /* Specta-iOS */ = {
			isa = PBXNativeTarget;
			buildConfigurationList = E9B777C514BA294C00D8DC76 /* Build configuration list for PBXNativeTarget "Specta-iOS" */;
			buildPhases = (
				E9B777A014BA294B00D8DC76 /* Sources */,
				E9B777A114BA294B00D8DC76 /* Frameworks */,
				E9B777A214BA294B00D8DC76 /* Headers */,
			);
			buildRules = (
			);
			dependencies = (
			);
			name = "Specta-iOS";
			productName = "Specta-iOS";
			productReference = E9B777A414BA294B00D8DC76 /* libSpecta-iOS.a */;
			productType = "com.apple.product-type.library.static";
		};
		E9B777B214BA294B00D8DC76 /* Specta-iOSTests */ = {
			isa = PBXNativeTarget;
			buildConfigurationList = E9B777C814BA294C00D8DC76 /* Build configuration list for PBXNativeTarget "Specta-iOSTests" */;
			buildPhases = (
				E9B777AE14BA294B00D8DC76 /* Sources */,
				E9B777AF14BA294B00D8DC76 /* Frameworks */,
				E9B777B014BA294B00D8DC76 /* Resources */,
				E9B777B114BA294B00D8DC76 /* ShellScript */,
			);
			buildRules = (
			);
			dependencies = (
				E9B777BA14BA294C00D8DC76 /* PBXTargetDependency */,
			);
			name = "Specta-iOSTests";
			productName = "Specta-iOSTests";
			productReference = E9B777B314BA294C00D8DC76 /* Specta-iOSTests.octest */;
			productType = "com.apple.product-type.bundle";
		};
		E9D96A2514B6B8AB007D9521 /* Specta */ = {
			isa = PBXNativeTarget;
			buildConfigurationList = E9D96A4C14B6B8AB007D9521 /* Build configuration list for PBXNativeTarget "Specta" */;
			buildPhases = (
				E9D96A2214B6B8AB007D9521 /* Sources */,
				E9D96A2314B6B8AB007D9521 /* Frameworks */,
				E9D96A2414B6B8AB007D9521 /* Headers */,
			);
			buildRules = (
			);
			dependencies = (
			);
			name = Specta;
			productName = Specta;
			productReference = E9D96A2614B6B8AB007D9521 /* libSpecta.a */;
			productType = "com.apple.product-type.library.static";
		};
		E9D96A3914B6B8AB007D9521 /* SpectaTests */ = {
			isa = PBXNativeTarget;
			buildConfigurationList = E9D96A4F14B6B8AB007D9521 /* Build configuration list for PBXNativeTarget "SpectaTests" */;
			buildPhases = (
				E9D96A3514B6B8AB007D9521 /* Sources */,
				E9D96A3614B6B8AB007D9521 /* Frameworks */,
				E9D96A3714B6B8AB007D9521 /* Resources */,
				E9D96A3814B6B8AB007D9521 /* ShellScript */,
			);
			buildRules = (
			);
			dependencies = (
				E9D96A3F14B6B8AB007D9521 /* PBXTargetDependency */,
			);
			name = SpectaTests;
			productName = SpectaTests;
			productReference = E9D96A3A14B6B8AB007D9521 /* SpectaTests.octest */;
			productType = "com.apple.product-type.bundle";
		};
/* End PBXNativeTarget section */

/* Begin PBXProject section */
		E9D96A1D14B6B8AA007D9521 /* Project object */ = {
			isa = PBXProject;
			attributes = {
				LastUpgradeCheck = 0440;
				ORGANIZATIONNAME = "Peter Jihoon Kim";
			};
			buildConfigurationList = E9D96A2014B6B8AA007D9521 /* Build configuration list for PBXProject "Specta" */;
			compatibilityVersion = "Xcode 3.2";
			developmentRegion = English;
			hasScannedForEncodings = 0;
			knownRegions = (
				en,
			);
			mainGroup = E9D96A1B14B6B8AA007D9521;
			productRefGroup = E9D96A2714B6B8AB007D9521 /* products */;
			projectDirPath = "";
			projectRoot = "";
			targets = (
				E9D96A2514B6B8AB007D9521 /* Specta */,
				E9B777A314BA294B00D8DC76 /* Specta-iOS */,
				E9D96A3914B6B8AB007D9521 /* SpectaTests */,
				E9B777B214BA294B00D8DC76 /* Specta-iOSTests */,
			);
		};
/* End PBXProject section */

/* Begin PBXResourcesBuildPhase section */
		E9B777B014BA294B00D8DC76 /* Resources */ = {
			isa = PBXResourcesBuildPhase;
			buildActionMask = 2147483647;
			files = (
			);
			runOnlyForDeploymentPostprocessing = 0;
		};
		E9D96A3714B6B8AB007D9521 /* Resources */ = {
			isa = PBXResourcesBuildPhase;
			buildActionMask = 2147483647;
			files = (
				E9D9425914B8B43200CD833A /* LICENSE in Resources */,
				E9D9425A14B8B43200CD833A /* README.md in Resources */,
			);
			runOnlyForDeploymentPostprocessing = 0;
		};
/* End PBXResourcesBuildPhase section */

/* Begin PBXShellScriptBuildPhase section */
		E9B777B114BA294B00D8DC76 /* ShellScript */ = {
			isa = PBXShellScriptBuildPhase;
			buildActionMask = 2147483647;
			files = (
			);
			inputPaths = (
			);
			outputPaths = (
			);
			runOnlyForDeploymentPostprocessing = 0;
			shellPath = /bin/sh;
			shellScript = "# Run the unit tests in this test bundle.\n\"${SYSTEM_DEVELOPER_DIR}/Tools/RunUnitTests\"\n";
		};
		E9D96A3814B6B8AB007D9521 /* ShellScript */ = {
			isa = PBXShellScriptBuildPhase;
			buildActionMask = 2147483647;
			files = (
			);
			inputPaths = (
			);
			outputPaths = (
			);
			runOnlyForDeploymentPostprocessing = 0;
			shellPath = /bin/sh;
			shellScript = "# Run the unit tests in this test bundle.\n\"${SYSTEM_DEVELOPER_DIR}/Tools/RunUnitTests\"\n";
		};
/* End PBXShellScriptBuildPhase section */

/* Begin PBXSourcesBuildPhase section */
		E9B777A014BA294B00D8DC76 /* Sources */ = {
			isa = PBXSourcesBuildPhase;
			buildActionMask = 2147483647;
			files = (
				E9B777D514BA308B00D8DC76 /* Specta.m in Sources */,
				E9B777D614BA308B00D8DC76 /* SPTSpec.m in Sources */,
				E9B777D714BA308B00D8DC76 /* SPTExample.m in Sources */,
				E9B777D814BA308B00D8DC76 /* SPTExampleGroup.m in Sources */,
				E9B777D914BA308B00D8DC76 /* SPTSenTestCase.m in Sources */,
				E944CA2D14C4B5F600821DED /* SPTSenTestInvocation.m in Sources */,
				E9D3DEDE157A3F470054978E /* SPTSharedExampleGroups.m in Sources */,
			);
			runOnlyForDeploymentPostprocessing = 0;
		};
		E9B777AE14BA294B00D8DC76 /* Sources */ = {
			isa = PBXSourcesBuildPhase;
			buildActionMask = 2147483647;
			files = (
				E96187B414C4AFA60021D7CE /* TestHelper.m in Sources */,
				E96187B514C4AFA60021D7CE /* CompilationTest1.m in Sources */,
				E96187B614C4AFA60021D7CE /* CompilationTest2.m in Sources */,
				E96187B714C4AFA60021D7CE /* CompilationTest3.m in Sources */,
				E96187B814C4AFA60021D7CE /* CompilationTest4.m in Sources */,
				E96187B914C4AFA60021D7CE /* CompilationTest5.m in Sources */,
				E96187BA14C4AFA60021D7CE /* CompilationTest6.m in Sources */,
				E96187BB14C4AFA60021D7CE /* CompilationTest7.m in Sources */,
				E96187BC14C4AFA60021D7CE /* CompilationTest8.m in Sources */,
				E96187BD14C4AFA60021D7CE /* DSLTest1.m in Sources */,
				E96187BE14C4AFA60021D7CE /* DSLTest2.m in Sources */,
				E96187BF14C4AFA60021D7CE /* DSLTest3.m in Sources */,
				E96187C014C4AFA60021D7CE /* DSLTest4.m in Sources */,
				E96187C114C4AFA60021D7CE /* DSLTest5.m in Sources */,
				E96187C214C4AFA60021D7CE /* ReRunTest.m in Sources */,
				E96187C314C4AFA70021D7CE /* SequenceTest.m in Sources */,
				E96187C414C4AFA70021D7CE /* PassingSpecTest.m in Sources */,
				E96187C514C4AFA70021D7CE /* FailingSpecTest.m in Sources */,
				E96187C614C4AFA70021D7CE /* UnexpectedExceptionTest.m in Sources */,
				E96187C714C4AFA70021D7CE /* MiscTest.m in Sources */,
				E9A204CA14C79F81006E4A66 /* PendingSpecTest1.m in Sources */,
				E9A204CE14C7A487006E4A66 /* PendingSpecTest2.m in Sources */,
				E9D3DED7157A385C0054978E /* SharedExamplesTest1.m in Sources */,
				E9D3DEE1157A45550054978E /* SharedExamplesTest2.m in Sources */,
				E9D3DEE4157A55F50054978E /* SharedExamplesTest3.m in Sources */,
			);
			runOnlyForDeploymentPostprocessing = 0;
		};
		E9D96A2214B6B8AB007D9521 /* Sources */ = {
			isa = PBXSourcesBuildPhase;
			buildActionMask = 2147483647;
			files = (
				E9D9421014B8B42A00CD833A /* Specta.m in Sources */,
				E9D9421714B8B42A00CD833A /* SPTSpec.m in Sources */,
				E9D9421214B8B42A00CD833A /* SPTExample.m in Sources */,
				E9D9421414B8B42A00CD833A /* SPTExampleGroup.m in Sources */,
				E9B7778214B9E15A00D8DC76 /* SPTSenTestCase.m in Sources */,
				E944CA2C14C4B5F600821DED /* SPTSenTestInvocation.m in Sources */,
				E9D3DEDD157A3F470054978E /* SPTSharedExampleGroups.m in Sources */,
			);
			runOnlyForDeploymentPostprocessing = 0;
		};
		E9D96A3514B6B8AB007D9521 /* Sources */ = {
			isa = PBXSourcesBuildPhase;
			buildActionMask = 2147483647;
			files = (
				E9D9424814B8B43200CD833A /* CompilationTest1.m in Sources */,
				E9D9424914B8B43200CD833A /* CompilationTest2.m in Sources */,
				E9D9424A14B8B43200CD833A /* CompilationTest3.m in Sources */,
				E9D9424B14B8B43200CD833A /* CompilationTest4.m in Sources */,
				E9D9424C14B8B43200CD833A /* CompilationTest5.m in Sources */,
				E9D9424D14B8B43200CD833A /* CompilationTest6.m in Sources */,
				E9D9424E14B8B43200CD833A /* CompilationTest7.m in Sources */,
				E9D9424F14B8B43200CD833A /* DSLTest1.m in Sources */,
				E9D9425014B8B43200CD833A /* DSLTest2.m in Sources */,
				E9D9425114B8B43200CD833A /* DSLTest3.m in Sources */,
				E9D9425214B8B43200CD833A /* DSLTest4.m in Sources */,
				E9D9425314B8B43200CD833A /* DSLTest5.m in Sources */,
				E9D9425414B8B43200CD833A /* ReRunTest.m in Sources */,
				E9D9425514B8B43200CD833A /* SequenceTest.m in Sources */,
				E910177314B911340087CD46 /* PassingSpecTest.m in Sources */,
				E910177514B9114A0087CD46 /* FailingSpecTest.m in Sources */,
				E9B7778814BA24EC00D8DC76 /* TestHelper.m in Sources */,
				E9BDBAB914BE2F3A00102FB5 /* MiscTest.m in Sources */,
				E96598D914C345F3003BC25B /* CompilationTest8.m in Sources */,
				E96187B214C4AC690021D7CE /* UnexpectedExceptionTest.m in Sources */,
				E9A204C914C79F81006E4A66 /* PendingSpecTest1.m in Sources */,
				E9A204CD14C7A487006E4A66 /* PendingSpecTest2.m in Sources */,
				E9D3DED6157A385C0054978E /* SharedExamplesTest1.m in Sources */,
				E9D3DEE0157A45550054978E /* SharedExamplesTest2.m in Sources */,
				E9D3DEE3157A55F50054978E /* SharedExamplesTest3.m in Sources */,
			);
			runOnlyForDeploymentPostprocessing = 0;
		};
/* End PBXSourcesBuildPhase section */

/* Begin PBXTargetDependency section */
		E9B777BA14BA294C00D8DC76 /* PBXTargetDependency */ = {
			isa = PBXTargetDependency;
			target = E9B777A314BA294B00D8DC76 /* Specta-iOS */;
			targetProxy = E9B777B914BA294C00D8DC76 /* PBXContainerItemProxy */;
		};
		E9D96A3F14B6B8AB007D9521 /* PBXTargetDependency */ = {
			isa = PBXTargetDependency;
			target = E9D96A2514B6B8AB007D9521 /* Specta */;
			targetProxy = E9D96A3E14B6B8AB007D9521 /* PBXContainerItemProxy */;
		};
/* End PBXTargetDependency section */

/* Begin XCBuildConfiguration section */
		E9B777C614BA294C00D8DC76 /* Debug */ = {
			isa = XCBuildConfiguration;
			buildSettings = {
				ARCHS = "$(ARCHS_STANDARD_32_BIT)";
				DSTROOT = /tmp/Specta_iOS.dst;
				FRAMEWORK_SEARCH_PATHS = (
					"$(inherited)",
					"\"$(DEVELOPER_FRAMEWORKS_DIR)\"",
				);
				GCC_ENABLE_OBJC_GC = unsupported;
				GCC_PRECOMPILE_PREFIX_HEADER = YES;
				GCC_PREFIX_HEADER = "src/Specta-Prefix.pch";
				GCC_VERSION = com.apple.compilers.llvm.clang.1_0;
				IPHONEOS_DEPLOYMENT_TARGET = 4.0;
				PRIVATE_HEADERS_FOLDER_PATH = "";
				PRODUCT_NAME = "$(TARGET_NAME)";
				PUBLIC_HEADERS_FOLDER_PATH = "";
				SDKROOT = iphoneos;
				SKIP_INSTALL = YES;
			};
			name = Debug;
		};
		E9B777C714BA294C00D8DC76 /* Release */ = {
			isa = XCBuildConfiguration;
			buildSettings = {
				ARCHS = "$(ARCHS_STANDARD_32_BIT)";
				DSTROOT = /tmp/Specta_iOS.dst;
				FRAMEWORK_SEARCH_PATHS = (
					"$(inherited)",
					"\"$(DEVELOPER_FRAMEWORKS_DIR)\"",
				);
				GCC_ENABLE_OBJC_GC = unsupported;
				GCC_PRECOMPILE_PREFIX_HEADER = YES;
				GCC_PREFIX_HEADER = "src/Specta-Prefix.pch";
				GCC_VERSION = com.apple.compilers.llvm.clang.1_0;
				IPHONEOS_DEPLOYMENT_TARGET = 4.0;
				PRIVATE_HEADERS_FOLDER_PATH = "";
				PRODUCT_NAME = "$(TARGET_NAME)";
				PUBLIC_HEADERS_FOLDER_PATH = "";
				SDKROOT = iphoneos;
				SKIP_INSTALL = YES;
				VALIDATE_PRODUCT = YES;
			};
			name = Release;
		};
		E9B777C914BA294C00D8DC76 /* Debug */ = {
			isa = XCBuildConfiguration;
			buildSettings = {
				ARCHS = "$(ARCHS_STANDARD_32_BIT)";
				FRAMEWORK_SEARCH_PATHS = (
					"$(SDKROOT)/Developer/Library/Frameworks",
					"$(DEVELOPER_LIBRARY_DIR)/Frameworks",
				);
				GCC_ENABLE_OBJC_GC = unsupported;
				GCC_PRECOMPILE_PREFIX_HEADER = YES;
				GCC_PREFIX_HEADER = "src/Specta-Prefix.pch";
				GCC_VERSION = com.apple.compilers.llvm.clang.1_0;
				INFOPLIST_FILE = "test/support/Test-Info.plist";
				IPHONEOS_DEPLOYMENT_TARGET = 4.0;
				LIBRARY_SEARCH_PATHS = (
					"$(inherited)",
					"\"$(SRCROOT)/test/vendor/expecta\"",
				);
				OTHER_LDFLAGS = (
					"-framework",
					SenTestingKit,
					"-ObjC",
				);
				PRODUCT_NAME = "$(TARGET_NAME)";
				SDKROOT = iphoneos;
				WRAPPER_EXTENSION = octest;
			};
			name = Debug;
		};
		E9B777CA14BA294C00D8DC76 /* Release */ = {
			isa = XCBuildConfiguration;
			buildSettings = {
				ARCHS = "$(ARCHS_STANDARD_32_BIT)";
				FRAMEWORK_SEARCH_PATHS = (
					"$(SDKROOT)/Developer/Library/Frameworks",
					"$(DEVELOPER_LIBRARY_DIR)/Frameworks",
				);
				GCC_ENABLE_OBJC_GC = unsupported;
				GCC_PRECOMPILE_PREFIX_HEADER = YES;
				GCC_PREFIX_HEADER = "src/Specta-Prefix.pch";
				GCC_VERSION = com.apple.compilers.llvm.clang.1_0;
				INFOPLIST_FILE = "test/support/Test-Info.plist";
				IPHONEOS_DEPLOYMENT_TARGET = 4.0;
				LIBRARY_SEARCH_PATHS = (
					"$(inherited)",
					"\"$(SRCROOT)/test/vendor/expecta\"",
				);
				OTHER_LDFLAGS = (
					"-framework",
					SenTestingKit,
					"-ObjC",
				);
				PRODUCT_NAME = "$(TARGET_NAME)";
				SDKROOT = iphoneos;
				VALIDATE_PRODUCT = YES;
				WRAPPER_EXTENSION = octest;
			};
			name = Release;
		};
		E9D96A4A14B6B8AB007D9521 /* Debug */ = {
			isa = XCBuildConfiguration;
			buildSettings = {
				ALWAYS_SEARCH_USER_PATHS = NO;
				ARCHS = "$(ARCHS_STANDARD_32_64_BIT)";
				COPY_PHASE_STRIP = NO;
				GCC_C_LANGUAGE_STANDARD = gnu99;
				GCC_DYNAMIC_NO_PIC = NO;
				GCC_ENABLE_OBJC_EXCEPTIONS = YES;
				GCC_ENABLE_OBJC_GC = supported;
				GCC_OPTIMIZATION_LEVEL = 0;
				GCC_PREPROCESSOR_DEFINITIONS = (
					"DEBUG=1",
					"$(inherited)",
				);
				GCC_SYMBOLS_PRIVATE_EXTERN = NO;
				GCC_VERSION = com.apple.compilers.llvm.clang.1_0;
				GCC_WARN_64_TO_32_BIT_CONVERSION = YES;
				GCC_WARN_ABOUT_MISSING_PROTOTYPES = YES;
				GCC_WARN_ABOUT_RETURN_TYPE = YES;
				GCC_WARN_UNUSED_VARIABLE = YES;
				MACOSX_DEPLOYMENT_TARGET = 10.6;
				ONLY_ACTIVE_ARCH = YES;
				SDKROOT = macosx;
			};
			name = Debug;
		};
		E9D96A4B14B6B8AB007D9521 /* Release */ = {
			isa = XCBuildConfiguration;
			buildSettings = {
				ALWAYS_SEARCH_USER_PATHS = NO;
				ARCHS = "$(ARCHS_STANDARD_32_64_BIT)";
				COPY_PHASE_STRIP = YES;
				DEBUG_INFORMATION_FORMAT = "dwarf-with-dsym";
				GCC_C_LANGUAGE_STANDARD = gnu99;
				GCC_ENABLE_OBJC_EXCEPTIONS = YES;
				GCC_ENABLE_OBJC_GC = supported;
				GCC_VERSION = com.apple.compilers.llvm.clang.1_0;
				GCC_WARN_64_TO_32_BIT_CONVERSION = YES;
				GCC_WARN_ABOUT_MISSING_PROTOTYPES = YES;
				GCC_WARN_ABOUT_RETURN_TYPE = YES;
				GCC_WARN_UNUSED_VARIABLE = YES;
				MACOSX_DEPLOYMENT_TARGET = 10.6;
				SDKROOT = macosx;
			};
			name = Release;
		};
		E9D96A4D14B6B8AB007D9521 /* Debug */ = {
			isa = XCBuildConfiguration;
			buildSettings = {
				ARCHS = "$(ARCHS_STANDARD_32_64_BIT)";
				COMBINE_HIDPI_IMAGES = YES;
				FRAMEWORK_SEARCH_PATHS = (
					"$(inherited)",
					"\"$(DEVELOPER_FRAMEWORKS_DIR)\"",
				);
				GCC_PRECOMPILE_PREFIX_HEADER = YES;
				GCC_PREFIX_HEADER = "src/Specta-Prefix.pch";
				GCC_VERSION = com.apple.compilers.llvm.clang.1_0;
				PRIVATE_HEADERS_FOLDER_PATH = "";
				PRODUCT_NAME = "$(TARGET_NAME)";
				PUBLIC_HEADERS_FOLDER_PATH = "";
			};
			name = Debug;
		};
		E9D96A4E14B6B8AB007D9521 /* Release */ = {
			isa = XCBuildConfiguration;
			buildSettings = {
				ARCHS = "$(ARCHS_STANDARD_32_64_BIT)";
				COMBINE_HIDPI_IMAGES = YES;
				FRAMEWORK_SEARCH_PATHS = (
					"$(inherited)",
					"\"$(DEVELOPER_FRAMEWORKS_DIR)\"",
				);
				GCC_PRECOMPILE_PREFIX_HEADER = YES;
				GCC_PREFIX_HEADER = "src/Specta-Prefix.pch";
				GCC_VERSION = com.apple.compilers.llvm.clang.1_0;
				PRIVATE_HEADERS_FOLDER_PATH = "";
				PRODUCT_NAME = "$(TARGET_NAME)";
				PUBLIC_HEADERS_FOLDER_PATH = "";
				VALIDATE_PRODUCT = YES;
			};
			name = Release;
		};
		E9D96A5014B6B8AB007D9521 /* Debug */ = {
			isa = XCBuildConfiguration;
			buildSettings = {
				ARCHS = "$(ARCHS_STANDARD_32_64_BIT)";
				COMBINE_HIDPI_IMAGES = YES;
				FRAMEWORK_SEARCH_PATHS = "$(DEVELOPER_LIBRARY_DIR)/Frameworks";
				GCC_ENABLE_OBJC_GC = supported;
				GCC_PRECOMPILE_PREFIX_HEADER = YES;
				GCC_PREFIX_HEADER = "src/Specta-Prefix.pch";
				GCC_VERSION = com.apple.compilers.llvm.clang.1_0;
				INFOPLIST_FILE = "test/support/Test-Info.plist";
				LIBRARY_SEARCH_PATHS = (
					"$(inherited)",
					"\"$(SRCROOT)/test/vendor/expecta\"",
				);
				OTHER_LDFLAGS = (
					"-framework",
					SenTestingKit,
					"-ObjC",
				);
				PRODUCT_NAME = "$(TARGET_NAME)";
				WRAPPER_EXTENSION = octest;
			};
			name = Debug;
		};
		E9D96A5114B6B8AB007D9521 /* Release */ = {
			isa = XCBuildConfiguration;
			buildSettings = {
				ARCHS = "$(ARCHS_STANDARD_32_64_BIT)";
				COMBINE_HIDPI_IMAGES = YES;
				FRAMEWORK_SEARCH_PATHS = "$(DEVELOPER_LIBRARY_DIR)/Frameworks";
				GCC_ENABLE_OBJC_GC = supported;
				GCC_PRECOMPILE_PREFIX_HEADER = YES;
				GCC_PREFIX_HEADER = "src/Specta-Prefix.pch";
				GCC_VERSION = com.apple.compilers.llvm.clang.1_0;
				INFOPLIST_FILE = "test/support/Test-Info.plist";
				LIBRARY_SEARCH_PATHS = (
					"$(inherited)",
					"\"$(SRCROOT)/test/vendor/expecta\"",
				);
				OTHER_LDFLAGS = (
					"-framework",
					SenTestingKit,
					"-ObjC",
				);
				PRODUCT_NAME = "$(TARGET_NAME)";
				VALIDATE_PRODUCT = YES;
				WRAPPER_EXTENSION = octest;
			};
			name = Release;
		};
/* End XCBuildConfiguration section */

/* Begin XCConfigurationList section */
		E9B777C514BA294C00D8DC76 /* Build configuration list for PBXNativeTarget "Specta-iOS" */ = {
			isa = XCConfigurationList;
			buildConfigurations = (
				E9B777C614BA294C00D8DC76 /* Debug */,
				E9B777C714BA294C00D8DC76 /* Release */,
			);
			defaultConfigurationIsVisible = 0;
			defaultConfigurationName = Release;
		};
		E9B777C814BA294C00D8DC76 /* Build configuration list for PBXNativeTarget "Specta-iOSTests" */ = {
			isa = XCConfigurationList;
			buildConfigurations = (
				E9B777C914BA294C00D8DC76 /* Debug */,
				E9B777CA14BA294C00D8DC76 /* Release */,
			);
			defaultConfigurationIsVisible = 0;
			defaultConfigurationName = Release;
		};
		E9D96A2014B6B8AA007D9521 /* Build configuration list for PBXProject "Specta" */ = {
			isa = XCConfigurationList;
			buildConfigurations = (
				E9D96A4A14B6B8AB007D9521 /* Debug */,
				E9D96A4B14B6B8AB007D9521 /* Release */,
			);
			defaultConfigurationIsVisible = 0;
			defaultConfigurationName = Release;
		};
		E9D96A4C14B6B8AB007D9521 /* Build configuration list for PBXNativeTarget "Specta" */ = {
			isa = XCConfigurationList;
			buildConfigurations = (
				E9D96A4D14B6B8AB007D9521 /* Debug */,
				E9D96A4E14B6B8AB007D9521 /* Release */,
			);
			defaultConfigurationIsVisible = 0;
			defaultConfigurationName = Release;
		};
		E9D96A4F14B6B8AB007D9521 /* Build configuration list for PBXNativeTarget "SpectaTests" */ = {
			isa = XCConfigurationList;
			buildConfigurations = (
				E9D96A5014B6B8AB007D9521 /* Debug */,
				E9D96A5114B6B8AB007D9521 /* Release */,
			);
			defaultConfigurationIsVisible = 0;
			defaultConfigurationName = Release;
		};
/* End XCConfigurationList section */
	};
	rootObject = E9D96A1D14B6B8AA007D9521 /* Project object */;
}
