// !$*UTF8*$!
{
	archiveVersion = 1;
	classes = {
	};
	objectVersion = 46;
	objects = {

/* Begin PBXBuildFile section */
		B91EE39D18A0F41B0074E17C /* MultipleTestObserverTest.m in Sources */ = {isa = PBXBuildFile; fileRef = B91EE39C18A0F41B0074E17C /* MultipleTestObserverTest.m */; };
		B91EE39E18A0F4210074E17C /* MultipleTestObserverTest.m in Sources */ = {isa = PBXBuildFile; fileRef = B91EE39C18A0F41B0074E17C /* MultipleTestObserverTest.m */; };
		CD77236F1825A67A00719E93 /* SPTReporter.h in Headers */ = {isa = PBXBuildFile; fileRef = CD7723671825A67A00719E93 /* SPTReporter.h */; settings = {ATTRIBUTES = (Public, ); }; };
		CD7723701825A67A00719E93 /* SPTReporter.h in Headers */ = {isa = PBXBuildFile; fileRef = CD7723671825A67A00719E93 /* SPTReporter.h */; settings = {ATTRIBUTES = (Public, ); }; };
		CD7723711825A67A00719E93 /* SPTReporter.m in Sources */ = {isa = PBXBuildFile; fileRef = CD7723681825A67A00719E93 /* SPTReporter.m */; };
		CD7723721825A67A00719E93 /* SPTReporter.m in Sources */ = {isa = PBXBuildFile; fileRef = CD7723681825A67A00719E93 /* SPTReporter.m */; };
		CDF76B481825B4BE008BA160 /* XCTestObserver+Specta.h in Headers */ = {isa = PBXBuildFile; fileRef = CDF76B461825B4BE008BA160 /* XCTestObserver+Specta.h */; settings = {ATTRIBUTES = (Public, ); }; };
		CDF76B491825B4BE008BA160 /* XCTestObserver+Specta.h in Headers */ = {isa = PBXBuildFile; fileRef = CDF76B461825B4BE008BA160 /* XCTestObserver+Specta.h */; settings = {ATTRIBUTES = (Public, ); }; };
		CDF76B4A1825B4BE008BA160 /* XCTestObserver+Specta.m in Sources */ = {isa = PBXBuildFile; fileRef = CDF76B471825B4BE008BA160 /* XCTestObserver+Specta.m */; };
		CDF76B4B1825B4BE008BA160 /* XCTestObserver+Specta.m in Sources */ = {isa = PBXBuildFile; fileRef = CDF76B471825B4BE008BA160 /* XCTestObserver+Specta.m */; };
		CDF76B4E1825C8B1008BA160 /* SPTNestedReporter.h in Headers */ = {isa = PBXBuildFile; fileRef = CDF76B4C1825C8B1008BA160 /* SPTNestedReporter.h */; settings = {ATTRIBUTES = (Public, ); }; };
		CDF76B4F1825C8B1008BA160 /* SPTNestedReporter.h in Headers */ = {isa = PBXBuildFile; fileRef = CDF76B4C1825C8B1008BA160 /* SPTNestedReporter.h */; settings = {ATTRIBUTES = (Public, ); }; };
		CDF76B501825C8B1008BA160 /* SPTNestedReporter.m in Sources */ = {isa = PBXBuildFile; fileRef = CDF76B4D1825C8B1008BA160 /* SPTNestedReporter.m */; };
		CDF76B511825C8B1008BA160 /* SPTNestedReporter.m in Sources */ = {isa = PBXBuildFile; fileRef = CDF76B4D1825C8B1008BA160 /* SPTNestedReporter.m */; };
		CDF76B5418260AA5008BA160 /* SPTXCTestReporter.h in Headers */ = {isa = PBXBuildFile; fileRef = CDF76B5218260AA5008BA160 /* SPTXCTestReporter.h */; settings = {ATTRIBUTES = (Public, ); }; };
		CDF76B5518260AA5008BA160 /* SPTXCTestReporter.h in Headers */ = {isa = PBXBuildFile; fileRef = CDF76B5218260AA5008BA160 /* SPTXCTestReporter.h */; settings = {ATTRIBUTES = (Public, ); }; };
		CDF76B5618260AA5008BA160 /* SPTXCTestReporter.m in Sources */ = {isa = PBXBuildFile; fileRef = CDF76B5318260AA5008BA160 /* SPTXCTestReporter.m */; };
		CDF76B5718260AA5008BA160 /* SPTXCTestReporter.m in Sources */ = {isa = PBXBuildFile; fileRef = CDF76B5318260AA5008BA160 /* SPTXCTestReporter.m */; };
		CDF76B5A182617DB008BA160 /* XCTestRun+Specta.h in Headers */ = {isa = PBXBuildFile; fileRef = CDF76B58182617DB008BA160 /* XCTestRun+Specta.h */; settings = {ATTRIBUTES = (Public, ); }; };
		CDF76B5B182617DB008BA160 /* XCTestRun+Specta.h in Headers */ = {isa = PBXBuildFile; fileRef = CDF76B58182617DB008BA160 /* XCTestRun+Specta.h */; settings = {ATTRIBUTES = (Public, ); }; };
		CDF76B5C182617DB008BA160 /* XCTestRun+Specta.m in Sources */ = {isa = PBXBuildFile; fileRef = CDF76B59182617DB008BA160 /* XCTestRun+Specta.m */; };
		CDF76B5D182617DB008BA160 /* XCTestRun+Specta.m in Sources */ = {isa = PBXBuildFile; fileRef = CDF76B59182617DB008BA160 /* XCTestRun+Specta.m */; };
		DA2966A318DB180F0085E9C2 /* PendingSpecTest3.m in Sources */ = {isa = PBXBuildFile; fileRef = DA2966A218DB180F0085E9C2 /* PendingSpecTest3.m */; };
		DA2966A418DB21FF0085E9C2 /* PendingSpecTest3.m in Sources */ = {isa = PBXBuildFile; fileRef = DA2966A218DB180F0085E9C2 /* PendingSpecTest3.m */; };
		E93B45A318205B91009F43A2 /* Specta.m in Sources */ = {isa = PBXBuildFile; fileRef = E9901C5218205B6600844A05 /* Specta.m */; };
		E93B45A418205B91009F43A2 /* SpectaUtility.m in Sources */ = {isa = PBXBuildFile; fileRef = E9901C5618205B6600844A05 /* SpectaUtility.m */; };
		E93B45A518205B91009F43A2 /* SPTExample.m in Sources */ = {isa = PBXBuildFile; fileRef = E9901C5818205B6600844A05 /* SPTExample.m */; };
		E93B45A618205B91009F43A2 /* SPTExampleGroup.m in Sources */ = {isa = PBXBuildFile; fileRef = E9901C5A18205B6600844A05 /* SPTExampleGroup.m */; };
		E93B45A718205B91009F43A2 /* SPTSharedExampleGroups.m in Sources */ = {isa = PBXBuildFile; fileRef = E9901C5C18205B6600844A05 /* SPTSharedExampleGroups.m */; };
		E93B45A818205B91009F43A2 /* SPTSpec.m in Sources */ = {isa = PBXBuildFile; fileRef = E9901C5E18205B6600844A05 /* SPTSpec.m */; };
		E93B45A918205B91009F43A2 /* SPTXCTestCase.m in Sources */ = {isa = PBXBuildFile; fileRef = E9901C6018205B6600844A05 /* SPTXCTestCase.m */; };
		E93B45AB18205B91009F43A2 /* XCTestCase+Specta.m in Sources */ = {isa = PBXBuildFile; fileRef = E9901C6418205B6600844A05 /* XCTestCase+Specta.m */; };
		E93B45AC18205B92009F43A2 /* Specta.m in Sources */ = {isa = PBXBuildFile; fileRef = E9901C5218205B6600844A05 /* Specta.m */; };
		E93B45AD18205B92009F43A2 /* SpectaUtility.m in Sources */ = {isa = PBXBuildFile; fileRef = E9901C5618205B6600844A05 /* SpectaUtility.m */; };
		E93B45AE18205B92009F43A2 /* SPTExample.m in Sources */ = {isa = PBXBuildFile; fileRef = E9901C5818205B6600844A05 /* SPTExample.m */; };
		E93B45AF18205B92009F43A2 /* SPTExampleGroup.m in Sources */ = {isa = PBXBuildFile; fileRef = E9901C5A18205B6600844A05 /* SPTExampleGroup.m */; };
		E93B45B018205B92009F43A2 /* SPTSharedExampleGroups.m in Sources */ = {isa = PBXBuildFile; fileRef = E9901C5C18205B6600844A05 /* SPTSharedExampleGroups.m */; };
		E93B45B118205B92009F43A2 /* SPTSpec.m in Sources */ = {isa = PBXBuildFile; fileRef = E9901C5E18205B6600844A05 /* SPTSpec.m */; };
		E93B45B218205B92009F43A2 /* SPTXCTestCase.m in Sources */ = {isa = PBXBuildFile; fileRef = E9901C6018205B6600844A05 /* SPTXCTestCase.m */; };
		E93B45B418205B92009F43A2 /* XCTestCase+Specta.m in Sources */ = {isa = PBXBuildFile; fileRef = E9901C6418205B6600844A05 /* XCTestCase+Specta.m */; };
		E93B45B618205BC0009F43A2 /* Specta.h in Headers */ = {isa = PBXBuildFile; fileRef = E9901C5118205B6600844A05 /* Specta.h */; settings = {ATTRIBUTES = (Public, ); }; };
		E93B45B718205BC0009F43A2 /* SpectaSupport.h in Headers */ = {isa = PBXBuildFile; fileRef = E9901C5318205B6600844A05 /* SpectaSupport.h */; settings = {ATTRIBUTES = (Public, ); }; };
		E93B45B818205BC0009F43A2 /* SpectaTypes.h in Headers */ = {isa = PBXBuildFile; fileRef = E9901C5418205B6600844A05 /* SpectaTypes.h */; settings = {ATTRIBUTES = (Public, ); }; };
		E93B45B918205BC0009F43A2 /* SpectaUtility.h in Headers */ = {isa = PBXBuildFile; fileRef = E9901C5518205B6600844A05 /* SpectaUtility.h */; settings = {ATTRIBUTES = (Public, ); }; };
		E93B45BA18205BC0009F43A2 /* SPTExample.h in Headers */ = {isa = PBXBuildFile; fileRef = E9901C5718205B6600844A05 /* SPTExample.h */; settings = {ATTRIBUTES = (Public, ); }; };
		E93B45BB18205BC0009F43A2 /* SPTExampleGroup.h in Headers */ = {isa = PBXBuildFile; fileRef = E9901C5918205B6600844A05 /* SPTExampleGroup.h */; settings = {ATTRIBUTES = (Public, ); }; };
		E93B45BC18205BC0009F43A2 /* SPTSharedExampleGroups.h in Headers */ = {isa = PBXBuildFile; fileRef = E9901C5B18205B6600844A05 /* SPTSharedExampleGroups.h */; settings = {ATTRIBUTES = (Public, ); }; };
		E93B45BD18205BC0009F43A2 /* SPTSpec.h in Headers */ = {isa = PBXBuildFile; fileRef = E9901C5D18205B6600844A05 /* SPTSpec.h */; settings = {ATTRIBUTES = (Public, ); }; };
		E93B45BE18205BC0009F43A2 /* SPTXCTestCase.h in Headers */ = {isa = PBXBuildFile; fileRef = E9901C5F18205B6600844A05 /* SPTXCTestCase.h */; settings = {ATTRIBUTES = (Public, ); }; };
		E93B45C018205BC1009F43A2 /* XCTestCase+Specta.h in Headers */ = {isa = PBXBuildFile; fileRef = E9901C6318205B6600844A05 /* XCTestCase+Specta.h */; settings = {ATTRIBUTES = (Public, ); }; };
		E93B45C118205BC4009F43A2 /* Specta.h in Headers */ = {isa = PBXBuildFile; fileRef = E9901C5118205B6600844A05 /* Specta.h */; settings = {ATTRIBUTES = (Public, ); }; };
		E93B45C218205BC4009F43A2 /* SpectaSupport.h in Headers */ = {isa = PBXBuildFile; fileRef = E9901C5318205B6600844A05 /* SpectaSupport.h */; settings = {ATTRIBUTES = (Public, ); }; };
		E93B45C318205BC4009F43A2 /* SpectaTypes.h in Headers */ = {isa = PBXBuildFile; fileRef = E9901C5418205B6600844A05 /* SpectaTypes.h */; settings = {ATTRIBUTES = (Public, ); }; };
		E93B45C418205BC4009F43A2 /* SpectaUtility.h in Headers */ = {isa = PBXBuildFile; fileRef = E9901C5518205B6600844A05 /* SpectaUtility.h */; settings = {ATTRIBUTES = (Public, ); }; };
		E93B45C518205BC4009F43A2 /* SPTExample.h in Headers */ = {isa = PBXBuildFile; fileRef = E9901C5718205B6600844A05 /* SPTExample.h */; settings = {ATTRIBUTES = (Public, ); }; };
		E93B45C618205BC4009F43A2 /* SPTExampleGroup.h in Headers */ = {isa = PBXBuildFile; fileRef = E9901C5918205B6600844A05 /* SPTExampleGroup.h */; settings = {ATTRIBUTES = (Public, ); }; };
		E93B45C718205BC4009F43A2 /* SPTSharedExampleGroups.h in Headers */ = {isa = PBXBuildFile; fileRef = E9901C5B18205B6600844A05 /* SPTSharedExampleGroups.h */; settings = {ATTRIBUTES = (Public, ); }; };
		E93B45C818205BC4009F43A2 /* SPTSpec.h in Headers */ = {isa = PBXBuildFile; fileRef = E9901C5D18205B6600844A05 /* SPTSpec.h */; settings = {ATTRIBUTES = (Public, ); }; };
		E93B45C918205BC5009F43A2 /* SPTXCTestCase.h in Headers */ = {isa = PBXBuildFile; fileRef = E9901C5F18205B6600844A05 /* SPTXCTestCase.h */; settings = {ATTRIBUTES = (Public, ); }; };
		E93B45CB18205BC5009F43A2 /* XCTestCase+Specta.h in Headers */ = {isa = PBXBuildFile; fileRef = E9901C6318205B6600844A05 /* XCTestCase+Specta.h */; settings = {ATTRIBUTES = (Public, ); }; };
		E93B45CC18205C07009F43A2 /* XCTest.framework in Frameworks */ = {isa = PBXBuildFile; fileRef = E9901C0E18205A3500844A05 /* XCTest.framework */; };
		E93B45CD18205C10009F43A2 /* XCTest.framework in Frameworks */ = {isa = PBXBuildFile; fileRef = E9901C0E18205A3500844A05 /* XCTest.framework */; };
		E93B45D118205C2B009F43A2 /* Foundation.framework in Frameworks */ = {isa = PBXBuildFile; fileRef = E93B45D018205C2B009F43A2 /* Foundation.framework */; };
		E93B45FB18205C99009F43A2 /* TestHelper.m in Sources */ = {isa = PBXBuildFile; fileRef = E93B45E918205C77009F43A2 /* TestHelper.m */; };
		E93B45FD18205C99009F43A2 /* TestHelper.m in Sources */ = {isa = PBXBuildFile; fileRef = E93B45E918205C77009F43A2 /* TestHelper.m */; };
		E93B45FF18205C9E009F43A2 /* AsyncSpecTest.m in Sources */ = {isa = PBXBuildFile; fileRef = E93B45D318205C77009F43A2 /* AsyncSpecTest.m */; };
		E93B460018205C9E009F43A2 /* AsyncSpecTest2.m in Sources */ = {isa = PBXBuildFile; fileRef = E93B45D418205C77009F43A2 /* AsyncSpecTest2.m */; };
		E93B460118205C9E009F43A2 /* AsyncSpecTest3.m in Sources */ = {isa = PBXBuildFile; fileRef = E93B45D518205C77009F43A2 /* AsyncSpecTest3.m */; };
		E93B460218205C9E009F43A2 /* AsyncSpecTimeoutTest.m in Sources */ = {isa = PBXBuildFile; fileRef = E93B45D618205C77009F43A2 /* AsyncSpecTimeoutTest.m */; };
		E93B460318205C9E009F43A2 /* CedarDSLTest.m in Sources */ = {isa = PBXBuildFile; fileRef = E93B45D718205C77009F43A2 /* CedarDSLTest.m */; };
		E93B460418205C9E009F43A2 /* CompilationTest1.m in Sources */ = {isa = PBXBuildFile; fileRef = E93B45D818205C77009F43A2 /* CompilationTest1.m */; };
		E93B460518205C9E009F43A2 /* CompilationTest2.m in Sources */ = {isa = PBXBuildFile; fileRef = E93B45D918205C77009F43A2 /* CompilationTest2.m */; };
		E93B460618205C9E009F43A2 /* CompilationTest3.m in Sources */ = {isa = PBXBuildFile; fileRef = E93B45DA18205C77009F43A2 /* CompilationTest3.m */; };
		E93B460718205C9E009F43A2 /* CompilationTest4.m in Sources */ = {isa = PBXBuildFile; fileRef = E93B45DB18205C77009F43A2 /* CompilationTest4.m */; };
		E93B460818205C9E009F43A2 /* CompilationTest5.m in Sources */ = {isa = PBXBuildFile; fileRef = E93B45DC18205C77009F43A2 /* CompilationTest5.m */; };
		E93B460918205C9E009F43A2 /* CompilationTest6.m in Sources */ = {isa = PBXBuildFile; fileRef = E93B45DD18205C77009F43A2 /* CompilationTest6.m */; };
		E93B460A18205C9E009F43A2 /* CompilationTest7.m in Sources */ = {isa = PBXBuildFile; fileRef = E93B45DE18205C77009F43A2 /* CompilationTest7.m */; };
		E93B460B18205C9E009F43A2 /* CompilationTest8.m in Sources */ = {isa = PBXBuildFile; fileRef = E93B45DF18205C77009F43A2 /* CompilationTest8.m */; };
		E93B460C18205C9E009F43A2 /* DSLTest1.m in Sources */ = {isa = PBXBuildFile; fileRef = E93B45E018205C77009F43A2 /* DSLTest1.m */; };
		E93B460D18205C9E009F43A2 /* DSLTest2.m in Sources */ = {isa = PBXBuildFile; fileRef = E93B45E118205C77009F43A2 /* DSLTest2.m */; };
		E93B460E18205C9E009F43A2 /* DSLTest3.m in Sources */ = {isa = PBXBuildFile; fileRef = E93B45E218205C77009F43A2 /* DSLTest3.m */; };
		E93B460F18205C9E009F43A2 /* DSLTest4.m in Sources */ = {isa = PBXBuildFile; fileRef = E93B45E318205C77009F43A2 /* DSLTest4.m */; };
		E93B461018205C9E009F43A2 /* DSLTest5.m in Sources */ = {isa = PBXBuildFile; fileRef = E93B45E418205C77009F43A2 /* DSLTest5.m */; };
		E93B461118205C9E009F43A2 /* FailingSpecTest.m in Sources */ = {isa = PBXBuildFile; fileRef = E93B45E518205C77009F43A2 /* FailingSpecTest.m */; };
		E93B461218205C9E009F43A2 /* FocusedSpecTest.m in Sources */ = {isa = PBXBuildFile; fileRef = E93B45E618205C77009F43A2 /* FocusedSpecTest.m */; };
		E93B461318205C9E009F43A2 /* MiscTest.m in Sources */ = {isa = PBXBuildFile; fileRef = E93B45EC18205C77009F43A2 /* MiscTest.m */; };
		E93B461418205C9E009F43A2 /* PassingSpecTest.m in Sources */ = {isa = PBXBuildFile; fileRef = E93B45ED18205C77009F43A2 /* PassingSpecTest.m */; };
		E93B461518205C9E009F43A2 /* PendingSpecTest1.m in Sources */ = {isa = PBXBuildFile; fileRef = E93B45EE18205C77009F43A2 /* PendingSpecTest1.m */; };
		E93B461618205C9E009F43A2 /* PendingSpecTest2.m in Sources */ = {isa = PBXBuildFile; fileRef = E93B45EF18205C77009F43A2 /* PendingSpecTest2.m */; };
		E93B461718205C9E009F43A2 /* ReRunTest.m in Sources */ = {isa = PBXBuildFile; fileRef = E93B45F018205C77009F43A2 /* ReRunTest.m */; };
		E93B461818205C9E009F43A2 /* SequenceTest.m in Sources */ = {isa = PBXBuildFile; fileRef = E93B45F118205C77009F43A2 /* SequenceTest.m */; };
		E93B461918205C9E009F43A2 /* SharedExamplesTest1.m in Sources */ = {isa = PBXBuildFile; fileRef = E93B45F218205C77009F43A2 /* SharedExamplesTest1.m */; };
		E93B461A18205C9E009F43A2 /* SharedExamplesTest2.m in Sources */ = {isa = PBXBuildFile; fileRef = E93B45F318205C77009F43A2 /* SharedExamplesTest2.m */; };
		E93B461B18205C9E009F43A2 /* SharedExamplesTest3.m in Sources */ = {isa = PBXBuildFile; fileRef = E93B45F418205C77009F43A2 /* SharedExamplesTest3.m */; };
		E93B461C18205C9E009F43A2 /* SharedExamplesTest4.m in Sources */ = {isa = PBXBuildFile; fileRef = E93B45F518205C77009F43A2 /* SharedExamplesTest4.m */; };
		E93B461D18205C9E009F43A2 /* SharedExamplesTest5.m in Sources */ = {isa = PBXBuildFile; fileRef = E93B45F618205C77009F43A2 /* SharedExamplesTest5.m */; };
		E93B461E18205C9E009F43A2 /* SpectaUtilityTest.m in Sources */ = {isa = PBXBuildFile; fileRef = E93B45F718205C77009F43A2 /* SpectaUtilityTest.m */; };
		E93B461F18205C9E009F43A2 /* UnexpectedExceptionTest.m in Sources */ = {isa = PBXBuildFile; fileRef = E93B45FA18205C77009F43A2 /* UnexpectedExceptionTest.m */; };
		E93B462018205C9E009F43A2 /* AsyncSpecTest.m in Sources */ = {isa = PBXBuildFile; fileRef = E93B45D318205C77009F43A2 /* AsyncSpecTest.m */; };
		E93B462118205C9E009F43A2 /* AsyncSpecTest2.m in Sources */ = {isa = PBXBuildFile; fileRef = E93B45D418205C77009F43A2 /* AsyncSpecTest2.m */; };
		E93B462218205C9E009F43A2 /* AsyncSpecTest3.m in Sources */ = {isa = PBXBuildFile; fileRef = E93B45D518205C77009F43A2 /* AsyncSpecTest3.m */; };
		E93B462318205C9E009F43A2 /* AsyncSpecTimeoutTest.m in Sources */ = {isa = PBXBuildFile; fileRef = E93B45D618205C77009F43A2 /* AsyncSpecTimeoutTest.m */; };
		E93B462418205C9E009F43A2 /* CedarDSLTest.m in Sources */ = {isa = PBXBuildFile; fileRef = E93B45D718205C77009F43A2 /* CedarDSLTest.m */; };
		E93B462518205C9E009F43A2 /* CompilationTest1.m in Sources */ = {isa = PBXBuildFile; fileRef = E93B45D818205C77009F43A2 /* CompilationTest1.m */; };
		E93B462618205C9E009F43A2 /* CompilationTest2.m in Sources */ = {isa = PBXBuildFile; fileRef = E93B45D918205C77009F43A2 /* CompilationTest2.m */; };
		E93B462718205C9E009F43A2 /* CompilationTest3.m in Sources */ = {isa = PBXBuildFile; fileRef = E93B45DA18205C77009F43A2 /* CompilationTest3.m */; };
		E93B462818205C9E009F43A2 /* CompilationTest4.m in Sources */ = {isa = PBXBuildFile; fileRef = E93B45DB18205C77009F43A2 /* CompilationTest4.m */; };
		E93B462918205C9E009F43A2 /* CompilationTest5.m in Sources */ = {isa = PBXBuildFile; fileRef = E93B45DC18205C77009F43A2 /* CompilationTest5.m */; };
		E93B462A18205C9E009F43A2 /* CompilationTest6.m in Sources */ = {isa = PBXBuildFile; fileRef = E93B45DD18205C77009F43A2 /* CompilationTest6.m */; };
		E93B462B18205C9E009F43A2 /* CompilationTest7.m in Sources */ = {isa = PBXBuildFile; fileRef = E93B45DE18205C77009F43A2 /* CompilationTest7.m */; };
		E93B462C18205C9E009F43A2 /* CompilationTest8.m in Sources */ = {isa = PBXBuildFile; fileRef = E93B45DF18205C77009F43A2 /* CompilationTest8.m */; };
		E93B462D18205C9E009F43A2 /* DSLTest1.m in Sources */ = {isa = PBXBuildFile; fileRef = E93B45E018205C77009F43A2 /* DSLTest1.m */; };
		E93B462E18205C9E009F43A2 /* DSLTest2.m in Sources */ = {isa = PBXBuildFile; fileRef = E93B45E118205C77009F43A2 /* DSLTest2.m */; };
		E93B462F18205C9E009F43A2 /* DSLTest3.m in Sources */ = {isa = PBXBuildFile; fileRef = E93B45E218205C77009F43A2 /* DSLTest3.m */; };
		E93B463018205C9E009F43A2 /* DSLTest4.m in Sources */ = {isa = PBXBuildFile; fileRef = E93B45E318205C77009F43A2 /* DSLTest4.m */; };
		E93B463118205C9E009F43A2 /* DSLTest5.m in Sources */ = {isa = PBXBuildFile; fileRef = E93B45E418205C77009F43A2 /* DSLTest5.m */; };
		E93B463218205C9E009F43A2 /* FailingSpecTest.m in Sources */ = {isa = PBXBuildFile; fileRef = E93B45E518205C77009F43A2 /* FailingSpecTest.m */; };
		E93B463318205C9E009F43A2 /* FocusedSpecTest.m in Sources */ = {isa = PBXBuildFile; fileRef = E93B45E618205C77009F43A2 /* FocusedSpecTest.m */; };
		E93B463418205C9E009F43A2 /* MiscTest.m in Sources */ = {isa = PBXBuildFile; fileRef = E93B45EC18205C77009F43A2 /* MiscTest.m */; };
		E93B463518205C9E009F43A2 /* PassingSpecTest.m in Sources */ = {isa = PBXBuildFile; fileRef = E93B45ED18205C77009F43A2 /* PassingSpecTest.m */; };
		E93B463618205C9E009F43A2 /* PendingSpecTest1.m in Sources */ = {isa = PBXBuildFile; fileRef = E93B45EE18205C77009F43A2 /* PendingSpecTest1.m */; };
		E93B463718205C9E009F43A2 /* PendingSpecTest2.m in Sources */ = {isa = PBXBuildFile; fileRef = E93B45EF18205C77009F43A2 /* PendingSpecTest2.m */; };
		E93B463818205C9E009F43A2 /* ReRunTest.m in Sources */ = {isa = PBXBuildFile; fileRef = E93B45F018205C77009F43A2 /* ReRunTest.m */; };
		E93B463918205C9E009F43A2 /* SequenceTest.m in Sources */ = {isa = PBXBuildFile; fileRef = E93B45F118205C77009F43A2 /* SequenceTest.m */; };
		E93B463A18205C9E009F43A2 /* SharedExamplesTest1.m in Sources */ = {isa = PBXBuildFile; fileRef = E93B45F218205C77009F43A2 /* SharedExamplesTest1.m */; };
		E93B463B18205C9E009F43A2 /* SharedExamplesTest2.m in Sources */ = {isa = PBXBuildFile; fileRef = E93B45F318205C77009F43A2 /* SharedExamplesTest2.m */; };
		E93B463C18205C9E009F43A2 /* SharedExamplesTest3.m in Sources */ = {isa = PBXBuildFile; fileRef = E93B45F418205C77009F43A2 /* SharedExamplesTest3.m */; };
		E93B463D18205C9E009F43A2 /* SharedExamplesTest4.m in Sources */ = {isa = PBXBuildFile; fileRef = E93B45F518205C77009F43A2 /* SharedExamplesTest4.m */; };
		E93B463E18205C9E009F43A2 /* SharedExamplesTest5.m in Sources */ = {isa = PBXBuildFile; fileRef = E93B45F618205C77009F43A2 /* SharedExamplesTest5.m */; };
		E93B463F18205C9E009F43A2 /* SpectaUtilityTest.m in Sources */ = {isa = PBXBuildFile; fileRef = E93B45F718205C77009F43A2 /* SpectaUtilityTest.m */; };
		E93B464018205C9E009F43A2 /* UnexpectedExceptionTest.m in Sources */ = {isa = PBXBuildFile; fileRef = E93B45FA18205C77009F43A2 /* UnexpectedExceptionTest.m */; };
		E9901C0118205A3500844A05 /* Foundation.framework in Frameworks */ = {isa = PBXBuildFile; fileRef = E9901C0018205A3500844A05 /* Foundation.framework */; };
		E9901C0F18205A3500844A05 /* XCTest.framework in Frameworks */ = {isa = PBXBuildFile; fileRef = E9901C0E18205A3500844A05 /* XCTest.framework */; };
		E9901C1518205A3500844A05 /* libSpecta-iOS.a in Frameworks */ = {isa = PBXBuildFile; fileRef = E9901BFD18205A3500844A05 /* libSpecta-iOS.a */; };
		E9901C3C18205AB100844A05 /* XCTest.framework in Frameworks */ = {isa = PBXBuildFile; fileRef = E9901C0E18205A3500844A05 /* XCTest.framework */; };
		E9901C4018205AB100844A05 /* libSpecta-OSX.a in Frameworks */ = {isa = PBXBuildFile; fileRef = E9901C2A18205AB100844A05 /* libSpecta-OSX.a */; };
/* End PBXBuildFile section */

/* Begin PBXContainerItemProxy section */
		E9901C1318205A3500844A05 /* PBXContainerItemProxy */ = {
			isa = PBXContainerItemProxy;
			containerPortal = E9901BF518205A3500844A05 /* Project object */;
			proxyType = 1;
			remoteGlobalIDString = E9901BFC18205A3500844A05;
			remoteInfo = Specta;
		};
		E9901C3E18205AB100844A05 /* PBXContainerItemProxy */ = {
			isa = PBXContainerItemProxy;
			containerPortal = E9901BF518205A3500844A05 /* Project object */;
			proxyType = 1;
			remoteGlobalIDString = E9901C2918205AB100844A05;
			remoteInfo = "Specta-OSX";
		};
/* End PBXContainerItemProxy section */

/* Begin PBXFileReference section */
		B91EE39C18A0F41B0074E17C /* MultipleTestObserverTest.m */ = {isa = PBXFileReference; fileEncoding = 4; lastKnownFileType = sourcecode.c.objc; path = MultipleTestObserverTest.m; sourceTree = "<group>"; };
		CD7723671825A67A00719E93 /* SPTReporter.h */ = {isa = PBXFileReference; fileEncoding = 4; lastKnownFileType = sourcecode.c.h; path = SPTReporter.h; sourceTree = "<group>"; };
		CD7723681825A67A00719E93 /* SPTReporter.m */ = {isa = PBXFileReference; fileEncoding = 4; lastKnownFileType = sourcecode.c.objc; path = SPTReporter.m; sourceTree = "<group>"; };
		CDF76B461825B4BE008BA160 /* XCTestObserver+Specta.h */ = {isa = PBXFileReference; fileEncoding = 4; lastKnownFileType = sourcecode.c.h; path = "XCTestObserver+Specta.h"; sourceTree = "<group>"; };
		CDF76B471825B4BE008BA160 /* XCTestObserver+Specta.m */ = {isa = PBXFileReference; fileEncoding = 4; lastKnownFileType = sourcecode.c.objc; path = "XCTestObserver+Specta.m"; sourceTree = "<group>"; };
		CDF76B4C1825C8B1008BA160 /* SPTNestedReporter.h */ = {isa = PBXFileReference; fileEncoding = 4; lastKnownFileType = sourcecode.c.h; path = SPTNestedReporter.h; sourceTree = "<group>"; };
		CDF76B4D1825C8B1008BA160 /* SPTNestedReporter.m */ = {isa = PBXFileReference; fileEncoding = 4; lastKnownFileType = sourcecode.c.objc; path = SPTNestedReporter.m; sourceTree = "<group>"; };
		CDF76B5218260AA5008BA160 /* SPTXCTestReporter.h */ = {isa = PBXFileReference; fileEncoding = 4; lastKnownFileType = sourcecode.c.h; path = SPTXCTestReporter.h; sourceTree = "<group>"; };
		CDF76B5318260AA5008BA160 /* SPTXCTestReporter.m */ = {isa = PBXFileReference; fileEncoding = 4; lastKnownFileType = sourcecode.c.objc; path = SPTXCTestReporter.m; sourceTree = "<group>"; };
		CDF76B58182617DB008BA160 /* XCTestRun+Specta.h */ = {isa = PBXFileReference; fileEncoding = 4; lastKnownFileType = sourcecode.c.h; path = "XCTestRun+Specta.h"; sourceTree = "<group>"; };
		CDF76B59182617DB008BA160 /* XCTestRun+Specta.m */ = {isa = PBXFileReference; fileEncoding = 4; lastKnownFileType = sourcecode.c.objc; path = "XCTestRun+Specta.m"; sourceTree = "<group>"; };
		DA2966A218DB180F0085E9C2 /* PendingSpecTest3.m */ = {isa = PBXFileReference; fileEncoding = 4; lastKnownFileType = sourcecode.c.objc; path = PendingSpecTest3.m; sourceTree = "<group>"; };
		E93B45D018205C2B009F43A2 /* Foundation.framework */ = {isa = PBXFileReference; lastKnownFileType = wrapper.framework; name = Foundation.framework; path = Platforms/MacOSX.platform/Developer/SDKs/MacOSX10.9.sdk/System/Library/Frameworks/Foundation.framework; sourceTree = DEVELOPER_DIR; };
		E93B45D318205C77009F43A2 /* AsyncSpecTest.m */ = {isa = PBXFileReference; lastKnownFileType = sourcecode.c.objc; path = AsyncSpecTest.m; sourceTree = "<group>"; };
		E93B45D418205C77009F43A2 /* AsyncSpecTest2.m */ = {isa = PBXFileReference; lastKnownFileType = sourcecode.c.objc; path = AsyncSpecTest2.m; sourceTree = "<group>"; };
		E93B45D518205C77009F43A2 /* AsyncSpecTest3.m */ = {isa = PBXFileReference; lastKnownFileType = sourcecode.c.objc; path = AsyncSpecTest3.m; sourceTree = "<group>"; };
		E93B45D618205C77009F43A2 /* AsyncSpecTimeoutTest.m */ = {isa = PBXFileReference; lastKnownFileType = sourcecode.c.objc; path = AsyncSpecTimeoutTest.m; sourceTree = "<group>"; };
		E93B45D718205C77009F43A2 /* CedarDSLTest.m */ = {isa = PBXFileReference; lastKnownFileType = sourcecode.c.objc; path = CedarDSLTest.m; sourceTree = "<group>"; };
		E93B45D818205C77009F43A2 /* CompilationTest1.m */ = {isa = PBXFileReference; lastKnownFileType = sourcecode.c.objc; path = CompilationTest1.m; sourceTree = "<group>"; };
		E93B45D918205C77009F43A2 /* CompilationTest2.m */ = {isa = PBXFileReference; lastKnownFileType = sourcecode.c.objc; path = CompilationTest2.m; sourceTree = "<group>"; };
		E93B45DA18205C77009F43A2 /* CompilationTest3.m */ = {isa = PBXFileReference; lastKnownFileType = sourcecode.c.objc; path = CompilationTest3.m; sourceTree = "<group>"; };
		E93B45DB18205C77009F43A2 /* CompilationTest4.m */ = {isa = PBXFileReference; lastKnownFileType = sourcecode.c.objc; path = CompilationTest4.m; sourceTree = "<group>"; };
		E93B45DC18205C77009F43A2 /* CompilationTest5.m */ = {isa = PBXFileReference; lastKnownFileType = sourcecode.c.objc; path = CompilationTest5.m; sourceTree = "<group>"; };
		E93B45DD18205C77009F43A2 /* CompilationTest6.m */ = {isa = PBXFileReference; lastKnownFileType = sourcecode.c.objc; path = CompilationTest6.m; sourceTree = "<group>"; };
		E93B45DE18205C77009F43A2 /* CompilationTest7.m */ = {isa = PBXFileReference; lastKnownFileType = sourcecode.c.objc; path = CompilationTest7.m; sourceTree = "<group>"; };
		E93B45DF18205C77009F43A2 /* CompilationTest8.m */ = {isa = PBXFileReference; lastKnownFileType = sourcecode.c.objc; path = CompilationTest8.m; sourceTree = "<group>"; };
		E93B45E018205C77009F43A2 /* DSLTest1.m */ = {isa = PBXFileReference; lastKnownFileType = sourcecode.c.objc; path = DSLTest1.m; sourceTree = "<group>"; };
		E93B45E118205C77009F43A2 /* DSLTest2.m */ = {isa = PBXFileReference; lastKnownFileType = sourcecode.c.objc; path = DSLTest2.m; sourceTree = "<group>"; };
		E93B45E218205C77009F43A2 /* DSLTest3.m */ = {isa = PBXFileReference; lastKnownFileType = sourcecode.c.objc; path = DSLTest3.m; sourceTree = "<group>"; };
		E93B45E318205C77009F43A2 /* DSLTest4.m */ = {isa = PBXFileReference; lastKnownFileType = sourcecode.c.objc; path = DSLTest4.m; sourceTree = "<group>"; };
		E93B45E418205C77009F43A2 /* DSLTest5.m */ = {isa = PBXFileReference; lastKnownFileType = sourcecode.c.objc; path = DSLTest5.m; sourceTree = "<group>"; };
		E93B45E518205C77009F43A2 /* FailingSpecTest.m */ = {isa = PBXFileReference; lastKnownFileType = sourcecode.c.objc; path = FailingSpecTest.m; sourceTree = "<group>"; };
		E93B45E618205C77009F43A2 /* FocusedSpecTest.m */ = {isa = PBXFileReference; lastKnownFileType = sourcecode.c.objc; path = FocusedSpecTest.m; sourceTree = "<group>"; };
		E93B45E818205C77009F43A2 /* TestHelper.h */ = {isa = PBXFileReference; lastKnownFileType = sourcecode.c.h; path = TestHelper.h; sourceTree = "<group>"; };
		E93B45E918205C77009F43A2 /* TestHelper.m */ = {isa = PBXFileReference; lastKnownFileType = sourcecode.c.objc; path = TestHelper.m; sourceTree = "<group>"; };
		E93B45EC18205C77009F43A2 /* MiscTest.m */ = {isa = PBXFileReference; lastKnownFileType = sourcecode.c.objc; path = MiscTest.m; sourceTree = "<group>"; };
		E93B45ED18205C77009F43A2 /* PassingSpecTest.m */ = {isa = PBXFileReference; lastKnownFileType = sourcecode.c.objc; path = PassingSpecTest.m; sourceTree = "<group>"; };
		E93B45EE18205C77009F43A2 /* PendingSpecTest1.m */ = {isa = PBXFileReference; lastKnownFileType = sourcecode.c.objc; path = PendingSpecTest1.m; sourceTree = "<group>"; };
		E93B45EF18205C77009F43A2 /* PendingSpecTest2.m */ = {isa = PBXFileReference; lastKnownFileType = sourcecode.c.objc; path = PendingSpecTest2.m; sourceTree = "<group>"; };
		E93B45F018205C77009F43A2 /* ReRunTest.m */ = {isa = PBXFileReference; lastKnownFileType = sourcecode.c.objc; path = ReRunTest.m; sourceTree = "<group>"; };
		E93B45F118205C77009F43A2 /* SequenceTest.m */ = {isa = PBXFileReference; lastKnownFileType = sourcecode.c.objc; path = SequenceTest.m; sourceTree = "<group>"; };
		E93B45F218205C77009F43A2 /* SharedExamplesTest1.m */ = {isa = PBXFileReference; lastKnownFileType = sourcecode.c.objc; path = SharedExamplesTest1.m; sourceTree = "<group>"; };
		E93B45F318205C77009F43A2 /* SharedExamplesTest2.m */ = {isa = PBXFileReference; lastKnownFileType = sourcecode.c.objc; path = SharedExamplesTest2.m; sourceTree = "<group>"; };
		E93B45F418205C77009F43A2 /* SharedExamplesTest3.m */ = {isa = PBXFileReference; lastKnownFileType = sourcecode.c.objc; path = SharedExamplesTest3.m; sourceTree = "<group>"; };
		E93B45F518205C77009F43A2 /* SharedExamplesTest4.m */ = {isa = PBXFileReference; lastKnownFileType = sourcecode.c.objc; path = SharedExamplesTest4.m; sourceTree = "<group>"; };
		E93B45F618205C77009F43A2 /* SharedExamplesTest5.m */ = {isa = PBXFileReference; lastKnownFileType = sourcecode.c.objc; path = SharedExamplesTest5.m; sourceTree = "<group>"; };
		E93B45F718205C77009F43A2 /* SpectaUtilityTest.m */ = {isa = PBXFileReference; lastKnownFileType = sourcecode.c.objc; path = SpectaUtilityTest.m; sourceTree = "<group>"; };
		E93B45F918205C77009F43A2 /* SpectaTests-Info.plist */ = {isa = PBXFileReference; lastKnownFileType = text.plist.xml; path = "SpectaTests-Info.plist"; sourceTree = "<group>"; };
		E93B45FA18205C77009F43A2 /* UnexpectedExceptionTest.m */ = {isa = PBXFileReference; lastKnownFileType = sourcecode.c.objc; path = UnexpectedExceptionTest.m; sourceTree = "<group>"; };
		E9901BFD18205A3500844A05 /* libSpecta-iOS.a */ = {isa = PBXFileReference; explicitFileType = archive.ar; includeInIndex = 0; path = "libSpecta-iOS.a"; sourceTree = BUILT_PRODUCTS_DIR; };
		E9901C0018205A3500844A05 /* Foundation.framework */ = {isa = PBXFileReference; lastKnownFileType = wrapper.framework; name = Foundation.framework; path = System/Library/Frameworks/Foundation.framework; sourceTree = SDKROOT; };
		E9901C0D18205A3500844A05 /* SpectaTests-iOS.xctest */ = {isa = PBXFileReference; explicitFileType = wrapper.cfbundle; includeInIndex = 0; path = "SpectaTests-iOS.xctest"; sourceTree = BUILT_PRODUCTS_DIR; };
		E9901C0E18205A3500844A05 /* XCTest.framework */ = {isa = PBXFileReference; lastKnownFileType = wrapper.framework; name = XCTest.framework; path = Library/Frameworks/XCTest.framework; sourceTree = DEVELOPER_DIR; };
		E9901C2A18205AB100844A05 /* libSpecta-OSX.a */ = {isa = PBXFileReference; explicitFileType = archive.ar; includeInIndex = 0; path = "libSpecta-OSX.a"; sourceTree = BUILT_PRODUCTS_DIR; };
		E9901C3B18205AB100844A05 /* Specta-OSXTests.xctest */ = {isa = PBXFileReference; explicitFileType = wrapper.cfbundle; includeInIndex = 0; path = "Specta-OSXTests.xctest"; sourceTree = BUILT_PRODUCTS_DIR; };
		E9901C5018205B6600844A05 /* Specta-Prefix.pch */ = {isa = PBXFileReference; lastKnownFileType = sourcecode.c.h; path = "Specta-Prefix.pch"; sourceTree = "<group>"; };
		E9901C5118205B6600844A05 /* Specta.h */ = {isa = PBXFileReference; lastKnownFileType = sourcecode.c.h; path = Specta.h; sourceTree = "<group>"; };
		E9901C5218205B6600844A05 /* Specta.m */ = {isa = PBXFileReference; lastKnownFileType = sourcecode.c.objc; path = Specta.m; sourceTree = "<group>"; };
		E9901C5318205B6600844A05 /* SpectaSupport.h */ = {isa = PBXFileReference; lastKnownFileType = sourcecode.c.h; path = SpectaSupport.h; sourceTree = "<group>"; };
		E9901C5418205B6600844A05 /* SpectaTypes.h */ = {isa = PBXFileReference; lastKnownFileType = sourcecode.c.h; path = SpectaTypes.h; sourceTree = "<group>"; };
		E9901C5518205B6600844A05 /* SpectaUtility.h */ = {isa = PBXFileReference; lastKnownFileType = sourcecode.c.h; path = SpectaUtility.h; sourceTree = "<group>"; };
		E9901C5618205B6600844A05 /* SpectaUtility.m */ = {isa = PBXFileReference; lastKnownFileType = sourcecode.c.objc; path = SpectaUtility.m; sourceTree = "<group>"; };
		E9901C5718205B6600844A05 /* SPTExample.h */ = {isa = PBXFileReference; lastKnownFileType = sourcecode.c.h; path = SPTExample.h; sourceTree = "<group>"; };
		E9901C5818205B6600844A05 /* SPTExample.m */ = {isa = PBXFileReference; lastKnownFileType = sourcecode.c.objc; path = SPTExample.m; sourceTree = "<group>"; };
		E9901C5918205B6600844A05 /* SPTExampleGroup.h */ = {isa = PBXFileReference; lastKnownFileType = sourcecode.c.h; path = SPTExampleGroup.h; sourceTree = "<group>"; };
		E9901C5A18205B6600844A05 /* SPTExampleGroup.m */ = {isa = PBXFileReference; lastKnownFileType = sourcecode.c.objc; path = SPTExampleGroup.m; sourceTree = "<group>"; };
		E9901C5B18205B6600844A05 /* SPTSharedExampleGroups.h */ = {isa = PBXFileReference; lastKnownFileType = sourcecode.c.h; path = SPTSharedExampleGroups.h; sourceTree = "<group>"; };
		E9901C5C18205B6600844A05 /* SPTSharedExampleGroups.m */ = {isa = PBXFileReference; lastKnownFileType = sourcecode.c.objc; path = SPTSharedExampleGroups.m; sourceTree = "<group>"; };
		E9901C5D18205B6600844A05 /* SPTSpec.h */ = {isa = PBXFileReference; lastKnownFileType = sourcecode.c.h; path = SPTSpec.h; sourceTree = "<group>"; };
		E9901C5E18205B6600844A05 /* SPTSpec.m */ = {isa = PBXFileReference; lastKnownFileType = sourcecode.c.objc; path = SPTSpec.m; sourceTree = "<group>"; };
		E9901C5F18205B6600844A05 /* SPTXCTestCase.h */ = {isa = PBXFileReference; lastKnownFileType = sourcecode.c.h; path = SPTXCTestCase.h; sourceTree = "<group>"; };
		E9901C6018205B6600844A05 /* SPTXCTestCase.m */ = {isa = PBXFileReference; lastKnownFileType = sourcecode.c.objc; path = SPTXCTestCase.m; sourceTree = "<group>"; };
		E9901C6318205B6600844A05 /* XCTestCase+Specta.h */ = {isa = PBXFileReference; lastKnownFileType = sourcecode.c.h; path = "XCTestCase+Specta.h"; sourceTree = "<group>"; };
		E9901C6418205B6600844A05 /* XCTestCase+Specta.m */ = {isa = PBXFileReference; lastKnownFileType = sourcecode.c.objc; path = "XCTestCase+Specta.m"; sourceTree = "<group>"; };
		E99B375A18205D6F00213D26 /* CHANGELOG.md */ = {isa = PBXFileReference; lastKnownFileType = text; path = CHANGELOG.md; sourceTree = "<group>"; };
		E99B375B18205D6F00213D26 /* LICENSE */ = {isa = PBXFileReference; lastKnownFileType = text; path = LICENSE; sourceTree = "<group>"; };
		E99B375C18205D7000213D26 /* Rakefile */ = {isa = PBXFileReference; lastKnownFileType = text; path = Rakefile; sourceTree = "<group>"; };
		E99B375D18205D7000213D26 /* README.md */ = {isa = PBXFileReference; lastKnownFileType = text; path = README.md; sourceTree = "<group>"; };
		E99B375E18205D7000213D26 /* Specta.podspec */ = {isa = PBXFileReference; lastKnownFileType = text; path = Specta.podspec; sourceTree = "<group>"; };
/* End PBXFileReference section */

/* Begin PBXFrameworksBuildPhase section */
		E9901BFA18205A3500844A05 /* Frameworks */ = {
			isa = PBXFrameworksBuildPhase;
			buildActionMask = 2147483647;
			files = (
				E93B45CC18205C07009F43A2 /* XCTest.framework in Frameworks */,
				E9901C0118205A3500844A05 /* Foundation.framework in Frameworks */,
			);
			runOnlyForDeploymentPostprocessing = 0;
		};
		E9901C0A18205A3500844A05 /* Frameworks */ = {
			isa = PBXFrameworksBuildPhase;
			buildActionMask = 2147483647;
			files = (
				E9901C0F18205A3500844A05 /* XCTest.framework in Frameworks */,
				E9901C1518205A3500844A05 /* libSpecta-iOS.a in Frameworks */,
			);
			runOnlyForDeploymentPostprocessing = 0;
		};
		E9901C2718205AB100844A05 /* Frameworks */ = {
			isa = PBXFrameworksBuildPhase;
			buildActionMask = 2147483647;
			files = (
				E93B45CD18205C10009F43A2 /* XCTest.framework in Frameworks */,
				E93B45D118205C2B009F43A2 /* Foundation.framework in Frameworks */,
			);
			runOnlyForDeploymentPostprocessing = 0;
		};
		E9901C3818205AB100844A05 /* Frameworks */ = {
			isa = PBXFrameworksBuildPhase;
			buildActionMask = 2147483647;
			files = (
				E9901C3C18205AB100844A05 /* XCTest.framework in Frameworks */,
				E9901C4018205AB100844A05 /* libSpecta-OSX.a in Frameworks */,
			);
			runOnlyForDeploymentPostprocessing = 0;
		};
/* End PBXFrameworksBuildPhase section */

/* Begin PBXGroup section */
		E93B45CE18205C14009F43A2 /* iOS */ = {
			isa = PBXGroup;
			children = (
				E9901C0018205A3500844A05 /* Foundation.framework */,
			);
			name = iOS;
			sourceTree = "<group>";
		};
		E93B45CF18205C18009F43A2 /* OSX */ = {
			isa = PBXGroup;
			children = (
				E93B45D018205C2B009F43A2 /* Foundation.framework */,
			);
			name = OSX;
			sourceTree = "<group>";
		};
		E93B45D218205C77009F43A2 /* test */ = {
			isa = PBXGroup;
			children = (
				E93B45E718205C77009F43A2 /* helpers */,
				E93B45F818205C77009F43A2 /* support */,
				E93B45D318205C77009F43A2 /* AsyncSpecTest.m */,
				E93B45D418205C77009F43A2 /* AsyncSpecTest2.m */,
				E93B45D518205C77009F43A2 /* AsyncSpecTest3.m */,
				E93B45D618205C77009F43A2 /* AsyncSpecTimeoutTest.m */,
				E93B45D718205C77009F43A2 /* CedarDSLTest.m */,
				E93B45D818205C77009F43A2 /* CompilationTest1.m */,
				E93B45D918205C77009F43A2 /* CompilationTest2.m */,
				E93B45DA18205C77009F43A2 /* CompilationTest3.m */,
				E93B45DB18205C77009F43A2 /* CompilationTest4.m */,
				E93B45DC18205C77009F43A2 /* CompilationTest5.m */,
				E93B45DD18205C77009F43A2 /* CompilationTest6.m */,
				E93B45DE18205C77009F43A2 /* CompilationTest7.m */,
				E93B45DF18205C77009F43A2 /* CompilationTest8.m */,
				E93B45E018205C77009F43A2 /* DSLTest1.m */,
				E93B45E118205C77009F43A2 /* DSLTest2.m */,
				E93B45E218205C77009F43A2 /* DSLTest3.m */,
				E93B45E318205C77009F43A2 /* DSLTest4.m */,
				E93B45E418205C77009F43A2 /* DSLTest5.m */,
				E93B45E518205C77009F43A2 /* FailingSpecTest.m */,
				E93B45E618205C77009F43A2 /* FocusedSpecTest.m */,
				E93B45EC18205C77009F43A2 /* MiscTest.m */,
				E93B45ED18205C77009F43A2 /* PassingSpecTest.m */,
				E93B45EE18205C77009F43A2 /* PendingSpecTest1.m */,
				E93B45EF18205C77009F43A2 /* PendingSpecTest2.m */,
				DA2966A218DB180F0085E9C2 /* PendingSpecTest3.m */,
				E93B45F018205C77009F43A2 /* ReRunTest.m */,
				E93B45F118205C77009F43A2 /* SequenceTest.m */,
				E93B45F218205C77009F43A2 /* SharedExamplesTest1.m */,
				E93B45F318205C77009F43A2 /* SharedExamplesTest2.m */,
				E93B45F418205C77009F43A2 /* SharedExamplesTest3.m */,
				E93B45F518205C77009F43A2 /* SharedExamplesTest4.m */,
				E93B45F618205C77009F43A2 /* SharedExamplesTest5.m */,
				E93B45F718205C77009F43A2 /* SpectaUtilityTest.m */,
				E93B45FA18205C77009F43A2 /* UnexpectedExceptionTest.m */,
				B91EE39C18A0F41B0074E17C /* MultipleTestObserverTest.m */,
			);
			path = test;
			sourceTree = "<group>";
		};
		E93B45E718205C77009F43A2 /* helpers */ = {
			isa = PBXGroup;
			children = (
				E93B45E818205C77009F43A2 /* TestHelper.h */,
				E93B45E918205C77009F43A2 /* TestHelper.m */,
			);
			path = helpers;
			sourceTree = "<group>";
		};
		E93B45F818205C77009F43A2 /* support */ = {
			isa = PBXGroup;
			children = (
				E93B45F918205C77009F43A2 /* SpectaTests-Info.plist */,
			);
			path = support;
			sourceTree = "<group>";
		};
		E9901BF418205A3500844A05 = {
			isa = PBXGroup;
			children = (
				E9901C4F18205B6600844A05 /* src */,
				E9901BFF18205A3500844A05 /* Frameworks */,
				E9901BFE18205A3500844A05 /* Products */,
				E93B45D218205C77009F43A2 /* test */,
				E99B375A18205D6F00213D26 /* CHANGELOG.md */,
				E99B375B18205D6F00213D26 /* LICENSE */,
				E99B375C18205D7000213D26 /* Rakefile */,
				E99B375D18205D7000213D26 /* README.md */,
				E99B375E18205D7000213D26 /* Specta.podspec */,
			);
			sourceTree = "<group>";
		};
		E9901BFE18205A3500844A05 /* Products */ = {
			isa = PBXGroup;
			children = (
				E9901BFD18205A3500844A05 /* libSpecta-iOS.a */,
				E9901C0D18205A3500844A05 /* SpectaTests-iOS.xctest */,
				E9901C2A18205AB100844A05 /* libSpecta-OSX.a */,
				E9901C3B18205AB100844A05 /* Specta-OSXTests.xctest */,
			);
			name = Products;
			sourceTree = "<group>";
		};
		E9901BFF18205A3500844A05 /* Frameworks */ = {
			isa = PBXGroup;
			children = (
				E93B45CE18205C14009F43A2 /* iOS */,
				E93B45CF18205C18009F43A2 /* OSX */,
				E9901C0E18205A3500844A05 /* XCTest.framework */,
			);
			name = Frameworks;
			sourceTree = "<group>";
		};
		E9901C4F18205B6600844A05 /* src */ = {
			isa = PBXGroup;
			children = (
				E9901C5018205B6600844A05 /* Specta-Prefix.pch */,
				E9901C5118205B6600844A05 /* Specta.h */,
				E9901C5218205B6600844A05 /* Specta.m */,
				E9901C5318205B6600844A05 /* SpectaSupport.h */,
				E9901C5418205B6600844A05 /* SpectaTypes.h */,
				E9901C5518205B6600844A05 /* SpectaUtility.h */,
				E9901C5618205B6600844A05 /* SpectaUtility.m */,
				E9901C5718205B6600844A05 /* SPTExample.h */,
				E9901C5818205B6600844A05 /* SPTExample.m */,
				E9901C5918205B6600844A05 /* SPTExampleGroup.h */,
				E9901C5A18205B6600844A05 /* SPTExampleGroup.m */,
				E9901C5B18205B6600844A05 /* SPTSharedExampleGroups.h */,
				E9901C5C18205B6600844A05 /* SPTSharedExampleGroups.m */,
				E9901C5D18205B6600844A05 /* SPTSpec.h */,
				E9901C5E18205B6600844A05 /* SPTSpec.m */,
				E9901C5F18205B6600844A05 /* SPTXCTestCase.h */,
				E9901C6018205B6600844A05 /* SPTXCTestCase.m */,
				E9901C6318205B6600844A05 /* XCTestCase+Specta.h */,
				E9901C6418205B6600844A05 /* XCTestCase+Specta.m */,
				CDF76B461825B4BE008BA160 /* XCTestObserver+Specta.h */,
				CDF76B471825B4BE008BA160 /* XCTestObserver+Specta.m */,
				CDF76B58182617DB008BA160 /* XCTestRun+Specta.h */,
				CDF76B59182617DB008BA160 /* XCTestRun+Specta.m */,
				CD7723671825A67A00719E93 /* SPTReporter.h */,
				CD7723681825A67A00719E93 /* SPTReporter.m */,
				CDF76B5218260AA5008BA160 /* SPTXCTestReporter.h */,
				CDF76B5318260AA5008BA160 /* SPTXCTestReporter.m */,
				CDF76B4C1825C8B1008BA160 /* SPTNestedReporter.h */,
				CDF76B4D1825C8B1008BA160 /* SPTNestedReporter.m */,
			);
			path = src;
			sourceTree = "<group>";
		};
/* End PBXGroup section */

/* Begin PBXHeadersBuildPhase section */
		E93B45B518205BB1009F43A2 /* Headers */ = {
			isa = PBXHeadersBuildPhase;
			buildActionMask = 2147483647;
			files = (
				E93B45B618205BC0009F43A2 /* Specta.h in Headers */,
				E93B45B718205BC0009F43A2 /* SpectaSupport.h in Headers */,
				E93B45B818205BC0009F43A2 /* SpectaTypes.h in Headers */,
				E93B45B918205BC0009F43A2 /* SpectaUtility.h in Headers */,
				E93B45BA18205BC0009F43A2 /* SPTExample.h in Headers */,
				E93B45BB18205BC0009F43A2 /* SPTExampleGroup.h in Headers */,
				E93B45BC18205BC0009F43A2 /* SPTSharedExampleGroups.h in Headers */,
				CDF76B5A182617DB008BA160 /* XCTestRun+Specta.h in Headers */,
				CDF76B481825B4BE008BA160 /* XCTestObserver+Specta.h in Headers */,
				CDF76B5418260AA5008BA160 /* SPTXCTestReporter.h in Headers */,
				CDF76B4E1825C8B1008BA160 /* SPTNestedReporter.h in Headers */,
				CD77236F1825A67A00719E93 /* SPTReporter.h in Headers */,
				E93B45BD18205BC0009F43A2 /* SPTSpec.h in Headers */,
				E93B45BE18205BC0009F43A2 /* SPTXCTestCase.h in Headers */,
				E93B45C018205BC1009F43A2 /* XCTestCase+Specta.h in Headers */,
			);
			runOnlyForDeploymentPostprocessing = 0;
		};
		E9901C2818205AB100844A05 /* Headers */ = {
			isa = PBXHeadersBuildPhase;
			buildActionMask = 2147483647;
			files = (
				E93B45C118205BC4009F43A2 /* Specta.h in Headers */,
				E93B45C218205BC4009F43A2 /* SpectaSupport.h in Headers */,
				E93B45C318205BC4009F43A2 /* SpectaTypes.h in Headers */,
				E93B45C418205BC4009F43A2 /* SpectaUtility.h in Headers */,
				E93B45C518205BC4009F43A2 /* SPTExample.h in Headers */,
				E93B45C618205BC4009F43A2 /* SPTExampleGroup.h in Headers */,
				E93B45C718205BC4009F43A2 /* SPTSharedExampleGroups.h in Headers */,
				CDF76B5B182617DB008BA160 /* XCTestRun+Specta.h in Headers */,
				CDF76B491825B4BE008BA160 /* XCTestObserver+Specta.h in Headers */,
				CDF76B5518260AA5008BA160 /* SPTXCTestReporter.h in Headers */,
				CDF76B4F1825C8B1008BA160 /* SPTNestedReporter.h in Headers */,
				CD7723701825A67A00719E93 /* SPTReporter.h in Headers */,
				E93B45C818205BC4009F43A2 /* SPTSpec.h in Headers */,
				E93B45C918205BC5009F43A2 /* SPTXCTestCase.h in Headers */,
				E93B45CB18205BC5009F43A2 /* XCTestCase+Specta.h in Headers */,
			);
			runOnlyForDeploymentPostprocessing = 0;
		};
/* End PBXHeadersBuildPhase section */

/* Begin PBXNativeTarget section */
		E9901BFC18205A3500844A05 /* Specta-iOS */ = {
			isa = PBXNativeTarget;
			buildConfigurationList = E9901C2018205A3500844A05 /* Build configuration list for PBXNativeTarget "Specta-iOS" */;
			buildPhases = (
				E9901BF918205A3500844A05 /* Sources */,
				E9901BFA18205A3500844A05 /* Frameworks */,
				E93B45B518205BB1009F43A2 /* Headers */,
			);
			buildRules = (
			);
			dependencies = (
			);
			name = "Specta-iOS";
			productName = Specta;
			productReference = E9901BFD18205A3500844A05 /* libSpecta-iOS.a */;
			productType = "com.apple.product-type.library.static";
		};
		E9901C0C18205A3500844A05 /* SpectaTests-iOS */ = {
			isa = PBXNativeTarget;
			buildConfigurationList = E9901C2318205A3500844A05 /* Build configuration list for PBXNativeTarget "SpectaTests-iOS" */;
			buildPhases = (
				E9901C0918205A3500844A05 /* Sources */,
				E9901C0A18205A3500844A05 /* Frameworks */,
				E9901C0B18205A3500844A05 /* Resources */,
			);
			buildRules = (
			);
			dependencies = (
				E9901C1418205A3500844A05 /* PBXTargetDependency */,
			);
			name = "SpectaTests-iOS";
			productName = SpectaTests;
			productReference = E9901C0D18205A3500844A05 /* SpectaTests-iOS.xctest */;
			productType = "com.apple.product-type.bundle.unit-test";
		};
		E9901C2918205AB100844A05 /* Specta-OSX */ = {
			isa = PBXNativeTarget;
			buildConfigurationList = E9901C4918205AB100844A05 /* Build configuration list for PBXNativeTarget "Specta-OSX" */;
			buildPhases = (
				E9901C2618205AB100844A05 /* Sources */,
				E9901C2718205AB100844A05 /* Frameworks */,
				E9901C2818205AB100844A05 /* Headers */,
			);
			buildRules = (
			);
			dependencies = (
			);
			name = "Specta-OSX";
			productName = "Specta-OSX";
			productReference = E9901C2A18205AB100844A05 /* libSpecta-OSX.a */;
			productType = "com.apple.product-type.library.static";
		};
		E9901C3A18205AB100844A05 /* Specta-OSXTests */ = {
			isa = PBXNativeTarget;
			buildConfigurationList = E9901C4C18205AB100844A05 /* Build configuration list for PBXNativeTarget "Specta-OSXTests" */;
			buildPhases = (
				E9901C3718205AB100844A05 /* Sources */,
				E9901C3818205AB100844A05 /* Frameworks */,
				E9901C3918205AB100844A05 /* Resources */,
			);
			buildRules = (
			);
			dependencies = (
				E9901C3F18205AB100844A05 /* PBXTargetDependency */,
			);
			name = "Specta-OSXTests";
			productName = "Specta-OSXTests";
			productReference = E9901C3B18205AB100844A05 /* Specta-OSXTests.xctest */;
			productType = "com.apple.product-type.bundle.unit-test";
		};
/* End PBXNativeTarget section */

/* Begin PBXProject section */
		E9901BF518205A3500844A05 /* Project object */ = {
			isa = PBXProject;
			attributes = {
				LastUpgradeCheck = 0510;
				ORGANIZATIONNAME = "Specta Team";
			};
			buildConfigurationList = E9901BF818205A3500844A05 /* Build configuration list for PBXProject "Specta" */;
			compatibilityVersion = "Xcode 3.2";
			developmentRegion = English;
			hasScannedForEncodings = 0;
			knownRegions = (
				en,
			);
			mainGroup = E9901BF418205A3500844A05;
			productRefGroup = E9901BFE18205A3500844A05 /* Products */;
			projectDirPath = "";
			projectRoot = "";
			targets = (
				E9901BFC18205A3500844A05 /* Specta-iOS */,
				E9901C2918205AB100844A05 /* Specta-OSX */,
				E9901C0C18205A3500844A05 /* SpectaTests-iOS */,
				E9901C3A18205AB100844A05 /* Specta-OSXTests */,
			);
		};
/* End PBXProject section */

/* Begin PBXResourcesBuildPhase section */
		E9901C0B18205A3500844A05 /* Resources */ = {
			isa = PBXResourcesBuildPhase;
			buildActionMask = 2147483647;
			files = (
			);
			runOnlyForDeploymentPostprocessing = 0;
		};
		E9901C3918205AB100844A05 /* Resources */ = {
			isa = PBXResourcesBuildPhase;
			buildActionMask = 2147483647;
			files = (
			);
			runOnlyForDeploymentPostprocessing = 0;
		};
/* End PBXResourcesBuildPhase section */

/* Begin PBXSourcesBuildPhase section */
		E9901BF918205A3500844A05 /* Sources */ = {
			isa = PBXSourcesBuildPhase;
			buildActionMask = 2147483647;
			files = (
				E93B45B118205B92009F43A2 /* SPTSpec.m in Sources */,
				CDF76B4A1825B4BE008BA160 /* XCTestObserver+Specta.m in Sources */,
				E93B45AF18205B92009F43A2 /* SPTExampleGroup.m in Sources */,
				E93B45B418205B92009F43A2 /* XCTestCase+Specta.m in Sources */,
				E93B45AE18205B92009F43A2 /* SPTExample.m in Sources */,
				CDF76B5618260AA5008BA160 /* SPTXCTestReporter.m in Sources */,
				E93B45AD18205B92009F43A2 /* SpectaUtility.m in Sources */,
				CDF76B501825C8B1008BA160 /* SPTNestedReporter.m in Sources */,
				CDF76B5C182617DB008BA160 /* XCTestRun+Specta.m in Sources */,
				CD7723711825A67A00719E93 /* SPTReporter.m in Sources */,
				E93B45B018205B92009F43A2 /* SPTSharedExampleGroups.m in Sources */,
				E93B45B218205B92009F43A2 /* SPTXCTestCase.m in Sources */,
				E93B45AC18205B92009F43A2 /* Specta.m in Sources */,
			);
			runOnlyForDeploymentPostprocessing = 0;
		};
		E9901C0918205A3500844A05 /* Sources */ = {
			isa = PBXSourcesBuildPhase;
			buildActionMask = 2147483647;
			files = (
				E93B462618205C9E009F43A2 /* CompilationTest2.m in Sources */,
				E93B45FB18205C99009F43A2 /* TestHelper.m in Sources */,
				E93B462018205C9E009F43A2 /* AsyncSpecTest.m in Sources */,
				E93B463618205C9E009F43A2 /* PendingSpecTest1.m in Sources */,
				E93B462C18205C9E009F43A2 /* CompilationTest8.m in Sources */,
				E93B463518205C9E009F43A2 /* PassingSpecTest.m in Sources */,
				E93B463C18205C9E009F43A2 /* SharedExamplesTest3.m in Sources */,
				E93B462718205C9E009F43A2 /* CompilationTest3.m in Sources */,
				E93B462F18205C9E009F43A2 /* DSLTest3.m in Sources */,
				E93B462418205C9E009F43A2 /* CedarDSLTest.m in Sources */,
				E93B463F18205C9E009F43A2 /* SpectaUtilityTest.m in Sources */,
				E93B462818205C9E009F43A2 /* CompilationTest4.m in Sources */,
				E93B463018205C9E009F43A2 /* DSLTest4.m in Sources */,
				DA2966A318DB180F0085E9C2 /* PendingSpecTest3.m in Sources */,
				E93B462118205C9E009F43A2 /* AsyncSpecTest2.m in Sources */,
				E93B463B18205C9E009F43A2 /* SharedExamplesTest2.m in Sources */,
				E93B464018205C9E009F43A2 /* UnexpectedExceptionTest.m in Sources */,
				E93B462318205C9E009F43A2 /* AsyncSpecTimeoutTest.m in Sources */,
				E93B463E18205C9E009F43A2 /* SharedExamplesTest5.m in Sources */,
				E93B462D18205C9E009F43A2 /* DSLTest1.m in Sources */,
				E93B463918205C9E009F43A2 /* SequenceTest.m in Sources */,
				E93B462518205C9E009F43A2 /* CompilationTest1.m in Sources */,
				E93B463818205C9E009F43A2 /* ReRunTest.m in Sources */,
				E93B463218205C9E009F43A2 /* FailingSpecTest.m in Sources */,
				E93B463118205C9E009F43A2 /* DSLTest5.m in Sources */,
				E93B463A18205C9E009F43A2 /* SharedExamplesTest1.m in Sources */,
				E93B462918205C9E009F43A2 /* CompilationTest5.m in Sources */,
				E93B462218205C9E009F43A2 /* AsyncSpecTest3.m in Sources */,
				B91EE39D18A0F41B0074E17C /* MultipleTestObserverTest.m in Sources */,
				E93B463418205C9E009F43A2 /* MiscTest.m in Sources */,
				E93B463D18205C9E009F43A2 /* SharedExamplesTest4.m in Sources */,
				E93B463718205C9E009F43A2 /* PendingSpecTest2.m in Sources */,
				E93B463318205C9E009F43A2 /* FocusedSpecTest.m in Sources */,
				E93B462A18205C9E009F43A2 /* CompilationTest6.m in Sources */,
				E93B462E18205C9E009F43A2 /* DSLTest2.m in Sources */,
				E93B462B18205C9E009F43A2 /* CompilationTest7.m in Sources */,
			);
			runOnlyForDeploymentPostprocessing = 0;
		};
		E9901C2618205AB100844A05 /* Sources */ = {
			isa = PBXSourcesBuildPhase;
			buildActionMask = 2147483647;
			files = (
				E93B45A818205B91009F43A2 /* SPTSpec.m in Sources */,
				CDF76B4B1825B4BE008BA160 /* XCTestObserver+Specta.m in Sources */,
				E93B45A618205B91009F43A2 /* SPTExampleGroup.m in Sources */,
				E93B45AB18205B91009F43A2 /* XCTestCase+Specta.m in Sources */,
				E93B45A518205B91009F43A2 /* SPTExample.m in Sources */,
				CDF76B5718260AA5008BA160 /* SPTXCTestReporter.m in Sources */,
				E93B45A418205B91009F43A2 /* SpectaUtility.m in Sources */,
				CDF76B511825C8B1008BA160 /* SPTNestedReporter.m in Sources */,
				CDF76B5D182617DB008BA160 /* XCTestRun+Specta.m in Sources */,
				CD7723721825A67A00719E93 /* SPTReporter.m in Sources */,
				E93B45A718205B91009F43A2 /* SPTSharedExampleGroups.m in Sources */,
				E93B45A918205B91009F43A2 /* SPTXCTestCase.m in Sources */,
				E93B45A318205B91009F43A2 /* Specta.m in Sources */,
			);
			runOnlyForDeploymentPostprocessing = 0;
		};
		E9901C3718205AB100844A05 /* Sources */ = {
			isa = PBXSourcesBuildPhase;
			buildActionMask = 2147483647;
			files = (
				E93B460518205C9E009F43A2 /* CompilationTest2.m in Sources */,
				E93B45FD18205C99009F43A2 /* TestHelper.m in Sources */,
				E93B45FF18205C9E009F43A2 /* AsyncSpecTest.m in Sources */,
				E93B461518205C9E009F43A2 /* PendingSpecTest1.m in Sources */,
				E93B460B18205C9E009F43A2 /* CompilationTest8.m in Sources */,
				E93B461418205C9E009F43A2 /* PassingSpecTest.m in Sources */,
				E93B461B18205C9E009F43A2 /* SharedExamplesTest3.m in Sources */,
				E93B460618205C9E009F43A2 /* CompilationTest3.m in Sources */,
				E93B460E18205C9E009F43A2 /* DSLTest3.m in Sources */,
				E93B460318205C9E009F43A2 /* CedarDSLTest.m in Sources */,
				E93B461E18205C9E009F43A2 /* SpectaUtilityTest.m in Sources */,
				E93B460718205C9E009F43A2 /* CompilationTest4.m in Sources */,
				E93B460F18205C9E009F43A2 /* DSLTest4.m in Sources */,
				DA2966A418DB21FF0085E9C2 /* PendingSpecTest3.m in Sources */,
				E93B460018205C9E009F43A2 /* AsyncSpecTest2.m in Sources */,
				E93B461A18205C9E009F43A2 /* SharedExamplesTest2.m in Sources */,
				E93B461F18205C9E009F43A2 /* UnexpectedExceptionTest.m in Sources */,
				E93B460218205C9E009F43A2 /* AsyncSpecTimeoutTest.m in Sources */,
				E93B461D18205C9E009F43A2 /* SharedExamplesTest5.m in Sources */,
				E93B460C18205C9E009F43A2 /* DSLTest1.m in Sources */,
				E93B461818205C9E009F43A2 /* SequenceTest.m in Sources */,
				E93B460418205C9E009F43A2 /* CompilationTest1.m in Sources */,
				E93B461718205C9E009F43A2 /* ReRunTest.m in Sources */,
				E93B461118205C9E009F43A2 /* FailingSpecTest.m in Sources */,
				E93B461018205C9E009F43A2 /* DSLTest5.m in Sources */,
				E93B461918205C9E009F43A2 /* SharedExamplesTest1.m in Sources */,
				E93B460818205C9E009F43A2 /* CompilationTest5.m in Sources */,
				E93B460118205C9E009F43A2 /* AsyncSpecTest3.m in Sources */,
				B91EE39E18A0F4210074E17C /* MultipleTestObserverTest.m in Sources */,
				E93B461318205C9E009F43A2 /* MiscTest.m in Sources */,
				E93B461C18205C9E009F43A2 /* SharedExamplesTest4.m in Sources */,
				E93B461618205C9E009F43A2 /* PendingSpecTest2.m in Sources */,
				E93B461218205C9E009F43A2 /* FocusedSpecTest.m in Sources */,
				E93B460918205C9E009F43A2 /* CompilationTest6.m in Sources */,
				E93B460D18205C9E009F43A2 /* DSLTest2.m in Sources */,
				E93B460A18205C9E009F43A2 /* CompilationTest7.m in Sources */,
			);
			runOnlyForDeploymentPostprocessing = 0;
		};
/* End PBXSourcesBuildPhase section */

/* Begin PBXTargetDependency section */
		E9901C1418205A3500844A05 /* PBXTargetDependency */ = {
			isa = PBXTargetDependency;
			target = E9901BFC18205A3500844A05 /* Specta-iOS */;
			targetProxy = E9901C1318205A3500844A05 /* PBXContainerItemProxy */;
		};
		E9901C3F18205AB100844A05 /* PBXTargetDependency */ = {
			isa = PBXTargetDependency;
			target = E9901C2918205AB100844A05 /* Specta-OSX */;
			targetProxy = E9901C3E18205AB100844A05 /* PBXContainerItemProxy */;
		};
/* End PBXTargetDependency section */

/* Begin XCBuildConfiguration section */
		BE5C179918EDF850003A13EC /* Test */ = {
			isa = XCBuildConfiguration;
			buildSettings = {
				ALWAYS_SEARCH_USER_PATHS = NO;
				ARCHS = "$(ARCHS_STANDARD_INCLUDING_64_BIT)";
				CLANG_CXX_LANGUAGE_STANDARD = "gnu++0x";
				CLANG_CXX_LIBRARY = "libc++";
				CLANG_ENABLE_MODULES = YES;
				CLANG_ENABLE_OBJC_ARC = YES;
				CLANG_WARN_BOOL_CONVERSION = YES;
				CLANG_WARN_CONSTANT_CONVERSION = YES;
				CLANG_WARN_DIRECT_OBJC_ISA_USAGE = YES_ERROR;
				CLANG_WARN_EMPTY_BODY = YES;
				CLANG_WARN_ENUM_CONVERSION = YES;
				CLANG_WARN_INT_CONVERSION = YES;
				CLANG_WARN_OBJC_ROOT_CLASS = YES_ERROR;
				CLANG_WARN__DUPLICATE_METHOD_MATCH = YES;
				COPY_PHASE_STRIP = NO;
				GCC_C_LANGUAGE_STANDARD = gnu99;
				GCC_DYNAMIC_NO_PIC = NO;
				GCC_OPTIMIZATION_LEVEL = 0;
				GCC_PREPROCESSOR_DEFINITIONS = (
					"DEBUG=1",
					"$(inherited)",
				);
				GCC_SYMBOLS_PRIVATE_EXTERN = NO;
				GCC_WARN_64_TO_32_BIT_CONVERSION = YES;
				GCC_WARN_ABOUT_RETURN_TYPE = YES_ERROR;
				GCC_WARN_UNDECLARED_SELECTOR = YES;
				GCC_WARN_UNINITIALIZED_AUTOS = YES;
				GCC_WARN_UNUSED_FUNCTION = YES;
				GCC_WARN_UNUSED_VARIABLE = YES;
				IPHONEOS_DEPLOYMENT_TARGET = 7.0;
				ONLY_ACTIVE_ARCH = YES;
				SDKROOT = iphoneos;
			};
			name = Test;
		};
		BE5C179A18EDF850003A13EC /* Test */ = {
			isa = XCBuildConfiguration;
			buildSettings = {
				ARCHS = "$(ARCHS_STANDARD_INCLUDING_64_BIT)";
				DSTROOT = /tmp/Specta.dst;
				FRAMEWORK_SEARCH_PATHS = (
					"$(inherited)",
					"$(DEVELOPER_FRAMEWORKS_DIR)",
				);
				GCC_PRECOMPILE_PREFIX_HEADER = YES;
				GCC_PREFIX_HEADER = "src/Specta-Prefix.pch";
				IPHONEOS_DEPLOYMENT_TARGET = 6.0;
				OTHER_LDFLAGS = "-ObjC";
				PRIVATE_HEADERS_FOLDER_PATH = "";
				PRODUCT_NAME = "$(TARGET_NAME)";
				PUBLIC_HEADERS_FOLDER_PATH = "";
				SKIP_INSTALL = YES;
				VALID_ARCHS = "arm64 armv7 armv7s i386 x86_64";
			};
			name = Test;
		};
		BE5C179B18EDF850003A13EC /* Test */ = {
			isa = XCBuildConfiguration;
			buildSettings = {
				FRAMEWORK_SEARCH_PATHS = (
					"$(inherited)",
					"$(DEVELOPER_FRAMEWORKS_DIR)",
				);
				GCC_ENABLE_OBJC_EXCEPTIONS = YES;
				GCC_PRECOMPILE_PREFIX_HEADER = YES;
				GCC_PREFIX_HEADER = "src/Specta-Prefix.pch";
				GCC_PREPROCESSOR_DEFINITIONS = (
					"DEBUG=1",
					"$(inherited)",
				);
				MACOSX_DEPLOYMENT_TARGET = 10.7;
				OTHER_LDFLAGS = "-ObjC";
				PRIVATE_HEADERS_FOLDER_PATH = "";
				PRODUCT_NAME = "$(TARGET_NAME)";
				PUBLIC_HEADERS_FOLDER_PATH = "";
				SDKROOT = macosx;
			};
			name = Test;
		};
		BE5C179C18EDF850003A13EC /* Test */ = {
			isa = XCBuildConfiguration;
			buildSettings = {
				ARCHS = "$(ARCHS_STANDARD)";
				FRAMEWORK_SEARCH_PATHS = (
					"$(SDKROOT)/Developer/Library/Frameworks",
					"$(inherited)",
					"$(DEVELOPER_FRAMEWORKS_DIR)",
				);
				GCC_PRECOMPILE_PREFIX_HEADER = YES;
				GCC_PREFIX_HEADER = "src/Specta-Prefix.pch";
				GCC_PREPROCESSOR_DEFINITIONS = (
					"DEBUG=1",
					"$(inherited)",
				);
				INFOPLIST_FILE = "test/support/SpectaTests-Info.plist";
				IPHONEOS_DEPLOYMENT_TARGET = 6.0;
				OTHER_LDFLAGS = (
					"$(inherited)",
					"-ObjC",
				);
				PRODUCT_NAME = "$(TARGET_NAME)";
				WRAPPER_EXTENSION = xctest;
			};
			name = Test;
		};
		BE5C179D18EDF850003A13EC /* Test */ = {
			isa = XCBuildConfiguration;
			buildSettings = {
				COMBINE_HIDPI_IMAGES = YES;
				FRAMEWORK_SEARCH_PATHS = (
					"$(DEVELOPER_FRAMEWORKS_DIR)",
					"$(inherited)",
				);
				GCC_ENABLE_OBJC_EXCEPTIONS = YES;
				GCC_PRECOMPILE_PREFIX_HEADER = YES;
				GCC_PREFIX_HEADER = "src/Specta-Prefix.pch";
				GCC_PREPROCESSOR_DEFINITIONS = (
					"DEBUG=1",
					"$(inherited)",
				);
				INFOPLIST_FILE = "test/support/SpectaTests-Info.plist";
				MACOSX_DEPLOYMENT_TARGET = 10.7;
				OTHER_LDFLAGS = (
					"$(inherited)",
					"-ObjC",
				);
				PRODUCT_NAME = "$(TARGET_NAME)";
				SDKROOT = macosx;
				WRAPPER_EXTENSION = xctest;
			};
			name = Test;
		};
		E9901C1E18205A3500844A05 /* Debug */ = {
			isa = XCBuildConfiguration;
			buildSettings = {
				ALWAYS_SEARCH_USER_PATHS = NO;
				ARCHS = "$(ARCHS_STANDARD_INCLUDING_64_BIT)";
				CLANG_CXX_LANGUAGE_STANDARD = "gnu++0x";
				CLANG_CXX_LIBRARY = "libc++";
				CLANG_ENABLE_MODULES = YES;
				CLANG_ENABLE_OBJC_ARC = YES;
				CLANG_WARN_BOOL_CONVERSION = YES;
				CLANG_WARN_CONSTANT_CONVERSION = YES;
				CLANG_WARN_DIRECT_OBJC_ISA_USAGE = YES_ERROR;
				CLANG_WARN_EMPTY_BODY = YES;
				CLANG_WARN_ENUM_CONVERSION = YES;
				CLANG_WARN_INT_CONVERSION = YES;
				CLANG_WARN_OBJC_ROOT_CLASS = YES_ERROR;
				CLANG_WARN__DUPLICATE_METHOD_MATCH = YES;
				COPY_PHASE_STRIP = NO;
				GCC_C_LANGUAGE_STANDARD = gnu99;
				GCC_DYNAMIC_NO_PIC = NO;
				GCC_OPTIMIZATION_LEVEL = 0;
				GCC_PREPROCESSOR_DEFINITIONS = (
					"DEBUG=1",
					"$(inherited)",
				);
				GCC_SYMBOLS_PRIVATE_EXTERN = NO;
				GCC_WARN_64_TO_32_BIT_CONVERSION = YES;
				GCC_WARN_ABOUT_RETURN_TYPE = YES_ERROR;
				GCC_WARN_UNDECLARED_SELECTOR = YES;
				GCC_WARN_UNINITIALIZED_AUTOS = YES;
				GCC_WARN_UNUSED_FUNCTION = YES;
				GCC_WARN_UNUSED_VARIABLE = YES;
				IPHONEOS_DEPLOYMENT_TARGET = 7.0;
				ONLY_ACTIVE_ARCH = YES;
				SDKROOT = iphoneos;
			};
			name = Debug;
		};
		E9901C1F18205A3500844A05 /* Release */ = {
			isa = XCBuildConfiguration;
			buildSettings = {
				ALWAYS_SEARCH_USER_PATHS = NO;
				ARCHS = "$(ARCHS_STANDARD_INCLUDING_64_BIT)";
				CLANG_CXX_LANGUAGE_STANDARD = "gnu++0x";
				CLANG_CXX_LIBRARY = "libc++";
				CLANG_ENABLE_MODULES = YES;
				CLANG_ENABLE_OBJC_ARC = YES;
				CLANG_WARN_BOOL_CONVERSION = YES;
				CLANG_WARN_CONSTANT_CONVERSION = YES;
				CLANG_WARN_DIRECT_OBJC_ISA_USAGE = YES_ERROR;
				CLANG_WARN_EMPTY_BODY = YES;
				CLANG_WARN_ENUM_CONVERSION = YES;
				CLANG_WARN_INT_CONVERSION = YES;
				CLANG_WARN_OBJC_ROOT_CLASS = YES_ERROR;
				CLANG_WARN__DUPLICATE_METHOD_MATCH = YES;
				COPY_PHASE_STRIP = YES;
				ENABLE_NS_ASSERTIONS = NO;
				GCC_C_LANGUAGE_STANDARD = gnu99;
				GCC_WARN_64_TO_32_BIT_CONVERSION = YES;
				GCC_WARN_ABOUT_RETURN_TYPE = YES_ERROR;
				GCC_WARN_UNDECLARED_SELECTOR = YES;
				GCC_WARN_UNINITIALIZED_AUTOS = YES;
				GCC_WARN_UNUSED_FUNCTION = YES;
				GCC_WARN_UNUSED_VARIABLE = YES;
				IPHONEOS_DEPLOYMENT_TARGET = 7.0;
				SDKROOT = iphoneos;
				VALIDATE_PRODUCT = YES;
			};
			name = Release;
		};
		E9901C2118205A3500844A05 /* Debug */ = {
			isa = XCBuildConfiguration;
			buildSettings = {
				ARCHS = "$(ARCHS_STANDARD_INCLUDING_64_BIT)";
				DSTROOT = /tmp/Specta.dst;
				FRAMEWORK_SEARCH_PATHS = (
					"$(inherited)",
					"$(DEVELOPER_FRAMEWORKS_DIR)",
				);
				GCC_PRECOMPILE_PREFIX_HEADER = YES;
				GCC_PREFIX_HEADER = "src/Specta-Prefix.pch";
				IPHONEOS_DEPLOYMENT_TARGET = 6.0;
				OTHER_LDFLAGS = "-ObjC";
				PRIVATE_HEADERS_FOLDER_PATH = "";
				PRODUCT_NAME = "$(TARGET_NAME)";
				PUBLIC_HEADERS_FOLDER_PATH = "";
				SKIP_INSTALL = YES;
				VALID_ARCHS = "arm64 armv7 armv7s i386 x86_64";
			};
			name = Debug;
		};
		E9901C2218205A3500844A05 /* Release */ = {
			isa = XCBuildConfiguration;
			buildSettings = {
				ARCHS = "$(ARCHS_STANDARD_INCLUDING_64_BIT)";
				DSTROOT = /tmp/Specta.dst;
				FRAMEWORK_SEARCH_PATHS = (
					"$(inherited)",
					"$(DEVELOPER_FRAMEWORKS_DIR)",
				);
				GCC_PRECOMPILE_PREFIX_HEADER = YES;
				GCC_PREFIX_HEADER = "src/Specta-Prefix.pch";
				IPHONEOS_DEPLOYMENT_TARGET = 6.0;
				OTHER_LDFLAGS = "-ObjC";
				PRIVATE_HEADERS_FOLDER_PATH = "";
				PRODUCT_NAME = "$(TARGET_NAME)";
				PUBLIC_HEADERS_FOLDER_PATH = "";
				SKIP_INSTALL = YES;
				VALID_ARCHS = "arm64 armv7 armv7s i386 x86_64";
			};
			name = Release;
		};
		E9901C2418205A3500844A05 /* Debug */ = {
			isa = XCBuildConfiguration;
			buildSettings = {
				ARCHS = "$(ARCHS_STANDARD)";
				FRAMEWORK_SEARCH_PATHS = (
					"$(SDKROOT)/Developer/Library/Frameworks",
					"$(inherited)",
					"$(DEVELOPER_FRAMEWORKS_DIR)",
				);
				GCC_PRECOMPILE_PREFIX_HEADER = YES;
				GCC_PREFIX_HEADER = "src/Specta-Prefix.pch";
				GCC_PREPROCESSOR_DEFINITIONS = (
					"DEBUG=1",
					"$(inherited)",
				);
				INFOPLIST_FILE = "test/support/SpectaTests-Info.plist";
				IPHONEOS_DEPLOYMENT_TARGET = 6.0;
				OTHER_LDFLAGS = (
					"$(inherited)",
					"-ObjC",
				);
				PRODUCT_NAME = "$(TARGET_NAME)";
				WRAPPER_EXTENSION = xctest;
			};
			name = Debug;
		};
		E9901C2518205A3500844A05 /* Release */ = {
			isa = XCBuildConfiguration;
			buildSettings = {
				ARCHS = "$(ARCHS_STANDARD)";
				FRAMEWORK_SEARCH_PATHS = (
					"$(SDKROOT)/Developer/Library/Frameworks",
					"$(inherited)",
					"$(DEVELOPER_FRAMEWORKS_DIR)",
				);
				GCC_PRECOMPILE_PREFIX_HEADER = YES;
				GCC_PREFIX_HEADER = "src/Specta-Prefix.pch";
				INFOPLIST_FILE = "test/support/SpectaTests-Info.plist";
				IPHONEOS_DEPLOYMENT_TARGET = 6.0;
				OTHER_LDFLAGS = (
					"$(inherited)",
					"-ObjC",
				);
				PRODUCT_NAME = "$(TARGET_NAME)";
				WRAPPER_EXTENSION = xctest;
			};
			name = Release;
		};
		E9901C4A18205AB100844A05 /* Debug */ = {
			isa = XCBuildConfiguration;
			buildSettings = {
				FRAMEWORK_SEARCH_PATHS = (
					"$(inherited)",
					"$(DEVELOPER_FRAMEWORKS_DIR)",
				);
				GCC_ENABLE_OBJC_EXCEPTIONS = YES;
				GCC_PRECOMPILE_PREFIX_HEADER = YES;
				GCC_PREFIX_HEADER = "src/Specta-Prefix.pch";
				GCC_PREPROCESSOR_DEFINITIONS = (
					"DEBUG=1",
					"$(inherited)",
				);
				MACOSX_DEPLOYMENT_TARGET = 10.7;
				OTHER_LDFLAGS = "-ObjC";
				PRIVATE_HEADERS_FOLDER_PATH = "";
				PRODUCT_NAME = "$(TARGET_NAME)";
				PUBLIC_HEADERS_FOLDER_PATH = "";
				SDKROOT = macosx;
			};
			name = Debug;
		};
		E9901C4B18205AB100844A05 /* Release */ = {
			isa = XCBuildConfiguration;
			buildSettings = {
				DEBUG_INFORMATION_FORMAT = "dwarf-with-dsym";
				FRAMEWORK_SEARCH_PATHS = (
					"$(inherited)",
					"$(DEVELOPER_FRAMEWORKS_DIR)",
				);
				GCC_ENABLE_OBJC_EXCEPTIONS = YES;
				GCC_PRECOMPILE_PREFIX_HEADER = YES;
				GCC_PREFIX_HEADER = "src/Specta-Prefix.pch";
				MACOSX_DEPLOYMENT_TARGET = 10.7;
				OTHER_LDFLAGS = "-ObjC";
				PRIVATE_HEADERS_FOLDER_PATH = "";
				PRODUCT_NAME = "$(TARGET_NAME)";
				PUBLIC_HEADERS_FOLDER_PATH = "";
				SDKROOT = macosx;
			};
			name = Release;
		};
		E9901C4D18205AB100844A05 /* Debug */ = {
			isa = XCBuildConfiguration;
			buildSettings = {
				COMBINE_HIDPI_IMAGES = YES;
				FRAMEWORK_SEARCH_PATHS = (
					"$(DEVELOPER_FRAMEWORKS_DIR)",
					"$(inherited)",
				);
				GCC_ENABLE_OBJC_EXCEPTIONS = YES;
				GCC_PRECOMPILE_PREFIX_HEADER = YES;
				GCC_PREFIX_HEADER = "src/Specta-Prefix.pch";
				GCC_PREPROCESSOR_DEFINITIONS = (
					"DEBUG=1",
					"$(inherited)",
				);
				INFOPLIST_FILE = "test/support/SpectaTests-Info.plist";
				MACOSX_DEPLOYMENT_TARGET = 10.7;
				OTHER_LDFLAGS = (
					"$(inherited)",
					"-ObjC",
				);
				PRODUCT_NAME = "$(TARGET_NAME)";
				SDKROOT = macosx;
				WRAPPER_EXTENSION = xctest;
			};
			name = Debug;
		};
		E9901C4E18205AB100844A05 /* Release */ = {
			isa = XCBuildConfiguration;
			buildSettings = {
				COMBINE_HIDPI_IMAGES = YES;
				DEBUG_INFORMATION_FORMAT = "dwarf-with-dsym";
				FRAMEWORK_SEARCH_PATHS = (
					"$(DEVELOPER_FRAMEWORKS_DIR)",
					"$(inherited)",
				);
				GCC_ENABLE_OBJC_EXCEPTIONS = YES;
				GCC_PRECOMPILE_PREFIX_HEADER = YES;
				GCC_PREFIX_HEADER = "src/Specta-Prefix.pch";
				INFOPLIST_FILE = "test/support/SpectaTests-Info.plist";
				MACOSX_DEPLOYMENT_TARGET = 10.7;
				OTHER_LDFLAGS = (
					"$(inherited)",
					"-ObjC",
				);
				PRODUCT_NAME = "$(TARGET_NAME)";
				SDKROOT = macosx;
				WRAPPER_EXTENSION = xctest;
			};
			name = Release;
		};
/* End XCBuildConfiguration section */

/* Begin XCConfigurationList section */
		E9901BF818205A3500844A05 /* Build configuration list for PBXProject "Specta" */ = {
			isa = XCConfigurationList;
			buildConfigurations = (
				E9901C1E18205A3500844A05 /* Debug */,
				BE5C179918EDF850003A13EC /* Test */,
				E9901C1F18205A3500844A05 /* Release */,
			);
			defaultConfigurationIsVisible = 0;
			defaultConfigurationName = Release;
		};
		E9901C2018205A3500844A05 /* Build configuration list for PBXNativeTarget "Specta-iOS" */ = {
			isa = XCConfigurationList;
			buildConfigurations = (
				E9901C2118205A3500844A05 /* Debug */,
				BE5C179A18EDF850003A13EC /* Test */,
				E9901C2218205A3500844A05 /* Release */,
			);
			defaultConfigurationIsVisible = 0;
			defaultConfigurationName = Release;
		};
		E9901C2318205A3500844A05 /* Build configuration list for PBXNativeTarget "SpectaTests-iOS" */ = {
			isa = XCConfigurationList;
			buildConfigurations = (
				E9901C2418205A3500844A05 /* Debug */,
				BE5C179C18EDF850003A13EC /* Test */,
				E9901C2518205A3500844A05 /* Release */,
			);
			defaultConfigurationIsVisible = 0;
			defaultConfigurationName = Release;
		};
		E9901C4918205AB100844A05 /* Build configuration list for PBXNativeTarget "Specta-OSX" */ = {
			isa = XCConfigurationList;
			buildConfigurations = (
				E9901C4A18205AB100844A05 /* Debug */,
				BE5C179B18EDF850003A13EC /* Test */,
				E9901C4B18205AB100844A05 /* Release */,
			);
			defaultConfigurationIsVisible = 0;
			defaultConfigurationName = Release;
		};
		E9901C4C18205AB100844A05 /* Build configuration list for PBXNativeTarget "Specta-OSXTests" */ = {
			isa = XCConfigurationList;
			buildConfigurations = (
				E9901C4D18205AB100844A05 /* Debug */,
				BE5C179D18EDF850003A13EC /* Test */,
				E9901C4E18205AB100844A05 /* Release */,
			);
			defaultConfigurationIsVisible = 0;
			defaultConfigurationName = Release;
		};
/* End XCConfigurationList section */
	};
	rootObject = E9901BF518205A3500844A05 /* Project object */;
}
