// !$*UTF8*$!
{
	archiveVersion = 1;
	classes = {
	};
	objectVersion = 46;
	objects = {

/* Begin PBXBuildFile section */
		E9A060921964800A0058E1FB /* Specta.framework in Frameworks */ = {isa = PBXBuildFile; fileRef = E9A060861964800A0058E1FB /* Specta.framework */; };
		E9A060B21964803F0058E1FB /* Specta-iOS.framework in Frameworks */ = {isa = PBXBuildFile; fileRef = E9A060A71964803F0058E1FB /* Specta-iOS.framework */; };
		E9A060E0196480850058E1FB /* Specta.h in Headers */ = {isa = PBXBuildFile; fileRef = E9A060C6196480850058E1FB /* Specta.h */; settings = {ATTRIBUTES = (Public, ); }; };
		E9A060E1196480850058E1FB /* Specta.h in Headers */ = {isa = PBXBuildFile; fileRef = E9A060C6196480850058E1FB /* Specta.h */; settings = {ATTRIBUTES = (Public, ); }; };
		E9A060E2196480850058E1FB /* Specta-Prefix.pch in Headers */ = {isa = PBXBuildFile; fileRef = E9A060C7196480850058E1FB /* Specta-Prefix.pch */; };
		E9A060E3196480850058E1FB /* Specta-Prefix.pch in Headers */ = {isa = PBXBuildFile; fileRef = E9A060C7196480850058E1FB /* Specta-Prefix.pch */; };
		E9A060E4196480850058E1FB /* SpectaDSL.h in Headers */ = {isa = PBXBuildFile; fileRef = E9A060C8196480850058E1FB /* SpectaDSL.h */; settings = {ATTRIBUTES = (Public, ); }; };
		E9A060E5196480850058E1FB /* SpectaDSL.h in Headers */ = {isa = PBXBuildFile; fileRef = E9A060C8196480850058E1FB /* SpectaDSL.h */; settings = {ATTRIBUTES = (Public, ); }; };
		E9A060E6196480850058E1FB /* SpectaDSL.m in Sources */ = {isa = PBXBuildFile; fileRef = E9A060C9196480850058E1FB /* SpectaDSL.m */; };
		E9A060E7196480850058E1FB /* SpectaDSL.m in Sources */ = {isa = PBXBuildFile; fileRef = E9A060C9196480850058E1FB /* SpectaDSL.m */; };
		E9A060E8196480850058E1FB /* SpectaTypes.h in Headers */ = {isa = PBXBuildFile; fileRef = E9A060CA196480850058E1FB /* SpectaTypes.h */; settings = {ATTRIBUTES = (Public, ); }; };
		E9A060E9196480850058E1FB /* SpectaTypes.h in Headers */ = {isa = PBXBuildFile; fileRef = E9A060CA196480850058E1FB /* SpectaTypes.h */; settings = {ATTRIBUTES = (Public, ); }; };
		E9A060EA196480850058E1FB /* SpectaUtility.h in Headers */ = {isa = PBXBuildFile; fileRef = E9A060CB196480850058E1FB /* SpectaUtility.h */; };
		E9A060EB196480850058E1FB /* SpectaUtility.h in Headers */ = {isa = PBXBuildFile; fileRef = E9A060CB196480850058E1FB /* SpectaUtility.h */; };
		E9A060EC196480850058E1FB /* SpectaUtility.m in Sources */ = {isa = PBXBuildFile; fileRef = E9A060CC196480850058E1FB /* SpectaUtility.m */; };
		E9A060ED196480850058E1FB /* SpectaUtility.m in Sources */ = {isa = PBXBuildFile; fileRef = E9A060CC196480850058E1FB /* SpectaUtility.m */; };
		E9A060EE196480850058E1FB /* SPTAssertions.h in Headers */ = {isa = PBXBuildFile; fileRef = E9A060CD196480850058E1FB /* SPTAssertions.h */; settings = {ATTRIBUTES = (Public, ); }; };
		E9A060EF196480850058E1FB /* SPTAssertions.h in Headers */ = {isa = PBXBuildFile; fileRef = E9A060CD196480850058E1FB /* SPTAssertions.h */; settings = {ATTRIBUTES = (Public, ); }; };
		E9A060F0196480850058E1FB /* SPTAssertionsImpl.h in Headers */ = {isa = PBXBuildFile; fileRef = E9A060CE196480850058E1FB /* SPTAssertionsImpl.h */; settings = {ATTRIBUTES = (Public, ); }; };
		E9A060F1196480850058E1FB /* SPTAssertionsImpl.h in Headers */ = {isa = PBXBuildFile; fileRef = E9A060CE196480850058E1FB /* SPTAssertionsImpl.h */; settings = {ATTRIBUTES = (Public, ); }; };
		E9A060F2196480850058E1FB /* SPTCompiledExample.h in Headers */ = {isa = PBXBuildFile; fileRef = E9A060CF196480850058E1FB /* SPTCompiledExample.h */; };
		E9A060F3196480850058E1FB /* SPTCompiledExample.h in Headers */ = {isa = PBXBuildFile; fileRef = E9A060CF196480850058E1FB /* SPTCompiledExample.h */; };
		E9A060F4196480850058E1FB /* SPTCompiledExample.m in Sources */ = {isa = PBXBuildFile; fileRef = E9A060D0196480850058E1FB /* SPTCompiledExample.m */; };
		E9A060F5196480850058E1FB /* SPTCompiledExample.m in Sources */ = {isa = PBXBuildFile; fileRef = E9A060D0196480850058E1FB /* SPTCompiledExample.m */; };
		E9A060F6196480850058E1FB /* SPTExample.h in Headers */ = {isa = PBXBuildFile; fileRef = E9A060D1196480850058E1FB /* SPTExample.h */; };
		E9A060F7196480850058E1FB /* SPTExample.h in Headers */ = {isa = PBXBuildFile; fileRef = E9A060D1196480850058E1FB /* SPTExample.h */; };
		E9A060F8196480850058E1FB /* SPTExample.m in Sources */ = {isa = PBXBuildFile; fileRef = E9A060D2196480850058E1FB /* SPTExample.m */; };
		E9A060F9196480850058E1FB /* SPTExample.m in Sources */ = {isa = PBXBuildFile; fileRef = E9A060D2196480850058E1FB /* SPTExample.m */; };
		E9A060FA196480850058E1FB /* SPTExampleGroup.h in Headers */ = {isa = PBXBuildFile; fileRef = E9A060D3196480850058E1FB /* SPTExampleGroup.h */; };
		E9A060FB196480850058E1FB /* SPTExampleGroup.h in Headers */ = {isa = PBXBuildFile; fileRef = E9A060D3196480850058E1FB /* SPTExampleGroup.h */; };
		E9A060FC196480850058E1FB /* SPTExampleGroup.m in Sources */ = {isa = PBXBuildFile; fileRef = E9A060D4196480850058E1FB /* SPTExampleGroup.m */; };
		E9A060FD196480850058E1FB /* SPTExampleGroup.m in Sources */ = {isa = PBXBuildFile; fileRef = E9A060D4196480850058E1FB /* SPTExampleGroup.m */; };
		E9A060FE196480850058E1FB /* SPTSharedExampleGroups.h in Headers */ = {isa = PBXBuildFile; fileRef = E9A060D5196480850058E1FB /* SPTSharedExampleGroups.h */; settings = {ATTRIBUTES = (Public, ); }; };
		E9A060FF196480850058E1FB /* SPTSharedExampleGroups.h in Headers */ = {isa = PBXBuildFile; fileRef = E9A060D5196480850058E1FB /* SPTSharedExampleGroups.h */; settings = {ATTRIBUTES = (Public, ); }; };
		E9A06100196480850058E1FB /* SPTSharedExampleGroups.m in Sources */ = {isa = PBXBuildFile; fileRef = E9A060D6196480850058E1FB /* SPTSharedExampleGroups.m */; };
		E9A06101196480850058E1FB /* SPTSharedExampleGroups.m in Sources */ = {isa = PBXBuildFile; fileRef = E9A060D6196480850058E1FB /* SPTSharedExampleGroups.m */; };
		E9A06102196480850058E1FB /* SPTTestCase.h in Headers */ = {isa = PBXBuildFile; fileRef = E9A060D7196480850058E1FB /* SPTTestCase.h */; settings = {ATTRIBUTES = (Public, ); }; };
		E9A06103196480850058E1FB /* SPTTestCase.h in Headers */ = {isa = PBXBuildFile; fileRef = E9A060D7196480850058E1FB /* SPTTestCase.h */; settings = {ATTRIBUTES = (Public, ); }; };
		E9A06104196480850058E1FB /* SPTTestCase.m in Sources */ = {isa = PBXBuildFile; fileRef = E9A060D8196480850058E1FB /* SPTTestCase.m */; };
		E9A06105196480850058E1FB /* SPTTestCase.m in Sources */ = {isa = PBXBuildFile; fileRef = E9A060D8196480850058E1FB /* SPTTestCase.m */; };
		E9A06106196480850058E1FB /* SPTTestSuite.h in Headers */ = {isa = PBXBuildFile; fileRef = E9A060D9196480850058E1FB /* SPTTestSuite.h */; };
		E9A06107196480850058E1FB /* SPTTestSuite.h in Headers */ = {isa = PBXBuildFile; fileRef = E9A060D9196480850058E1FB /* SPTTestSuite.h */; };
		E9A06108196480850058E1FB /* SPTTestSuite.m in Sources */ = {isa = PBXBuildFile; fileRef = E9A060DA196480850058E1FB /* SPTTestSuite.m */; };
		E9A06109196480850058E1FB /* SPTTestSuite.m in Sources */ = {isa = PBXBuildFile; fileRef = E9A060DA196480850058E1FB /* SPTTestSuite.m */; };
		E9A0610A196480850058E1FB /* XCTest+Private.h in Headers */ = {isa = PBXBuildFile; fileRef = E9A060DB196480850058E1FB /* XCTest+Private.h */; };
		E9A0610B196480850058E1FB /* XCTest+Private.h in Headers */ = {isa = PBXBuildFile; fileRef = E9A060DB196480850058E1FB /* XCTest+Private.h */; };
		E9A0610C196480850058E1FB /* XCTestCase+Specta.h in Headers */ = {isa = PBXBuildFile; fileRef = E9A060DC196480850058E1FB /* XCTestCase+Specta.h */; settings = {ATTRIBUTES = (Public, ); }; };
		E9A0610D196480850058E1FB /* XCTestCase+Specta.h in Headers */ = {isa = PBXBuildFile; fileRef = E9A060DC196480850058E1FB /* XCTestCase+Specta.h */; settings = {ATTRIBUTES = (Public, ); }; };
		E9A0610E196480850058E1FB /* XCTestCase+Specta.m in Sources */ = {isa = PBXBuildFile; fileRef = E9A060DD196480850058E1FB /* XCTestCase+Specta.m */; };
		E9A0610F196480850058E1FB /* XCTestCase+Specta.m in Sources */ = {isa = PBXBuildFile; fileRef = E9A060DD196480850058E1FB /* XCTestCase+Specta.m */; };
		E9A06135196480930058E1FB /* AsyncSpecTest.m in Sources */ = {isa = PBXBuildFile; fileRef = E9A06111196480930058E1FB /* AsyncSpecTest.m */; };
		E9A06136196480930058E1FB /* AsyncSpecTest.m in Sources */ = {isa = PBXBuildFile; fileRef = E9A06111196480930058E1FB /* AsyncSpecTest.m */; };
		E9A06137196480930058E1FB /* AsyncSpecTest2.m in Sources */ = {isa = PBXBuildFile; fileRef = E9A06112196480930058E1FB /* AsyncSpecTest2.m */; };
		E9A06138196480930058E1FB /* AsyncSpecTest2.m in Sources */ = {isa = PBXBuildFile; fileRef = E9A06112196480930058E1FB /* AsyncSpecTest2.m */; };
		E9A06139196480930058E1FB /* AsyncSpecTest3.m in Sources */ = {isa = PBXBuildFile; fileRef = E9A06113196480930058E1FB /* AsyncSpecTest3.m */; };
		E9A0613A196480930058E1FB /* AsyncSpecTest3.m in Sources */ = {isa = PBXBuildFile; fileRef = E9A06113196480930058E1FB /* AsyncSpecTest3.m */; };
		E9A0613B196480930058E1FB /* AsyncSpecTimeoutTest.m in Sources */ = {isa = PBXBuildFile; fileRef = E9A06114196480930058E1FB /* AsyncSpecTimeoutTest.m */; };
		E9A0613C196480930058E1FB /* AsyncSpecTimeoutTest.m in Sources */ = {isa = PBXBuildFile; fileRef = E9A06114196480930058E1FB /* AsyncSpecTimeoutTest.m */; };
		E9A0613D196480930058E1FB /* CompilationTest1.m in Sources */ = {isa = PBXBuildFile; fileRef = E9A06115196480930058E1FB /* CompilationTest1.m */; };
		E9A0613E196480930058E1FB /* CompilationTest1.m in Sources */ = {isa = PBXBuildFile; fileRef = E9A06115196480930058E1FB /* CompilationTest1.m */; };
		E9A0613F196480930058E1FB /* CompilationTest2.m in Sources */ = {isa = PBXBuildFile; fileRef = E9A06116196480930058E1FB /* CompilationTest2.m */; };
		E9A06140196480930058E1FB /* CompilationTest2.m in Sources */ = {isa = PBXBuildFile; fileRef = E9A06116196480930058E1FB /* CompilationTest2.m */; };
		E9A06141196480930058E1FB /* CompilationTest3.m in Sources */ = {isa = PBXBuildFile; fileRef = E9A06117196480930058E1FB /* CompilationTest3.m */; };
		E9A06142196480930058E1FB /* CompilationTest3.m in Sources */ = {isa = PBXBuildFile; fileRef = E9A06117196480930058E1FB /* CompilationTest3.m */; };
		E9A06143196480930058E1FB /* CompilationTest4.m in Sources */ = {isa = PBXBuildFile; fileRef = E9A06118196480930058E1FB /* CompilationTest4.m */; };
		E9A06144196480930058E1FB /* CompilationTest4.m in Sources */ = {isa = PBXBuildFile; fileRef = E9A06118196480930058E1FB /* CompilationTest4.m */; };
		E9A06145196480930058E1FB /* CompilationTest5.m in Sources */ = {isa = PBXBuildFile; fileRef = E9A06119196480930058E1FB /* CompilationTest5.m */; };
		E9A06146196480930058E1FB /* CompilationTest5.m in Sources */ = {isa = PBXBuildFile; fileRef = E9A06119196480930058E1FB /* CompilationTest5.m */; };
		E9A06147196480930058E1FB /* CompilationTest6.m in Sources */ = {isa = PBXBuildFile; fileRef = E9A0611A196480930058E1FB /* CompilationTest6.m */; };
		E9A06148196480930058E1FB /* CompilationTest6.m in Sources */ = {isa = PBXBuildFile; fileRef = E9A0611A196480930058E1FB /* CompilationTest6.m */; };
		E9A06149196480930058E1FB /* CompilationTest7.m in Sources */ = {isa = PBXBuildFile; fileRef = E9A0611B196480930058E1FB /* CompilationTest7.m */; };
		E9A0614A196480930058E1FB /* CompilationTest7.m in Sources */ = {isa = PBXBuildFile; fileRef = E9A0611B196480930058E1FB /* CompilationTest7.m */; };
		E9A0614B196480930058E1FB /* CompilationTest8.m in Sources */ = {isa = PBXBuildFile; fileRef = E9A0611C196480930058E1FB /* CompilationTest8.m */; };
		E9A0614C196480930058E1FB /* CompilationTest8.m in Sources */ = {isa = PBXBuildFile; fileRef = E9A0611C196480930058E1FB /* CompilationTest8.m */; };
		E9A0614D196480930058E1FB /* DSLTest1.m in Sources */ = {isa = PBXBuildFile; fileRef = E9A0611D196480930058E1FB /* DSLTest1.m */; };
		E9A0614E196480930058E1FB /* DSLTest1.m in Sources */ = {isa = PBXBuildFile; fileRef = E9A0611D196480930058E1FB /* DSLTest1.m */; };
		E9A0614F196480930058E1FB /* DSLTest2.m in Sources */ = {isa = PBXBuildFile; fileRef = E9A0611E196480930058E1FB /* DSLTest2.m */; };
		E9A06150196480930058E1FB /* DSLTest2.m in Sources */ = {isa = PBXBuildFile; fileRef = E9A0611E196480930058E1FB /* DSLTest2.m */; };
		E9A06151196480930058E1FB /* DSLTest3.m in Sources */ = {isa = PBXBuildFile; fileRef = E9A0611F196480930058E1FB /* DSLTest3.m */; };
		E9A06152196480930058E1FB /* DSLTest3.m in Sources */ = {isa = PBXBuildFile; fileRef = E9A0611F196480930058E1FB /* DSLTest3.m */; };
		E9A06153196480930058E1FB /* DSLTest4.m in Sources */ = {isa = PBXBuildFile; fileRef = E9A06120196480930058E1FB /* DSLTest4.m */; };
		E9A06154196480930058E1FB /* DSLTest4.m in Sources */ = {isa = PBXBuildFile; fileRef = E9A06120196480930058E1FB /* DSLTest4.m */; };
		E9A06155196480930058E1FB /* DSLTest5.m in Sources */ = {isa = PBXBuildFile; fileRef = E9A06121196480930058E1FB /* DSLTest5.m */; };
		E9A06156196480930058E1FB /* DSLTest5.m in Sources */ = {isa = PBXBuildFile; fileRef = E9A06121196480930058E1FB /* DSLTest5.m */; };
		E9A06157196480930058E1FB /* FailingSpecTest.m in Sources */ = {isa = PBXBuildFile; fileRef = E9A06122196480930058E1FB /* FailingSpecTest.m */; };
		E9A06158196480930058E1FB /* FailingSpecTest.m in Sources */ = {isa = PBXBuildFile; fileRef = E9A06122196480930058E1FB /* FailingSpecTest.m */; };
		E9A06159196480930058E1FB /* FocusedSpecTest.m in Sources */ = {isa = PBXBuildFile; fileRef = E9A06123196480930058E1FB /* FocusedSpecTest.m */; };
		E9A0615A196480930058E1FB /* FocusedSpecTest.m in Sources */ = {isa = PBXBuildFile; fileRef = E9A06123196480930058E1FB /* FocusedSpecTest.m */; };
		E9A0615D196480930058E1FB /* MiscTest.m in Sources */ = {isa = PBXBuildFile; fileRef = E9A06125196480930058E1FB /* MiscTest.m */; };
		E9A0615E196480930058E1FB /* MiscTest.m in Sources */ = {isa = PBXBuildFile; fileRef = E9A06125196480930058E1FB /* MiscTest.m */; };
		E9A0615F196480930058E1FB /* PassingSpecTest.m in Sources */ = {isa = PBXBuildFile; fileRef = E9A06126196480930058E1FB /* PassingSpecTest.m */; };
		E9A06160196480930058E1FB /* PassingSpecTest.m in Sources */ = {isa = PBXBuildFile; fileRef = E9A06126196480930058E1FB /* PassingSpecTest.m */; };
		E9A06161196480930058E1FB /* PendingSpecTest1.m in Sources */ = {isa = PBXBuildFile; fileRef = E9A06127196480930058E1FB /* PendingSpecTest1.m */; };
		E9A06162196480930058E1FB /* PendingSpecTest1.m in Sources */ = {isa = PBXBuildFile; fileRef = E9A06127196480930058E1FB /* PendingSpecTest1.m */; };
		E9A06163196480930058E1FB /* PendingSpecTest2.m in Sources */ = {isa = PBXBuildFile; fileRef = E9A06128196480930058E1FB /* PendingSpecTest2.m */; };
		E9A06164196480930058E1FB /* PendingSpecTest2.m in Sources */ = {isa = PBXBuildFile; fileRef = E9A06128196480930058E1FB /* PendingSpecTest2.m */; };
		E9A06165196480930058E1FB /* PendingSpecTest3.m in Sources */ = {isa = PBXBuildFile; fileRef = E9A06129196480930058E1FB /* PendingSpecTest3.m */; };
		E9A06166196480930058E1FB /* PendingSpecTest3.m in Sources */ = {isa = PBXBuildFile; fileRef = E9A06129196480930058E1FB /* PendingSpecTest3.m */; };
		E9A06167196480930058E1FB /* ReRunTest.m in Sources */ = {isa = PBXBuildFile; fileRef = E9A0612A196480930058E1FB /* ReRunTest.m */; };
		E9A06168196480930058E1FB /* ReRunTest.m in Sources */ = {isa = PBXBuildFile; fileRef = E9A0612A196480930058E1FB /* ReRunTest.m */; };
		E9A06169196480930058E1FB /* SequenceTest.m in Sources */ = {isa = PBXBuildFile; fileRef = E9A0612B196480930058E1FB /* SequenceTest.m */; };
		E9A0616A196480930058E1FB /* SequenceTest.m in Sources */ = {isa = PBXBuildFile; fileRef = E9A0612B196480930058E1FB /* SequenceTest.m */; };
		E9A0616B196480930058E1FB /* SharedExamplesTest1.m in Sources */ = {isa = PBXBuildFile; fileRef = E9A0612C196480930058E1FB /* SharedExamplesTest1.m */; };
		E9A0616C196480930058E1FB /* SharedExamplesTest1.m in Sources */ = {isa = PBXBuildFile; fileRef = E9A0612C196480930058E1FB /* SharedExamplesTest1.m */; };
		E9A0616D196480930058E1FB /* SharedExamplesTest2.m in Sources */ = {isa = PBXBuildFile; fileRef = E9A0612D196480930058E1FB /* SharedExamplesTest2.m */; };
		E9A0616E196480930058E1FB /* SharedExamplesTest2.m in Sources */ = {isa = PBXBuildFile; fileRef = E9A0612D196480930058E1FB /* SharedExamplesTest2.m */; };
		E9A0616F196480930058E1FB /* SharedExamplesTest3.m in Sources */ = {isa = PBXBuildFile; fileRef = E9A0612E196480930058E1FB /* SharedExamplesTest3.m */; };
		E9A06170196480930058E1FB /* SharedExamplesTest3.m in Sources */ = {isa = PBXBuildFile; fileRef = E9A0612E196480930058E1FB /* SharedExamplesTest3.m */; };
		E9A06171196480930058E1FB /* SharedExamplesTest4.m in Sources */ = {isa = PBXBuildFile; fileRef = E9A0612F196480930058E1FB /* SharedExamplesTest4.m */; };
		E9A06172196480930058E1FB /* SharedExamplesTest4.m in Sources */ = {isa = PBXBuildFile; fileRef = E9A0612F196480930058E1FB /* SharedExamplesTest4.m */; };
		E9A06173196480930058E1FB /* SharedExamplesTest5.m in Sources */ = {isa = PBXBuildFile; fileRef = E9A06130196480930058E1FB /* SharedExamplesTest5.m */; };
		E9A06174196480930058E1FB /* SharedExamplesTest5.m in Sources */ = {isa = PBXBuildFile; fileRef = E9A06130196480930058E1FB /* SharedExamplesTest5.m */; };
		E9A06175196480930058E1FB /* SpectaUtilityTest.m in Sources */ = {isa = PBXBuildFile; fileRef = E9A06131196480930058E1FB /* SpectaUtilityTest.m */; };
		E9A06176196480930058E1FB /* SpectaUtilityTest.m in Sources */ = {isa = PBXBuildFile; fileRef = E9A06131196480930058E1FB /* SpectaUtilityTest.m */; };
		E9A06177196480930058E1FB /* TestHelper.m in Sources */ = {isa = PBXBuildFile; fileRef = E9A06133196480930058E1FB /* TestHelper.m */; };
		E9A06178196480930058E1FB /* TestHelper.m in Sources */ = {isa = PBXBuildFile; fileRef = E9A06133196480930058E1FB /* TestHelper.m */; };
		E9A06179196480930058E1FB /* UnexpectedExceptionTest.m in Sources */ = {isa = PBXBuildFile; fileRef = E9A06134196480930058E1FB /* UnexpectedExceptionTest.m */; };
		E9A0617A196480930058E1FB /* UnexpectedExceptionTest.m in Sources */ = {isa = PBXBuildFile; fileRef = E9A06134196480930058E1FB /* UnexpectedExceptionTest.m */; };
/* End PBXBuildFile section */

/* Begin PBXContainerItemProxy section */
		E9A060931964800A0058E1FB /* PBXContainerItemProxy */ = {
			isa = PBXContainerItemProxy;
			containerPortal = E9A0607D1964800A0058E1FB /* Project object */;
			proxyType = 1;
			remoteGlobalIDString = E9A060851964800A0058E1FB;
			remoteInfo = Specta;
		};
		E9A060B31964803F0058E1FB /* PBXContainerItemProxy */ = {
			isa = PBXContainerItemProxy;
			containerPortal = E9A0607D1964800A0058E1FB /* Project object */;
			proxyType = 1;
			remoteGlobalIDString = E9A060A61964803F0058E1FB;
			remoteInfo = "Specta-iOS";
		};
		E9A060C0196480400058E1FB /* PBXContainerItemProxy */ = {
			isa = PBXContainerItemProxy;
			containerPortal = E9A0607D1964800A0058E1FB /* Project object */;
			proxyType = 1;
			remoteGlobalIDString = E9A060A61964803F0058E1FB;
			remoteInfo = "Specta-iOS";
		};
		E9A060C2196480400058E1FB /* PBXContainerItemProxy */ = {
			isa = PBXContainerItemProxy;
			containerPortal = E9A0607D1964800A0058E1FB /* Project object */;
			proxyType = 1;
			remoteGlobalIDString = E9A060A61964803F0058E1FB;
			remoteInfo = "Specta-iOS";
		};
		E9A0617B196480980058E1FB /* PBXContainerItemProxy */ = {
			isa = PBXContainerItemProxy;
			containerPortal = E9A0607D1964800A0058E1FB /* Project object */;
			proxyType = 1;
			remoteGlobalIDString = E9A060A61964803F0058E1FB;
			remoteInfo = "Specta-iOS";
		};
		E9A0617D196480980058E1FB /* PBXContainerItemProxy */ = {
			isa = PBXContainerItemProxy;
			containerPortal = E9A0607D1964800A0058E1FB /* Project object */;
			proxyType = 1;
			remoteGlobalIDString = E9A060A61964803F0058E1FB;
			remoteInfo = "Specta-iOS";
		};
		E9A0617F196480980058E1FB /* PBXContainerItemProxy */ = {
			isa = PBXContainerItemProxy;
			containerPortal = E9A0607D1964800A0058E1FB /* Project object */;
			proxyType = 1;
			remoteGlobalIDString = E9A060A61964803F0058E1FB;
			remoteInfo = "Specta-iOS";
		};
/* End PBXContainerItemProxy section */

/* Begin PBXFileReference section */
		E92BEB2F1965C2C6002B7E9A /* CHANGELOG.md */ = {isa = PBXFileReference; lastKnownFileType = net.daringfireball.markdown; path = CHANGELOG.md; sourceTree = "<group>"; };
		E92BEB301965C2C6002B7E9A /* LICENSE */ = {isa = PBXFileReference; lastKnownFileType = text; path = LICENSE; sourceTree = "<group>"; };
		E92BEB311965C2C6002B7E9A /* README.md */ = {isa = PBXFileReference; lastKnownFileType = net.daringfireball.markdown; path = README.md; sourceTree = "<group>"; };
		E9A060861964800A0058E1FB /* Specta.framework */ = {isa = PBXFileReference; explicitFileType = wrapper.framework; includeInIndex = 0; path = Specta.framework; sourceTree = BUILT_PRODUCTS_DIR; };
		E9A060911964800A0058E1FB /* SpectaTests.xctest */ = {isa = PBXFileReference; explicitFileType = wrapper.cfbundle; includeInIndex = 0; path = SpectaTests.xctest; sourceTree = BUILT_PRODUCTS_DIR; };
		E9A060A71964803F0058E1FB /* Specta-iOS.framework */ = {isa = PBXFileReference; explicitFileType = wrapper.framework; includeInIndex = 0; path = "Specta-iOS.framework"; sourceTree = BUILT_PRODUCTS_DIR; };
		E9A060B11964803F0058E1FB /* Specta-iOSTests.xctest */ = {isa = PBXFileReference; explicitFileType = wrapper.cfbundle; includeInIndex = 0; path = "Specta-iOSTests.xctest"; sourceTree = BUILT_PRODUCTS_DIR; };
		E9A060C5196480850058E1FB /* Info.plist */ = {isa = PBXFileReference; fileEncoding = 4; lastKnownFileType = text.plist.xml; path = Info.plist; sourceTree = "<group>"; };
		E9A060C6196480850058E1FB /* Specta.h */ = {isa = PBXFileReference; fileEncoding = 4; lastKnownFileType = sourcecode.c.h; path = Specta.h; sourceTree = "<group>"; };
		E9A060C7196480850058E1FB /* Specta-Prefix.pch */ = {isa = PBXFileReference; fileEncoding = 4; lastKnownFileType = sourcecode.c.h; path = "Specta-Prefix.pch"; sourceTree = "<group>"; };
		E9A060C8196480850058E1FB /* SpectaDSL.h */ = {isa = PBXFileReference; fileEncoding = 4; lastKnownFileType = sourcecode.c.h; path = SpectaDSL.h; sourceTree = "<group>"; };
		E9A060C9196480850058E1FB /* SpectaDSL.m */ = {isa = PBXFileReference; fileEncoding = 4; lastKnownFileType = sourcecode.c.objc; path = SpectaDSL.m; sourceTree = "<group>"; };
		E9A060CA196480850058E1FB /* SpectaTypes.h */ = {isa = PBXFileReference; fileEncoding = 4; lastKnownFileType = sourcecode.c.h; path = SpectaTypes.h; sourceTree = "<group>"; };
		E9A060CB196480850058E1FB /* SpectaUtility.h */ = {isa = PBXFileReference; fileEncoding = 4; lastKnownFileType = sourcecode.c.h; path = SpectaUtility.h; sourceTree = "<group>"; };
		E9A060CC196480850058E1FB /* SpectaUtility.m */ = {isa = PBXFileReference; fileEncoding = 4; lastKnownFileType = sourcecode.c.objc; path = SpectaUtility.m; sourceTree = "<group>"; };
		E9A060CD196480850058E1FB /* SPTAssertions.h */ = {isa = PBXFileReference; fileEncoding = 4; lastKnownFileType = sourcecode.c.h; path = SPTAssertions.h; sourceTree = "<group>"; };
		E9A060CE196480850058E1FB /* SPTAssertionsImpl.h */ = {isa = PBXFileReference; fileEncoding = 4; lastKnownFileType = sourcecode.c.h; path = SPTAssertionsImpl.h; sourceTree = "<group>"; };
		E9A060CF196480850058E1FB /* SPTCompiledExample.h */ = {isa = PBXFileReference; fileEncoding = 4; lastKnownFileType = sourcecode.c.h; path = SPTCompiledExample.h; sourceTree = "<group>"; };
		E9A060D0196480850058E1FB /* SPTCompiledExample.m */ = {isa = PBXFileReference; fileEncoding = 4; lastKnownFileType = sourcecode.c.objc; path = SPTCompiledExample.m; sourceTree = "<group>"; };
		E9A060D1196480850058E1FB /* SPTExample.h */ = {isa = PBXFileReference; fileEncoding = 4; lastKnownFileType = sourcecode.c.h; path = SPTExample.h; sourceTree = "<group>"; };
		E9A060D2196480850058E1FB /* SPTExample.m */ = {isa = PBXFileReference; fileEncoding = 4; lastKnownFileType = sourcecode.c.objc; path = SPTExample.m; sourceTree = "<group>"; };
		E9A060D3196480850058E1FB /* SPTExampleGroup.h */ = {isa = PBXFileReference; fileEncoding = 4; lastKnownFileType = sourcecode.c.h; path = SPTExampleGroup.h; sourceTree = "<group>"; };
		E9A060D4196480850058E1FB /* SPTExampleGroup.m */ = {isa = PBXFileReference; fileEncoding = 4; lastKnownFileType = sourcecode.c.objc; path = SPTExampleGroup.m; sourceTree = "<group>"; };
		E9A060D5196480850058E1FB /* SPTSharedExampleGroups.h */ = {isa = PBXFileReference; fileEncoding = 4; lastKnownFileType = sourcecode.c.h; path = SPTSharedExampleGroups.h; sourceTree = "<group>"; };
		E9A060D6196480850058E1FB /* SPTSharedExampleGroups.m */ = {isa = PBXFileReference; fileEncoding = 4; lastKnownFileType = sourcecode.c.objc; path = SPTSharedExampleGroups.m; sourceTree = "<group>"; };
		E9A060D7196480850058E1FB /* SPTTestCase.h */ = {isa = PBXFileReference; fileEncoding = 4; lastKnownFileType = sourcecode.c.h; path = SPTTestCase.h; sourceTree = "<group>"; };
		E9A060D8196480850058E1FB /* SPTTestCase.m */ = {isa = PBXFileReference; fileEncoding = 4; lastKnownFileType = sourcecode.c.objc; path = SPTTestCase.m; sourceTree = "<group>"; };
		E9A060D9196480850058E1FB /* SPTTestSuite.h */ = {isa = PBXFileReference; fileEncoding = 4; lastKnownFileType = sourcecode.c.h; path = SPTTestSuite.h; sourceTree = "<group>"; };
		E9A060DA196480850058E1FB /* SPTTestSuite.m */ = {isa = PBXFileReference; fileEncoding = 4; lastKnownFileType = sourcecode.c.objc; path = SPTTestSuite.m; sourceTree = "<group>"; };
		E9A060DB196480850058E1FB /* XCTest+Private.h */ = {isa = PBXFileReference; fileEncoding = 4; lastKnownFileType = sourcecode.c.h; path = "XCTest+Private.h"; sourceTree = "<group>"; };
		E9A060DC196480850058E1FB /* XCTestCase+Specta.h */ = {isa = PBXFileReference; fileEncoding = 4; lastKnownFileType = sourcecode.c.h; path = "XCTestCase+Specta.h"; sourceTree = "<group>"; };
		E9A060DD196480850058E1FB /* XCTestCase+Specta.m */ = {isa = PBXFileReference; fileEncoding = 4; lastKnownFileType = sourcecode.c.objc; path = "XCTestCase+Specta.m"; sourceTree = "<group>"; };
		E9A06111196480930058E1FB /* AsyncSpecTest.m */ = {isa = PBXFileReference; fileEncoding = 4; lastKnownFileType = sourcecode.c.objc; path = AsyncSpecTest.m; sourceTree = "<group>"; };
		E9A06112196480930058E1FB /* AsyncSpecTest2.m */ = {isa = PBXFileReference; fileEncoding = 4; lastKnownFileType = sourcecode.c.objc; path = AsyncSpecTest2.m; sourceTree = "<group>"; };
		E9A06113196480930058E1FB /* AsyncSpecTest3.m */ = {isa = PBXFileReference; fileEncoding = 4; lastKnownFileType = sourcecode.c.objc; path = AsyncSpecTest3.m; sourceTree = "<group>"; };
		E9A06114196480930058E1FB /* AsyncSpecTimeoutTest.m */ = {isa = PBXFileReference; fileEncoding = 4; lastKnownFileType = sourcecode.c.objc; path = AsyncSpecTimeoutTest.m; sourceTree = "<group>"; };
		E9A06115196480930058E1FB /* CompilationTest1.m */ = {isa = PBXFileReference; fileEncoding = 4; lastKnownFileType = sourcecode.c.objc; path = CompilationTest1.m; sourceTree = "<group>"; };
		E9A06116196480930058E1FB /* CompilationTest2.m */ = {isa = PBXFileReference; fileEncoding = 4; lastKnownFileType = sourcecode.c.objc; path = CompilationTest2.m; sourceTree = "<group>"; };
		E9A06117196480930058E1FB /* CompilationTest3.m */ = {isa = PBXFileReference; fileEncoding = 4; lastKnownFileType = sourcecode.c.objc; path = CompilationTest3.m; sourceTree = "<group>"; };
		E9A06118196480930058E1FB /* CompilationTest4.m */ = {isa = PBXFileReference; fileEncoding = 4; lastKnownFileType = sourcecode.c.objc; path = CompilationTest4.m; sourceTree = "<group>"; };
		E9A06119196480930058E1FB /* CompilationTest5.m */ = {isa = PBXFileReference; fileEncoding = 4; lastKnownFileType = sourcecode.c.objc; path = CompilationTest5.m; sourceTree = "<group>"; };
		E9A0611A196480930058E1FB /* CompilationTest6.m */ = {isa = PBXFileReference; fileEncoding = 4; lastKnownFileType = sourcecode.c.objc; path = CompilationTest6.m; sourceTree = "<group>"; };
		E9A0611B196480930058E1FB /* CompilationTest7.m */ = {isa = PBXFileReference; fileEncoding = 4; lastKnownFileType = sourcecode.c.objc; path = CompilationTest7.m; sourceTree = "<group>"; };
		E9A0611C196480930058E1FB /* CompilationTest8.m */ = {isa = PBXFileReference; fileEncoding = 4; lastKnownFileType = sourcecode.c.objc; path = CompilationTest8.m; sourceTree = "<group>"; };
		E9A0611D196480930058E1FB /* DSLTest1.m */ = {isa = PBXFileReference; fileEncoding = 4; lastKnownFileType = sourcecode.c.objc; path = DSLTest1.m; sourceTree = "<group>"; };
		E9A0611E196480930058E1FB /* DSLTest2.m */ = {isa = PBXFileReference; fileEncoding = 4; lastKnownFileType = sourcecode.c.objc; path = DSLTest2.m; sourceTree = "<group>"; };
		E9A0611F196480930058E1FB /* DSLTest3.m */ = {isa = PBXFileReference; fileEncoding = 4; lastKnownFileType = sourcecode.c.objc; path = DSLTest3.m; sourceTree = "<group>"; };
		E9A06120196480930058E1FB /* DSLTest4.m */ = {isa = PBXFileReference; fileEncoding = 4; lastKnownFileType = sourcecode.c.objc; path = DSLTest4.m; sourceTree = "<group>"; };
		E9A06121196480930058E1FB /* DSLTest5.m */ = {isa = PBXFileReference; fileEncoding = 4; lastKnownFileType = sourcecode.c.objc; path = DSLTest5.m; sourceTree = "<group>"; };
		E9A06122196480930058E1FB /* FailingSpecTest.m */ = {isa = PBXFileReference; fileEncoding = 4; lastKnownFileType = sourcecode.c.objc; path = FailingSpecTest.m; sourceTree = "<group>"; };
		E9A06123196480930058E1FB /* FocusedSpecTest.m */ = {isa = PBXFileReference; fileEncoding = 4; lastKnownFileType = sourcecode.c.objc; path = FocusedSpecTest.m; sourceTree = "<group>"; };
		E9A06124196480930058E1FB /* Info.plist */ = {isa = PBXFileReference; fileEncoding = 4; lastKnownFileType = text.plist.xml; path = Info.plist; sourceTree = "<group>"; };
		E9A06125196480930058E1FB /* MiscTest.m */ = {isa = PBXFileReference; fileEncoding = 4; lastKnownFileType = sourcecode.c.objc; path = MiscTest.m; sourceTree = "<group>"; };
		E9A06126196480930058E1FB /* PassingSpecTest.m */ = {isa = PBXFileReference; fileEncoding = 4; lastKnownFileType = sourcecode.c.objc; path = PassingSpecTest.m; sourceTree = "<group>"; };
		E9A06127196480930058E1FB /* PendingSpecTest1.m */ = {isa = PBXFileReference; fileEncoding = 4; lastKnownFileType = sourcecode.c.objc; path = PendingSpecTest1.m; sourceTree = "<group>"; };
		E9A06128196480930058E1FB /* PendingSpecTest2.m */ = {isa = PBXFileReference; fileEncoding = 4; lastKnownFileType = sourcecode.c.objc; path = PendingSpecTest2.m; sourceTree = "<group>"; };
		E9A06129196480930058E1FB /* PendingSpecTest3.m */ = {isa = PBXFileReference; fileEncoding = 4; lastKnownFileType = sourcecode.c.objc; path = PendingSpecTest3.m; sourceTree = "<group>"; };
		E9A0612A196480930058E1FB /* ReRunTest.m */ = {isa = PBXFileReference; fileEncoding = 4; lastKnownFileType = sourcecode.c.objc; path = ReRunTest.m; sourceTree = "<group>"; };
		E9A0612B196480930058E1FB /* SequenceTest.m */ = {isa = PBXFileReference; fileEncoding = 4; lastKnownFileType = sourcecode.c.objc; path = SequenceTest.m; sourceTree = "<group>"; };
		E9A0612C196480930058E1FB /* SharedExamplesTest1.m */ = {isa = PBXFileReference; fileEncoding = 4; lastKnownFileType = sourcecode.c.objc; path = SharedExamplesTest1.m; sourceTree = "<group>"; };
		E9A0612D196480930058E1FB /* SharedExamplesTest2.m */ = {isa = PBXFileReference; fileEncoding = 4; lastKnownFileType = sourcecode.c.objc; path = SharedExamplesTest2.m; sourceTree = "<group>"; };
		E9A0612E196480930058E1FB /* SharedExamplesTest3.m */ = {isa = PBXFileReference; fileEncoding = 4; lastKnownFileType = sourcecode.c.objc; path = SharedExamplesTest3.m; sourceTree = "<group>"; };
		E9A0612F196480930058E1FB /* SharedExamplesTest4.m */ = {isa = PBXFileReference; fileEncoding = 4; lastKnownFileType = sourcecode.c.objc; path = SharedExamplesTest4.m; sourceTree = "<group>"; };
		E9A06130196480930058E1FB /* SharedExamplesTest5.m */ = {isa = PBXFileReference; fileEncoding = 4; lastKnownFileType = sourcecode.c.objc; path = SharedExamplesTest5.m; sourceTree = "<group>"; };
		E9A06131196480930058E1FB /* SpectaUtilityTest.m */ = {isa = PBXFileReference; fileEncoding = 4; lastKnownFileType = sourcecode.c.objc; path = SpectaUtilityTest.m; sourceTree = "<group>"; };
		E9A06132196480930058E1FB /* TestHelper.h */ = {isa = PBXFileReference; fileEncoding = 4; lastKnownFileType = sourcecode.c.h; path = TestHelper.h; sourceTree = "<group>"; };
		E9A06133196480930058E1FB /* TestHelper.m */ = {isa = PBXFileReference; fileEncoding = 4; lastKnownFileType = sourcecode.c.objc; path = TestHelper.m; sourceTree = "<group>"; };
		E9A06134196480930058E1FB /* UnexpectedExceptionTest.m */ = {isa = PBXFileReference; fileEncoding = 4; lastKnownFileType = sourcecode.c.objc; path = UnexpectedExceptionTest.m; sourceTree = "<group>"; };
/* End PBXFileReference section */

/* Begin PBXFrameworksBuildPhase section */
		E9A060821964800A0058E1FB /* Frameworks */ = {
			isa = PBXFrameworksBuildPhase;
			buildActionMask = 2147483647;
			files = (
			);
			runOnlyForDeploymentPostprocessing = 0;
		};
		E9A0608E1964800A0058E1FB /* Frameworks */ = {
			isa = PBXFrameworksBuildPhase;
			buildActionMask = 2147483647;
			files = (
				E9A060921964800A0058E1FB /* Specta.framework in Frameworks */,
			);
			runOnlyForDeploymentPostprocessing = 0;
		};
		E9A060A31964803F0058E1FB /* Frameworks */ = {
			isa = PBXFrameworksBuildPhase;
			buildActionMask = 2147483647;
			files = (
			);
			runOnlyForDeploymentPostprocessing = 0;
		};
		E9A060AE1964803F0058E1FB /* Frameworks */ = {
			isa = PBXFrameworksBuildPhase;
			buildActionMask = 2147483647;
			files = (
				E9A060B21964803F0058E1FB /* Specta-iOS.framework in Frameworks */,
			);
			runOnlyForDeploymentPostprocessing = 0;
		};
/* End PBXFrameworksBuildPhase section */

/* Begin PBXGroup section */
		E9A0607C1964800A0058E1FB = {
			isa = PBXGroup;
			children = (
				E9A060C4196480850058E1FB /* src */,
				E9A06110196480930058E1FB /* test */,
				E9A060871964800A0058E1FB /* Products */,
				E92BEB2F1965C2C6002B7E9A /* CHANGELOG.md */,
				E92BEB301965C2C6002B7E9A /* LICENSE */,
				E92BEB311965C2C6002B7E9A /* README.md */,
			);
			sourceTree = "<group>";
		};
		E9A060871964800A0058E1FB /* Products */ = {
			isa = PBXGroup;
			children = (
				E9A060861964800A0058E1FB /* Specta.framework */,
				E9A060911964800A0058E1FB /* SpectaTests.xctest */,
				E9A060A71964803F0058E1FB /* Specta-iOS.framework */,
				E9A060B11964803F0058E1FB /* Specta-iOSTests.xctest */,
			);
			name = Products;
			sourceTree = "<group>";
		};
		E9A060C4196480850058E1FB /* src */ = {
			isa = PBXGroup;
			children = (
				E9A060C5196480850058E1FB /* Info.plist */,
				E9A060C6196480850058E1FB /* Specta.h */,
				E9A060C7196480850058E1FB /* Specta-Prefix.pch */,
				E9A060C8196480850058E1FB /* SpectaDSL.h */,
				E9A060C9196480850058E1FB /* SpectaDSL.m */,
				E9A060CA196480850058E1FB /* SpectaTypes.h */,
				E9A060CB196480850058E1FB /* SpectaUtility.h */,
				E9A060CC196480850058E1FB /* SpectaUtility.m */,
				E9A060CD196480850058E1FB /* SPTAssertions.h */,
				E9A060CE196480850058E1FB /* SPTAssertionsImpl.h */,
				E9A060CF196480850058E1FB /* SPTCompiledExample.h */,
				E9A060D0196480850058E1FB /* SPTCompiledExample.m */,
				E9A060D1196480850058E1FB /* SPTExample.h */,
				E9A060D2196480850058E1FB /* SPTExample.m */,
				E9A060D3196480850058E1FB /* SPTExampleGroup.h */,
				E9A060D4196480850058E1FB /* SPTExampleGroup.m */,
				E9A060D5196480850058E1FB /* SPTSharedExampleGroups.h */,
				E9A060D6196480850058E1FB /* SPTSharedExampleGroups.m */,
				E9A060D7196480850058E1FB /* SPTTestCase.h */,
				E9A060D8196480850058E1FB /* SPTTestCase.m */,
				E9A060D9196480850058E1FB /* SPTTestSuite.h */,
				E9A060DA196480850058E1FB /* SPTTestSuite.m */,
				E9A060DB196480850058E1FB /* XCTest+Private.h */,
				E9A060DC196480850058E1FB /* XCTestCase+Specta.h */,
				E9A060DD196480850058E1FB /* XCTestCase+Specta.m */,
			);
			path = src;
			sourceTree = "<group>";
		};
		E9A06110196480930058E1FB /* test */ = {
			isa = PBXGroup;
			children = (
				E9A06124196480930058E1FB /* Info.plist */,
				E9A06132196480930058E1FB /* TestHelper.h */,
				E9A06133196480930058E1FB /* TestHelper.m */,
				E9A06111196480930058E1FB /* AsyncSpecTest.m */,
				E9A06112196480930058E1FB /* AsyncSpecTest2.m */,
				E9A06113196480930058E1FB /* AsyncSpecTest3.m */,
				E9A06114196480930058E1FB /* AsyncSpecTimeoutTest.m */,
				E9A06115196480930058E1FB /* CompilationTest1.m */,
				E9A06116196480930058E1FB /* CompilationTest2.m */,
				E9A06117196480930058E1FB /* CompilationTest3.m */,
				E9A06118196480930058E1FB /* CompilationTest4.m */,
				E9A06119196480930058E1FB /* CompilationTest5.m */,
				E9A0611A196480930058E1FB /* CompilationTest6.m */,
				E9A0611B196480930058E1FB /* CompilationTest7.m */,
				E9A0611C196480930058E1FB /* CompilationTest8.m */,
				E9A0611D196480930058E1FB /* DSLTest1.m */,
				E9A0611E196480930058E1FB /* DSLTest2.m */,
				E9A0611F196480930058E1FB /* DSLTest3.m */,
				E9A06120196480930058E1FB /* DSLTest4.m */,
				E9A06121196480930058E1FB /* DSLTest5.m */,
				E9A06122196480930058E1FB /* FailingSpecTest.m */,
				E9A06123196480930058E1FB /* FocusedSpecTest.m */,
				E9A06125196480930058E1FB /* MiscTest.m */,
				E9A06126196480930058E1FB /* PassingSpecTest.m */,
				E9A06127196480930058E1FB /* PendingSpecTest1.m */,
				E9A06128196480930058E1FB /* PendingSpecTest2.m */,
				E9A06129196480930058E1FB /* PendingSpecTest3.m */,
				E9A0612A196480930058E1FB /* ReRunTest.m */,
				E9A0612B196480930058E1FB /* SequenceTest.m */,
				E9A0612C196480930058E1FB /* SharedExamplesTest1.m */,
				E9A0612D196480930058E1FB /* SharedExamplesTest2.m */,
				E9A0612E196480930058E1FB /* SharedExamplesTest3.m */,
				E9A0612F196480930058E1FB /* SharedExamplesTest4.m */,
				E9A06130196480930058E1FB /* SharedExamplesTest5.m */,
				E9A06131196480930058E1FB /* SpectaUtilityTest.m */,
				E9A06134196480930058E1FB /* UnexpectedExceptionTest.m */,
			);
			path = test;
			sourceTree = "<group>";
		};
/* End PBXGroup section */

/* Begin PBXHeadersBuildPhase section */
		E9A060831964800A0058E1FB /* Headers */ = {
			isa = PBXHeadersBuildPhase;
			buildActionMask = 2147483647;
			files = (
				E9A060E4196480850058E1FB /* SpectaDSL.h in Headers */,
				E9A060EA196480850058E1FB /* SpectaUtility.h in Headers */,
				E9A060FA196480850058E1FB /* SPTExampleGroup.h in Headers */,
				E9A060E0196480850058E1FB /* Specta.h in Headers */,
				E9A0610A196480850058E1FB /* XCTest+Private.h in Headers */,
				E9A060FE196480850058E1FB /* SPTSharedExampleGroups.h in Headers */,
				E9A06106196480850058E1FB /* SPTTestSuite.h in Headers */,
				E9A060F6196480850058E1FB /* SPTExample.h in Headers */,
				E9A060E2196480850058E1FB /* Specta-Prefix.pch in Headers */,
				E9A060EE196480850058E1FB /* SPTAssertions.h in Headers */,
				E9A060F2196480850058E1FB /* SPTCompiledExample.h in Headers */,
				E9A0610C196480850058E1FB /* XCTestCase+Specta.h in Headers */,
				E9A060F0196480850058E1FB /* SPTAssertionsImpl.h in Headers */,
				E9A06102196480850058E1FB /* SPTTestCase.h in Headers */,
				E9A060E8196480850058E1FB /* SpectaTypes.h in Headers */,
			);
			runOnlyForDeploymentPostprocessing = 0;
		};
		E9A060A41964803F0058E1FB /* Headers */ = {
			isa = PBXHeadersBuildPhase;
			buildActionMask = 2147483647;
			files = (
				E9A060E5196480850058E1FB /* SpectaDSL.h in Headers */,
				E9A060EB196480850058E1FB /* SpectaUtility.h in Headers */,
				E9A060FB196480850058E1FB /* SPTExampleGroup.h in Headers */,
				E9A060E1196480850058E1FB /* Specta.h in Headers */,
				E9A0610B196480850058E1FB /* XCTest+Private.h in Headers */,
				E9A060FF196480850058E1FB /* SPTSharedExampleGroups.h in Headers */,
				E9A06107196480850058E1FB /* SPTTestSuite.h in Headers */,
				E9A060F7196480850058E1FB /* SPTExample.h in Headers */,
				E9A060E3196480850058E1FB /* Specta-Prefix.pch in Headers */,
				E9A060EF196480850058E1FB /* SPTAssertions.h in Headers */,
				E9A060F3196480850058E1FB /* SPTCompiledExample.h in Headers */,
				E9A0610D196480850058E1FB /* XCTestCase+Specta.h in Headers */,
				E9A060F1196480850058E1FB /* SPTAssertionsImpl.h in Headers */,
				E9A06103196480850058E1FB /* SPTTestCase.h in Headers */,
				E9A060E9196480850058E1FB /* SpectaTypes.h in Headers */,
			);
			runOnlyForDeploymentPostprocessing = 0;
		};
/* End PBXHeadersBuildPhase section */

/* Begin PBXNativeTarget section */
		E9A060851964800A0058E1FB /* Specta */ = {
			isa = PBXNativeTarget;
			buildConfigurationList = E9A0609C1964800A0058E1FB /* Build configuration list for PBXNativeTarget "Specta" */;
			buildPhases = (
				E9A060811964800A0058E1FB /* Sources */,
				E9A060821964800A0058E1FB /* Frameworks */,
				E9A060831964800A0058E1FB /* Headers */,
				E9A060841964800A0058E1FB /* Resources */,
			);
			buildRules = (
			);
			dependencies = (
			);
			name = Specta;
			productName = Specta;
			productReference = E9A060861964800A0058E1FB /* Specta.framework */;
			productType = "com.apple.product-type.framework";
		};
		E9A060901964800A0058E1FB /* SpectaTests */ = {
			isa = PBXNativeTarget;
			buildConfigurationList = E9A0609F1964800A0058E1FB /* Build configuration list for PBXNativeTarget "SpectaTests" */;
			buildPhases = (
				E9A0608D1964800A0058E1FB /* Sources */,
				E9A0608E1964800A0058E1FB /* Frameworks */,
				E9A0608F1964800A0058E1FB /* Resources */,
			);
			buildRules = (
			);
			dependencies = (
				E9A060941964800A0058E1FB /* PBXTargetDependency */,
			);
			name = SpectaTests;
			productName = SpectaTests;
			productReference = E9A060911964800A0058E1FB /* SpectaTests.xctest */;
			productType = "com.apple.product-type.bundle.unit-test";
		};
		E9A060A61964803F0058E1FB /* Specta-iOS */ = {
			isa = PBXNativeTarget;
			buildConfigurationList = E9A060BA1964803F0058E1FB /* Build configuration list for PBXNativeTarget "Specta-iOS" */;
			buildPhases = (
				E9A060A21964803F0058E1FB /* Sources */,
				E9A060A31964803F0058E1FB /* Frameworks */,
				E9A060A41964803F0058E1FB /* Headers */,
				E9A060A51964803F0058E1FB /* Resources */,
			);
			buildRules = (
			);
			dependencies = (
			);
			name = "Specta-iOS";
			productName = "Specta-iOS";
			productReference = E9A060A71964803F0058E1FB /* Specta-iOS.framework */;
			productType = "com.apple.product-type.framework";
		};
		E9A060B01964803F0058E1FB /* Specta-iOSTests */ = {
			isa = PBXNativeTarget;
			buildConfigurationList = E9A060BD1964803F0058E1FB /* Build configuration list for PBXNativeTarget "Specta-iOSTests" */;
			buildPhases = (
				E9A060AD1964803F0058E1FB /* Sources */,
				E9A060AE1964803F0058E1FB /* Frameworks */,
				E9A060AF1964803F0058E1FB /* Resources */,
			);
			buildRules = (
			);
			dependencies = (
				E9A060B41964803F0058E1FB /* PBXTargetDependency */,
				E9A060C1196480400058E1FB /* PBXTargetDependency */,
				E9A060C3196480400058E1FB /* PBXTargetDependency */,
				E9A0617C196480980058E1FB /* PBXTargetDependency */,
				E9A0617E196480980058E1FB /* PBXTargetDependency */,
				E9A06180196480980058E1FB /* PBXTargetDependency */,
			);
			name = "Specta-iOSTests";
			productName = "Specta-iOSTests";
			productReference = E9A060B11964803F0058E1FB /* Specta-iOSTests.xctest */;
			productType = "com.apple.product-type.bundle.unit-test";
		};
/* End PBXNativeTarget section */

/* Begin PBXProject section */
		E9A0607D1964800A0058E1FB /* Project object */ = {
			isa = PBXProject;
			attributes = {
				LastUpgradeCheck = 0600;
				ORGANIZATIONNAME = "Specta Team";
				TargetAttributes = {
					E9A060851964800A0058E1FB = {
						CreatedOnToolsVersion = 6.0;
					};
					E9A060901964800A0058E1FB = {
						CreatedOnToolsVersion = 6.0;
						TestTargetID = E9A060851964800A0058E1FB;
					};
					E9A060A61964803F0058E1FB = {
						CreatedOnToolsVersion = 6.0;
					};
					E9A060B01964803F0058E1FB = {
						CreatedOnToolsVersion = 6.0;
						TestTargetID = E9A060A61964803F0058E1FB;
					};
				};
			};
			buildConfigurationList = E9A060801964800A0058E1FB /* Build configuration list for PBXProject "Specta" */;
			compatibilityVersion = "Xcode 3.2";
			developmentRegion = English;
			hasScannedForEncodings = 0;
			knownRegions = (
				en,
			);
			mainGroup = E9A0607C1964800A0058E1FB;
			productRefGroup = E9A060871964800A0058E1FB /* Products */;
			projectDirPath = "";
			projectRoot = "";
			targets = (
				E9A060851964800A0058E1FB /* Specta */,
				E9A060901964800A0058E1FB /* SpectaTests */,
				E9A060A61964803F0058E1FB /* Specta-iOS */,
				E9A060B01964803F0058E1FB /* Specta-iOSTests */,
			);
		};
/* End PBXProject section */

/* Begin PBXResourcesBuildPhase section */
		E9A060841964800A0058E1FB /* Resources */ = {
			isa = PBXResourcesBuildPhase;
			buildActionMask = 2147483647;
			files = (
			);
			runOnlyForDeploymentPostprocessing = 0;
		};
		E9A0608F1964800A0058E1FB /* Resources */ = {
			isa = PBXResourcesBuildPhase;
			buildActionMask = 2147483647;
			files = (
			);
			runOnlyForDeploymentPostprocessing = 0;
		};
		E9A060A51964803F0058E1FB /* Resources */ = {
			isa = PBXResourcesBuildPhase;
			buildActionMask = 2147483647;
			files = (
			);
			runOnlyForDeploymentPostprocessing = 0;
		};
		E9A060AF1964803F0058E1FB /* Resources */ = {
			isa = PBXResourcesBuildPhase;
			buildActionMask = 2147483647;
			files = (
			);
			runOnlyForDeploymentPostprocessing = 0;
		};
/* End PBXResourcesBuildPhase section */

/* Begin PBXSourcesBuildPhase section */
		E9A060811964800A0058E1FB /* Sources */ = {
			isa = PBXSourcesBuildPhase;
			buildActionMask = 2147483647;
			files = (
				E9A060F4196480850058E1FB /* SPTCompiledExample.m in Sources */,
				E9A060EC196480850058E1FB /* SpectaUtility.m in Sources */,
				E9A0610E196480850058E1FB /* XCTestCase+Specta.m in Sources */,
				E9A06108196480850058E1FB /* SPTTestSuite.m in Sources */,
				E9A060F8196480850058E1FB /* SPTExample.m in Sources */,
				E9A060E6196480850058E1FB /* SpectaDSL.m in Sources */,
				E9A060FC196480850058E1FB /* SPTExampleGroup.m in Sources */,
				E9A06104196480850058E1FB /* SPTTestCase.m in Sources */,
				E9A06100196480850058E1FB /* SPTSharedExampleGroups.m in Sources */,
			);
			runOnlyForDeploymentPostprocessing = 0;
		};
		E9A0608D1964800A0058E1FB /* Sources */ = {
			isa = PBXSourcesBuildPhase;
			buildActionMask = 2147483647;
			files = (
				E9A0615D196480930058E1FB /* MiscTest.m in Sources */,
				E9A06171196480930058E1FB /* SharedExamplesTest4.m in Sources */,
				E9A0613B196480930058E1FB /* AsyncSpecTimeoutTest.m in Sources */,
				E9A06147196480930058E1FB /* CompilationTest6.m in Sources */,
				E9A06143196480930058E1FB /* CompilationTest4.m in Sources */,
				E9A0614F196480930058E1FB /* DSLTest2.m in Sources */,
				E9A06153196480930058E1FB /* DSLTest4.m in Sources */,
				E9A0615F196480930058E1FB /* PassingSpecTest.m in Sources */,
				E9A0616B196480930058E1FB /* SharedExamplesTest1.m in Sources */,
				E9A06163196480930058E1FB /* PendingSpecTest2.m in Sources */,
				E9A0616F196480930058E1FB /* SharedExamplesTest3.m in Sources */,
				E9A0613F196480930058E1FB /* CompilationTest2.m in Sources */,
				E9A06145196480930058E1FB /* CompilationTest5.m in Sources */,
				E9A06177196480930058E1FB /* TestHelper.m in Sources */,
				E9A0613D196480930058E1FB /* CompilationTest1.m in Sources */,
				E9A06179196480930058E1FB /* UnexpectedExceptionTest.m in Sources */,
				E9A06157196480930058E1FB /* FailingSpecTest.m in Sources */,
				E9A06137196480930058E1FB /* AsyncSpecTest2.m in Sources */,
				E9A06165196480930058E1FB /* PendingSpecTest3.m in Sources */,
				E9A06155196480930058E1FB /* DSLTest5.m in Sources */,
				E9A06149196480930058E1FB /* CompilationTest7.m in Sources */,
				E9A0616D196480930058E1FB /* SharedExamplesTest2.m in Sources */,
				E9A06159196480930058E1FB /* FocusedSpecTest.m in Sources */,
				E9A06135196480930058E1FB /* AsyncSpecTest.m in Sources */,
				E9A06151196480930058E1FB /* DSLTest3.m in Sources */,
				E9A06139196480930058E1FB /* AsyncSpecTest3.m in Sources */,
				E9A0614D196480930058E1FB /* DSLTest1.m in Sources */,
				E9A06167196480930058E1FB /* ReRunTest.m in Sources */,
				E9A06173196480930058E1FB /* SharedExamplesTest5.m in Sources */,
				E9A06141196480930058E1FB /* CompilationTest3.m in Sources */,
				E9A0614B196480930058E1FB /* CompilationTest8.m in Sources */,
				E9A06175196480930058E1FB /* SpectaUtilityTest.m in Sources */,
				E9A06161196480930058E1FB /* PendingSpecTest1.m in Sources */,
				E9A06169196480930058E1FB /* SequenceTest.m in Sources */,
			);
			runOnlyForDeploymentPostprocessing = 0;
		};
		E9A060A21964803F0058E1FB /* Sources */ = {
			isa = PBXSourcesBuildPhase;
			buildActionMask = 2147483647;
			files = (
				E9A060F5196480850058E1FB /* SPTCompiledExample.m in Sources */,
				E9A060ED196480850058E1FB /* SpectaUtility.m in Sources */,
				E9A0610F196480850058E1FB /* XCTestCase+Specta.m in Sources */,
				E9A06109196480850058E1FB /* SPTTestSuite.m in Sources */,
				E9A060F9196480850058E1FB /* SPTExample.m in Sources */,
				E9A060E7196480850058E1FB /* SpectaDSL.m in Sources */,
				E9A060FD196480850058E1FB /* SPTExampleGroup.m in Sources */,
				E9A06105196480850058E1FB /* SPTTestCase.m in Sources */,
				E9A06101196480850058E1FB /* SPTSharedExampleGroups.m in Sources */,
			);
			runOnlyForDeploymentPostprocessing = 0;
		};
		E9A060AD1964803F0058E1FB /* Sources */ = {
			isa = PBXSourcesBuildPhase;
			buildActionMask = 2147483647;
			files = (
				E9A0615E196480930058E1FB /* MiscTest.m in Sources */,
				E9A06172196480930058E1FB /* SharedExamplesTest4.m in Sources */,
				E9A0613C196480930058E1FB /* AsyncSpecTimeoutTest.m in Sources */,
				E9A06148196480930058E1FB /* CompilationTest6.m in Sources */,
				E9A06144196480930058E1FB /* CompilationTest4.m in Sources */,
				E9A06150196480930058E1FB /* DSLTest2.m in Sources */,
				E9A06154196480930058E1FB /* DSLTest4.m in Sources */,
				E9A06160196480930058E1FB /* PassingSpecTest.m in Sources */,
				E9A0616C196480930058E1FB /* SharedExamplesTest1.m in Sources */,
				E9A06164196480930058E1FB /* PendingSpecTest2.m in Sources */,
				E9A06170196480930058E1FB /* SharedExamplesTest3.m in Sources */,
				E9A06140196480930058E1FB /* CompilationTest2.m in Sources */,
				E9A06146196480930058E1FB /* CompilationTest5.m in Sources */,
				E9A06178196480930058E1FB /* TestHelper.m in Sources */,
				E9A0613E196480930058E1FB /* CompilationTest1.m in Sources */,
				E9A0617A196480930058E1FB /* UnexpectedExceptionTest.m in Sources */,
				E9A06158196480930058E1FB /* FailingSpecTest.m in Sources */,
				E9A06138196480930058E1FB /* AsyncSpecTest2.m in Sources */,
				E9A06166196480930058E1FB /* PendingSpecTest3.m in Sources */,
				E9A06156196480930058E1FB /* DSLTest5.m in Sources */,
				E9A0614A196480930058E1FB /* CompilationTest7.m in Sources */,
				E9A0616E196480930058E1FB /* SharedExamplesTest2.m in Sources */,
				E9A0615A196480930058E1FB /* FocusedSpecTest.m in Sources */,
				E9A06136196480930058E1FB /* AsyncSpecTest.m in Sources */,
				E9A06152196480930058E1FB /* DSLTest3.m in Sources */,
				E9A0613A196480930058E1FB /* AsyncSpecTest3.m in Sources */,
				E9A0614E196480930058E1FB /* DSLTest1.m in Sources */,
				E9A06168196480930058E1FB /* ReRunTest.m in Sources */,
				E9A06174196480930058E1FB /* SharedExamplesTest5.m in Sources */,
				E9A06142196480930058E1FB /* CompilationTest3.m in Sources */,
				E9A0614C196480930058E1FB /* CompilationTest8.m in Sources */,
				E9A06176196480930058E1FB /* SpectaUtilityTest.m in Sources */,
				E9A06162196480930058E1FB /* PendingSpecTest1.m in Sources */,
				E9A0616A196480930058E1FB /* SequenceTest.m in Sources */,
			);
			runOnlyForDeploymentPostprocessing = 0;
		};
/* End PBXSourcesBuildPhase section */

/* Begin PBXTargetDependency section */
		E9A060941964800A0058E1FB /* PBXTargetDependency */ = {
			isa = PBXTargetDependency;
			target = E9A060851964800A0058E1FB /* Specta */;
			targetProxy = E9A060931964800A0058E1FB /* PBXContainerItemProxy */;
		};
		E9A060B41964803F0058E1FB /* PBXTargetDependency */ = {
			isa = PBXTargetDependency;
			target = E9A060A61964803F0058E1FB /* Specta-iOS */;
			targetProxy = E9A060B31964803F0058E1FB /* PBXContainerItemProxy */;
		};
		E9A060C1196480400058E1FB /* PBXTargetDependency */ = {
			isa = PBXTargetDependency;
			target = E9A060A61964803F0058E1FB /* Specta-iOS */;
			targetProxy = E9A060C0196480400058E1FB /* PBXContainerItemProxy */;
		};
		E9A060C3196480400058E1FB /* PBXTargetDependency */ = {
			isa = PBXTargetDependency;
			target = E9A060A61964803F0058E1FB /* Specta-iOS */;
			targetProxy = E9A060C2196480400058E1FB /* PBXContainerItemProxy */;
		};
		E9A0617C196480980058E1FB /* PBXTargetDependency */ = {
			isa = PBXTargetDependency;
			target = E9A060A61964803F0058E1FB /* Specta-iOS */;
			targetProxy = E9A0617B196480980058E1FB /* PBXContainerItemProxy */;
		};
		E9A0617E196480980058E1FB /* PBXTargetDependency */ = {
			isa = PBXTargetDependency;
			target = E9A060A61964803F0058E1FB /* Specta-iOS */;
			targetProxy = E9A0617D196480980058E1FB /* PBXContainerItemProxy */;
		};
		E9A06180196480980058E1FB /* PBXTargetDependency */ = {
			isa = PBXTargetDependency;
			target = E9A060A61964803F0058E1FB /* Specta-iOS */;
			targetProxy = E9A0617F196480980058E1FB /* PBXContainerItemProxy */;
		};
/* End PBXTargetDependency section */

/* Begin XCBuildConfiguration section */
		E9A0609A1964800A0058E1FB /* Debug */ = {
			isa = XCBuildConfiguration;
			buildSettings = {
				ALWAYS_SEARCH_USER_PATHS = NO;
				CLANG_CXX_LANGUAGE_STANDARD = "gnu++0x";
				CLANG_CXX_LIBRARY = "libc++";
				CLANG_ENABLE_MODULES = YES;
				CLANG_ENABLE_OBJC_ARC = YES;
				CLANG_WARN_BOOL_CONVERSION = YES;
				CLANG_WARN_CONSTANT_CONVERSION = YES;
				CLANG_WARN_DIRECT_OBJC_ISA_USAGE = YES_ERROR;
				CLANG_WARN_EMPTY_BODY = YES;
				CLANG_WARN_ENUM_CONVERSION = YES;
				CLANG_WARN_INT_CONVERSION = YES;
				CLANG_WARN_OBJC_ROOT_CLASS = YES_ERROR;
				CLANG_WARN_UNREACHABLE_CODE = YES;
				CLANG_WARN__DUPLICATE_METHOD_MATCH = YES;
				COPY_PHASE_STRIP = NO;
				CURRENT_PROJECT_VERSION = 1;
				ENABLE_STRICT_OBJC_MSGSEND = YES;
				GCC_C_LANGUAGE_STANDARD = gnu99;
				GCC_DYNAMIC_NO_PIC = NO;
				GCC_OPTIMIZATION_LEVEL = 0;
				GCC_PREPROCESSOR_DEFINITIONS = (
					"DEBUG=1",
					"$(inherited)",
				);
				GCC_SYMBOLS_PRIVATE_EXTERN = NO;
				GCC_WARN_64_TO_32_BIT_CONVERSION = YES;
				GCC_WARN_ABOUT_RETURN_TYPE = YES_ERROR;
				GCC_WARN_UNDECLARED_SELECTOR = YES;
				GCC_WARN_UNINITIALIZED_AUTOS = YES_AGGRESSIVE;
				GCC_WARN_UNUSED_FUNCTION = YES;
				GCC_WARN_UNUSED_VARIABLE = YES;
				MACOSX_DEPLOYMENT_TARGET = 10.9;
				METAL_ENABLE_DEBUG_INFO = YES;
				ONLY_ACTIVE_ARCH = YES;
				SDKROOT = macosx;
				VERSIONING_SYSTEM = "apple-generic";
				VERSION_INFO_PREFIX = "";
			};
			name = Debug;
		};
		E9A0609B1964800A0058E1FB /* Release */ = {
			isa = XCBuildConfiguration;
			buildSettings = {
				ALWAYS_SEARCH_USER_PATHS = NO;
				CLANG_CXX_LANGUAGE_STANDARD = "gnu++0x";
				CLANG_CXX_LIBRARY = "libc++";
				CLANG_ENABLE_MODULES = YES;
				CLANG_ENABLE_OBJC_ARC = YES;
				CLANG_WARN_BOOL_CONVERSION = YES;
				CLANG_WARN_CONSTANT_CONVERSION = YES;
				CLANG_WARN_DIRECT_OBJC_ISA_USAGE = YES_ERROR;
				CLANG_WARN_EMPTY_BODY = YES;
				CLANG_WARN_ENUM_CONVERSION = YES;
				CLANG_WARN_INT_CONVERSION = YES;
				CLANG_WARN_OBJC_ROOT_CLASS = YES_ERROR;
				CLANG_WARN_UNREACHABLE_CODE = YES;
				CLANG_WARN__DUPLICATE_METHOD_MATCH = YES;
				COPY_PHASE_STRIP = YES;
				CURRENT_PROJECT_VERSION = 1;
				DEBUG_INFORMATION_FORMAT = "dwarf-with-dsym";
				ENABLE_NS_ASSERTIONS = NO;
				ENABLE_STRICT_OBJC_MSGSEND = YES;
				GCC_C_LANGUAGE_STANDARD = gnu99;
				GCC_WARN_64_TO_32_BIT_CONVERSION = YES;
				GCC_WARN_ABOUT_RETURN_TYPE = YES_ERROR;
				GCC_WARN_UNDECLARED_SELECTOR = YES;
				GCC_WARN_UNINITIALIZED_AUTOS = YES_AGGRESSIVE;
				GCC_WARN_UNUSED_FUNCTION = YES;
				GCC_WARN_UNUSED_VARIABLE = YES;
				MACOSX_DEPLOYMENT_TARGET = 10.9;
				METAL_ENABLE_DEBUG_INFO = NO;
				SDKROOT = macosx;
				VERSIONING_SYSTEM = "apple-generic";
				VERSION_INFO_PREFIX = "";
			};
			name = Release;
		};
		E9A0609D1964800A0058E1FB /* Debug */ = {
			isa = XCBuildConfiguration;
			buildSettings = {
				COMBINE_HIDPI_IMAGES = YES;
				DEFINES_MODULE = YES;
				DYLIB_COMPATIBILITY_VERSION = 1;
				DYLIB_CURRENT_VERSION = 1;
				DYLIB_INSTALL_NAME_BASE = "@rpath";
				FRAMEWORK_SEARCH_PATHS = "$(PLATFORM_DIR)/Developer/Library/Frameworks";
				FRAMEWORK_VERSION = A;
				GCC_PRECOMPILE_PREFIX_HEADER = YES;
				GCC_PREFIX_HEADER = "src/Specta-Prefix.pch";
				INFOPLIST_FILE = src/Info.plist;
				INSTALL_PATH = "$(LOCAL_LIBRARY_DIR)/Frameworks";
				LD_RUNPATH_SEARCH_PATHS = "$(inherited) @executable_path/../Frameworks @loader_path/../Frameworks";
				OTHER_LDFLAGS = (
					"-all_load",
					"-ObjC",
				);
				PRODUCT_NAME = "$(TARGET_NAME)";
				SKIP_INSTALL = YES;
			};
			name = Debug;
		};
		E9A0609E1964800A0058E1FB /* Release */ = {
			isa = XCBuildConfiguration;
			buildSettings = {
				COMBINE_HIDPI_IMAGES = YES;
				DEFINES_MODULE = YES;
				DYLIB_COMPATIBILITY_VERSION = 1;
				DYLIB_CURRENT_VERSION = 1;
				DYLIB_INSTALL_NAME_BASE = "@rpath";
				FRAMEWORK_SEARCH_PATHS = "$(PLATFORM_DIR)/Developer/Library/Frameworks";
				FRAMEWORK_VERSION = A;
				GCC_PRECOMPILE_PREFIX_HEADER = YES;
				GCC_PREFIX_HEADER = "src/Specta-Prefix.pch";
				INFOPLIST_FILE = src/Info.plist;
				INSTALL_PATH = "$(LOCAL_LIBRARY_DIR)/Frameworks";
				LD_RUNPATH_SEARCH_PATHS = "$(inherited) @executable_path/../Frameworks @loader_path/../Frameworks";
				OTHER_LDFLAGS = (
					"-all_load",
					"-ObjC",
				);
				PRODUCT_NAME = "$(TARGET_NAME)";
				SKIP_INSTALL = YES;
			};
			name = Release;
		};
		E9A060A01964800A0058E1FB /* Debug */ = {
			isa = XCBuildConfiguration;
			buildSettings = {
				COMBINE_HIDPI_IMAGES = YES;
				FRAMEWORK_SEARCH_PATHS = (
					"$(DEVELOPER_FRAMEWORKS_DIR)",
					"$(inherited)",
				);
				GCC_PREPROCESSOR_DEFINITIONS = (
					"DEBUG=1",
					"$(inherited)",
				);
				INFOPLIST_FILE = test/Info.plist;
				LD_RUNPATH_SEARCH_PATHS = "$(inherited) @executable_path/../Frameworks @loader_path/../Frameworks";
				METAL_ENABLE_DEBUG_INFO = YES;
				PRODUCT_NAME = "$(TARGET_NAME)";
			};
			name = Debug;
		};
		E9A060A11964800A0058E1FB /* Release */ = {
			isa = XCBuildConfiguration;
			buildSettings = {
				COMBINE_HIDPI_IMAGES = YES;
				FRAMEWORK_SEARCH_PATHS = (
					"$(DEVELOPER_FRAMEWORKS_DIR)",
					"$(inherited)",
				);
				INFOPLIST_FILE = test/Info.plist;
				LD_RUNPATH_SEARCH_PATHS = "$(inherited) @executable_path/../Frameworks @loader_path/../Frameworks";
				METAL_ENABLE_DEBUG_INFO = NO;
				PRODUCT_NAME = "$(TARGET_NAME)";
			};
			name = Release;
		};
		E9A060BB1964803F0058E1FB /* Debug */ = {
			isa = XCBuildConfiguration;
			buildSettings = {
				"CODE_SIGN_IDENTITY[sdk=iphoneos*]" = "iPhone Developer";
				DEFINES_MODULE = YES;
				DYLIB_COMPATIBILITY_VERSION = 1;
				DYLIB_CURRENT_VERSION = 1;
				DYLIB_INSTALL_NAME_BASE = "@rpath";
				FRAMEWORK_SEARCH_PATHS = "$(PLATFORM_DIR)/Developer/Library/Frameworks";
				GCC_PRECOMPILE_PREFIX_HEADER = YES;
				GCC_PREFIX_HEADER = "src/Specta-Prefix.pch";
				GCC_PREPROCESSOR_DEFINITIONS = (
					"DEBUG=1",
					"$(inherited)",
				);
				INFOPLIST_FILE = src/Info.plist;
				INSTALL_PATH = "$(LOCAL_LIBRARY_DIR)/Frameworks";
				IPHONEOS_DEPLOYMENT_TARGET = 8.0;
				LD_RUNPATH_SEARCH_PATHS = "$(inherited) @executable_path/Frameworks @loader_path/Frameworks";
				METAL_ENABLE_DEBUG_INFO = YES;
				OTHER_LDFLAGS = (
					"-all_load",
					"-ObjC",
				);
				PRODUCT_NAME = "$(TARGET_NAME)";
				SDKROOT = iphoneos;
				SKIP_INSTALL = YES;
				TARGETED_DEVICE_FAMILY = "1,2";
			};
			name = Debug;
		};
		E9A060BC1964803F0058E1FB /* Release */ = {
			isa = XCBuildConfiguration;
			buildSettings = {
				"CODE_SIGN_IDENTITY[sdk=iphoneos*]" = "iPhone Developer";
				DEFINES_MODULE = YES;
				DYLIB_COMPATIBILITY_VERSION = 1;
				DYLIB_CURRENT_VERSION = 1;
				DYLIB_INSTALL_NAME_BASE = "@rpath";
				FRAMEWORK_SEARCH_PATHS = "$(PLATFORM_DIR)/Developer/Library/Frameworks";
				GCC_PRECOMPILE_PREFIX_HEADER = YES;
				GCC_PREFIX_HEADER = "src/Specta-Prefix.pch";
				INFOPLIST_FILE = src/Info.plist;
				INSTALL_PATH = "$(LOCAL_LIBRARY_DIR)/Frameworks";
				IPHONEOS_DEPLOYMENT_TARGET = 8.0;
				LD_RUNPATH_SEARCH_PATHS = "$(inherited) @executable_path/Frameworks @loader_path/Frameworks";
				METAL_ENABLE_DEBUG_INFO = NO;
				OTHER_LDFLAGS = (
					"-all_load",
					"-ObjC",
				);
				PRODUCT_NAME = "$(TARGET_NAME)";
				SDKROOT = iphoneos;
				SKIP_INSTALL = YES;
				TARGETED_DEVICE_FAMILY = "1,2";
				VALIDATE_PRODUCT = YES;
			};
			name = Release;
		};
		E9A060BE1964803F0058E1FB /* Debug */ = {
			isa = XCBuildConfiguration;
			buildSettings = {
				FRAMEWORK_SEARCH_PATHS = (
					"$(SDKROOT)/Developer/Library/Frameworks",
					"$(inherited)",
				);
				GCC_PREPROCESSOR_DEFINITIONS = (
					"DEBUG=1",
					"$(inherited)",
				);
				INFOPLIST_FILE = test/Info.plist;
				IPHONEOS_DEPLOYMENT_TARGET = 8.0;
				LD_RUNPATH_SEARCH_PATHS = "$(inherited) @executable_path/Frameworks @loader_path/Frameworks";
				METAL_ENABLE_DEBUG_INFO = YES;
				PRODUCT_NAME = "$(TARGET_NAME)";
				SDKROOT = iphoneos;
			};
			name = Debug;
		};
		E9A060BF1964803F0058E1FB /* Release */ = {
			isa = XCBuildConfiguration;
			buildSettings = {
				FRAMEWORK_SEARCH_PATHS = (
					"$(SDKROOT)/Developer/Library/Frameworks",
					"$(inherited)",
				);
				INFOPLIST_FILE = test/Info.plist;
				IPHONEOS_DEPLOYMENT_TARGET = 8.0;
				LD_RUNPATH_SEARCH_PATHS = "$(inherited) @executable_path/Frameworks @loader_path/Frameworks";
				METAL_ENABLE_DEBUG_INFO = NO;
				PRODUCT_NAME = "$(TARGET_NAME)";
				SDKROOT = iphoneos;
				VALIDATE_PRODUCT = YES;
			};
			name = Release;
		};
/* End XCBuildConfiguration section */

/* Begin XCConfigurationList section */
		E9A060801964800A0058E1FB /* Build configuration list for PBXProject "Specta" */ = {
			isa = XCConfigurationList;
			buildConfigurations = (
				E9A0609A1964800A0058E1FB /* Debug */,
				E9A0609B1964800A0058E1FB /* Release */,
			);
			defaultConfigurationIsVisible = 0;
			defaultConfigurationName = Release;
		};
		E9A0609C1964800A0058E1FB /* Build configuration list for PBXNativeTarget "Specta" */ = {
			isa = XCConfigurationList;
			buildConfigurations = (
				E9A0609D1964800A0058E1FB /* Debug */,
				E9A0609E1964800A0058E1FB /* Release */,
			);
			defaultConfigurationIsVisible = 0;
			defaultConfigurationName = Release;
		};
		E9A0609F1964800A0058E1FB /* Build configuration list for PBXNativeTarget "SpectaTests" */ = {
			isa = XCConfigurationList;
			buildConfigurations = (
				E9A060A01964800A0058E1FB /* Debug */,
				E9A060A11964800A0058E1FB /* Release */,
			);
			defaultConfigurationIsVisible = 0;
			defaultConfigurationName = Release;
		};
		E9A060BA1964803F0058E1FB /* Build configuration list for PBXNativeTarget "Specta-iOS" */ = {
			isa = XCConfigurationList;
			buildConfigurations = (
				E9A060BB1964803F0058E1FB /* Debug */,
				E9A060BC1964803F0058E1FB /* Release */,
			);
			defaultConfigurationIsVisible = 0;
			defaultConfigurationName = Release;
		};
		E9A060BD1964803F0058E1FB /* Build configuration list for PBXNativeTarget "Specta-iOSTests" */ = {
			isa = XCConfigurationList;
			buildConfigurations = (
				E9A060BE1964803F0058E1FB /* Debug */,
				E9A060BF1964803F0058E1FB /* Release */,
			);
			defaultConfigurationIsVisible = 0;
			defaultConfigurationName = Release;
		};
/* End XCConfigurationList section */
	};
	rootObject = E9A0607D1964800A0058E1FB /* Project object */;
}
